// !$*UTF8*$!
{
	archiveVersion = 1;
	classes = {
	};
	objectVersion = 52;
	objects = {

/* Begin PBXAggregateTarget section */
		"aoc::Advent of CodePackageTests::ProductTarget" /* Advent of CodePackageTests */ = {
			isa = PBXAggregateTarget;
			buildConfigurationList = OBJ_311 /* Build configuration list for PBXAggregateTarget "Advent of CodePackageTests" */;
			buildPhases = (
			);
			dependencies = (
				OBJ_314 /* PBXTargetDependency */,
			);
			name = "Advent of CodePackageTests";
			productName = "Advent of CodePackageTests";
		};
/* End PBXAggregateTarget section */

/* Begin PBXBuildFile section */
		00A83D67293941620079DA92 /* Algorithms in Frameworks */ = {isa = PBXBuildFile; productRef = 00A83D66293941620079DA92 /* Algorithms */; };
		00A83D6A293941720079DA92 /* Collections in Frameworks */ = {isa = PBXBuildFile; productRef = 00A83D69293941720079DA92 /* Collections */; };
		00A83D6C293941720079DA92 /* DequeModule in Frameworks */ = {isa = PBXBuildFile; productRef = 00A83D6B293941720079DA92 /* DequeModule */; };
		00A83D6E293941720079DA92 /* OrderedCollections in Frameworks */ = {isa = PBXBuildFile; productRef = 00A83D6D293941720079DA92 /* OrderedCollections */; };
		00A83D71293941CF0079DA92 /* Collections in Frameworks */ = {isa = PBXBuildFile; productRef = 00A83D70293941CF0079DA92 /* Collections */; };
		00A83D73293941CF0079DA92 /* DequeModule in Frameworks */ = {isa = PBXBuildFile; productRef = 00A83D72293941CF0079DA92 /* DequeModule */; };
		00A83D75293941CF0079DA92 /* OrderedCollections in Frameworks */ = {isa = PBXBuildFile; productRef = 00A83D74293941CF0079DA92 /* OrderedCollections */; };
		00A83D76293942300079DA92 /* Intcode.swift in Sources */ = {isa = PBXBuildFile; fileRef = OBJ_128 /* Intcode.swift */; };
		OBJ_157 /* AOC.swift in Sources */ = {isa = PBXBuildFile; fileRef = OBJ_9 /* AOC.swift */; };
		OBJ_159 /* AOC2022.framework in Frameworks */ = {isa = PBXBuildFile; fileRef = "aoc::AOC2022::Product" /* AOC2022.framework */; };
		OBJ_160 /* AOC2021.framework in Frameworks */ = {isa = PBXBuildFile; fileRef = "aoc::AOC2021::Product" /* AOC2021.framework */; };
		OBJ_161 /* AOC2020.framework in Frameworks */ = {isa = PBXBuildFile; fileRef = "aoc::AOC2020::Product" /* AOC2020.framework */; };
		OBJ_162 /* AOC2019.framework in Frameworks */ = {isa = PBXBuildFile; fileRef = "aoc::AOC2019::Product" /* AOC2019.framework */; };
		OBJ_163 /* AOC2018.framework in Frameworks */ = {isa = PBXBuildFile; fileRef = "aoc::AOC2018::Product" /* AOC2018.framework */; };
		OBJ_164 /* AOCShared.framework in Frameworks */ = {isa = PBXBuildFile; fileRef = "aoc::AOCShared::Product" /* AOCShared.framework */; };
		OBJ_181 /* AOC2018.swift in Sources */ = {isa = PBXBuildFile; fileRef = OBJ_11 /* AOC2018.swift */; };
		OBJ_182 /* Day1.swift in Sources */ = {isa = PBXBuildFile; fileRef = OBJ_13 /* Day1.swift */; };
		OBJ_183 /* Day2.swift in Sources */ = {isa = PBXBuildFile; fileRef = OBJ_15 /* Day2.swift */; };
		OBJ_184 /* Day3.swift in Sources */ = {isa = PBXBuildFile; fileRef = OBJ_17 /* Day3.swift */; };
		OBJ_185 /* Day4.swift in Sources */ = {isa = PBXBuildFile; fileRef = OBJ_19 /* Day4.swift */; };
		OBJ_187 /* AOCShared.framework in Frameworks */ = {isa = PBXBuildFile; fileRef = "aoc::AOCShared::Product" /* AOCShared.framework */; };
		OBJ_193 /* AOC2019.swift in Sources */ = {isa = PBXBuildFile; fileRef = OBJ_21 /* AOC2019.swift */; };
		OBJ_194 /* Day1.swift in Sources */ = {isa = PBXBuildFile; fileRef = OBJ_23 /* Day1.swift */; };
		OBJ_195 /* Day10.swift in Sources */ = {isa = PBXBuildFile; fileRef = OBJ_25 /* Day10.swift */; };
		OBJ_196 /* Day11.swift in Sources */ = {isa = PBXBuildFile; fileRef = OBJ_27 /* Day11.swift */; };
		OBJ_197 /* Day12.swift in Sources */ = {isa = PBXBuildFile; fileRef = OBJ_29 /* Day12.swift */; };
		OBJ_198 /* Day13.swift in Sources */ = {isa = PBXBuildFile; fileRef = OBJ_31 /* Day13.swift */; };
		OBJ_199 /* Day2.swift in Sources */ = {isa = PBXBuildFile; fileRef = OBJ_33 /* Day2.swift */; };
		OBJ_200 /* Day5.swift in Sources */ = {isa = PBXBuildFile; fileRef = OBJ_35 /* Day5.swift */; };
		OBJ_201 /* Amp.swift in Sources */ = {isa = PBXBuildFile; fileRef = OBJ_37 /* Amp.swift */; };
		OBJ_202 /* Day7.swift in Sources */ = {isa = PBXBuildFile; fileRef = OBJ_38 /* Day7.swift */; };
		OBJ_203 /* Day9.swift in Sources */ = {isa = PBXBuildFile; fileRef = OBJ_40 /* Day9.swift */; };
		OBJ_205 /* AOCShared.framework in Frameworks */ = {isa = PBXBuildFile; fileRef = "aoc::AOCShared::Product" /* AOCShared.framework */; };
		OBJ_211 /* AOC2020.swift in Sources */ = {isa = PBXBuildFile; fileRef = OBJ_42 /* AOC2020.swift */; };
		OBJ_212 /* Day1.swift in Sources */ = {isa = PBXBuildFile; fileRef = OBJ_44 /* Day1.swift */; };
		OBJ_213 /* Day10.swift in Sources */ = {isa = PBXBuildFile; fileRef = OBJ_46 /* Day10.swift */; };
		OBJ_214 /* Day11.swift in Sources */ = {isa = PBXBuildFile; fileRef = OBJ_48 /* Day11.swift */; };
		OBJ_215 /* Day12.swift in Sources */ = {isa = PBXBuildFile; fileRef = OBJ_50 /* Day12.swift */; };
		OBJ_216 /* Day13.swift in Sources */ = {isa = PBXBuildFile; fileRef = OBJ_52 /* Day13.swift */; };
		OBJ_217 /* Day14.swift in Sources */ = {isa = PBXBuildFile; fileRef = OBJ_54 /* Day14.swift */; };
		OBJ_218 /* Day15.swift in Sources */ = {isa = PBXBuildFile; fileRef = OBJ_56 /* Day15.swift */; };
		OBJ_219 /* Day16.swift in Sources */ = {isa = PBXBuildFile; fileRef = OBJ_58 /* Day16.swift */; };
		OBJ_220 /* Day17.swift in Sources */ = {isa = PBXBuildFile; fileRef = OBJ_60 /* Day17.swift */; };
		OBJ_221 /* Day18.swift in Sources */ = {isa = PBXBuildFile; fileRef = OBJ_62 /* Day18.swift */; };
		OBJ_222 /* Day19.swift in Sources */ = {isa = PBXBuildFile; fileRef = OBJ_64 /* Day19.swift */; };
		OBJ_223 /* Day2.swift in Sources */ = {isa = PBXBuildFile; fileRef = OBJ_66 /* Day2.swift */; };
		OBJ_224 /* Day20.swift in Sources */ = {isa = PBXBuildFile; fileRef = OBJ_68 /* Day20.swift */; };
		OBJ_225 /* Day21.swift in Sources */ = {isa = PBXBuildFile; fileRef = OBJ_70 /* Day21.swift */; };
		OBJ_226 /* Day22.swift in Sources */ = {isa = PBXBuildFile; fileRef = OBJ_72 /* Day22.swift */; };
		OBJ_227 /* Day23.swift in Sources */ = {isa = PBXBuildFile; fileRef = OBJ_74 /* Day23.swift */; };
		OBJ_228 /* Day3.swift in Sources */ = {isa = PBXBuildFile; fileRef = OBJ_76 /* Day3.swift */; };
		OBJ_229 /* Day4.swift in Sources */ = {isa = PBXBuildFile; fileRef = OBJ_78 /* Day4.swift */; };
		OBJ_230 /* Day5.swift in Sources */ = {isa = PBXBuildFile; fileRef = OBJ_80 /* Day5.swift */; };
		OBJ_231 /* Day6.swift in Sources */ = {isa = PBXBuildFile; fileRef = OBJ_82 /* Day6.swift */; };
		OBJ_232 /* Day7.swift in Sources */ = {isa = PBXBuildFile; fileRef = OBJ_84 /* Day7.swift */; };
		OBJ_233 /* Day8.swift in Sources */ = {isa = PBXBuildFile; fileRef = OBJ_86 /* Day8.swift */; };
		OBJ_234 /* Day9.swift in Sources */ = {isa = PBXBuildFile; fileRef = OBJ_88 /* Day9.swift */; };
		OBJ_236 /* AOCShared.framework in Frameworks */ = {isa = PBXBuildFile; fileRef = "aoc::AOCShared::Product" /* AOCShared.framework */; };
		OBJ_242 /* AOC2021.swift in Sources */ = {isa = PBXBuildFile; fileRef = OBJ_90 /* AOC2021.swift */; };
		OBJ_243 /* Day1.swift in Sources */ = {isa = PBXBuildFile; fileRef = OBJ_92 /* Day1.swift */; };
		OBJ_244 /* Day10.swift in Sources */ = {isa = PBXBuildFile; fileRef = OBJ_94 /* Day10.swift */; };
		OBJ_245 /* Day11.swift in Sources */ = {isa = PBXBuildFile; fileRef = OBJ_96 /* Day11.swift */; };
		OBJ_246 /* Day12.swift in Sources */ = {isa = PBXBuildFile; fileRef = OBJ_98 /* Day12.swift */; };
		OBJ_247 /* Day13.swift in Sources */ = {isa = PBXBuildFile; fileRef = OBJ_100 /* Day13.swift */; };
		OBJ_248 /* Day14.swift in Sources */ = {isa = PBXBuildFile; fileRef = OBJ_102 /* Day14.swift */; };
		OBJ_249 /* Day2.swift in Sources */ = {isa = PBXBuildFile; fileRef = OBJ_104 /* Day2.swift */; };
		OBJ_250 /* Day3.swift in Sources */ = {isa = PBXBuildFile; fileRef = OBJ_106 /* Day3.swift */; };
		OBJ_251 /* Day4.swift in Sources */ = {isa = PBXBuildFile; fileRef = OBJ_108 /* Day4.swift */; };
		OBJ_252 /* Day5.swift in Sources */ = {isa = PBXBuildFile; fileRef = OBJ_110 /* Day5.swift */; };
		OBJ_253 /* Day6.swift in Sources */ = {isa = PBXBuildFile; fileRef = OBJ_112 /* Day6.swift */; };
		OBJ_254 /* Day7.swift in Sources */ = {isa = PBXBuildFile; fileRef = OBJ_114 /* Day7.swift */; };
		OBJ_255 /* Day8.swift in Sources */ = {isa = PBXBuildFile; fileRef = OBJ_116 /* Day8.swift */; };
		OBJ_256 /* Day9.swift in Sources */ = {isa = PBXBuildFile; fileRef = OBJ_118 /* Day9.swift */; };
		OBJ_258 /* AOCShared.framework in Frameworks */ = {isa = PBXBuildFile; fileRef = "aoc::AOCShared::Product" /* AOCShared.framework */; };
		OBJ_264 /* AOC2022.swift in Sources */ = {isa = PBXBuildFile; fileRef = OBJ_120 /* AOC2022.swift */; };
		OBJ_265 /* Day1.swift in Sources */ = {isa = PBXBuildFile; fileRef = OBJ_122 /* Day1.swift */; };
		OBJ_267 /* AOCShared.framework in Frameworks */ = {isa = PBXBuildFile; fileRef = "aoc::AOCShared::Product" /* AOCShared.framework */; };
		OBJ_273 /* AOCShared.swift in Sources */ = {isa = PBXBuildFile; fileRef = OBJ_124 /* AOCShared.swift */; };
		OBJ_274 /* Array.swift in Sources */ = {isa = PBXBuildFile; fileRef = OBJ_125 /* Array.swift */; };
		OBJ_275 /* Day.swift in Sources */ = {isa = PBXBuildFile; fileRef = OBJ_126 /* Day.swift */; };
		OBJ_276 /* Input.swift in Sources */ = {isa = PBXBuildFile; fileRef = OBJ_127 /* Input.swift */; };
		OBJ_277 /* Intcode.swift in Sources */ = {isa = PBXBuildFile; fileRef = OBJ_128 /* Intcode.swift */; };
		OBJ_278 /* Math.swift in Sources */ = {isa = PBXBuildFile; fileRef = OBJ_129 /* Math.swift */; };
		OBJ_279 /* Numbers.swift in Sources */ = {isa = PBXBuildFile; fileRef = OBJ_130 /* Numbers.swift */; };
		OBJ_280 /* String.swift in Sources */ = {isa = PBXBuildFile; fileRef = OBJ_131 /* String.swift */; };
		OBJ_287 /* AdventOfCodeTests.swift in Sources */ = {isa = PBXBuildFile; fileRef = OBJ_136 /* AdventOfCodeTests.swift */; };
		OBJ_288 /* XCTestManifests.swift in Sources */ = {isa = PBXBuildFile; fileRef = OBJ_137 /* XCTestManifests.swift */; };
		OBJ_290 /* AOC.framework in Frameworks */ = {isa = PBXBuildFile; fileRef = "aoc::AOC::Product" /* AOC.framework */; };
		OBJ_291 /* AOC2022.framework in Frameworks */ = {isa = PBXBuildFile; fileRef = "aoc::AOC2022::Product" /* AOC2022.framework */; };
		OBJ_292 /* AOC2021.framework in Frameworks */ = {isa = PBXBuildFile; fileRef = "aoc::AOC2021::Product" /* AOC2021.framework */; };
		OBJ_293 /* AOC2020.framework in Frameworks */ = {isa = PBXBuildFile; fileRef = "aoc::AOC2020::Product" /* AOC2020.framework */; };
		OBJ_294 /* AOC2019.framework in Frameworks */ = {isa = PBXBuildFile; fileRef = "aoc::AOC2019::Product" /* AOC2019.framework */; };
		OBJ_295 /* AOC2018.framework in Frameworks */ = {isa = PBXBuildFile; fileRef = "aoc::AOC2018::Product" /* AOC2018.framework */; };
		OBJ_296 /* AOCShared.framework in Frameworks */ = {isa = PBXBuildFile; fileRef = "aoc::AOCShared::Product" /* AOCShared.framework */; };
		OBJ_309 /* Package.swift in Sources */ = {isa = PBXBuildFile; fileRef = OBJ_6 /* Package.swift */; };
		OBJ_320 /* main.swift in Sources */ = {isa = PBXBuildFile; fileRef = OBJ_133 /* main.swift */; };
		OBJ_322 /* AOC.framework in Frameworks */ = {isa = PBXBuildFile; fileRef = "aoc::AOC::Product" /* AOC.framework */; };
		OBJ_323 /* AOC2022.framework in Frameworks */ = {isa = PBXBuildFile; fileRef = "aoc::AOC2022::Product" /* AOC2022.framework */; };
		OBJ_324 /* AOC2021.framework in Frameworks */ = {isa = PBXBuildFile; fileRef = "aoc::AOC2021::Product" /* AOC2021.framework */; };
		OBJ_325 /* AOC2020.framework in Frameworks */ = {isa = PBXBuildFile; fileRef = "aoc::AOC2020::Product" /* AOC2020.framework */; };
		OBJ_326 /* AOC2019.framework in Frameworks */ = {isa = PBXBuildFile; fileRef = "aoc::AOC2019::Product" /* AOC2019.framework */; };
		OBJ_327 /* AOC2018.framework in Frameworks */ = {isa = PBXBuildFile; fileRef = "aoc::AOC2018::Product" /* AOC2018.framework */; };
		OBJ_328 /* AOCShared.framework in Frameworks */ = {isa = PBXBuildFile; fileRef = "aoc::AOCShared::Product" /* AOCShared.framework */; };
/* End PBXBuildFile section */

/* Begin PBXContainerItemProxy section */
		00A83D3D2939403D0079DA92 /* PBXContainerItemProxy */ = {
			isa = PBXContainerItemProxy;
			containerPortal = OBJ_1 /* Project object */;
			proxyType = 1;
			remoteGlobalIDString = "aoc::AOC";
			remoteInfo = AOC;
		};
		00A83D3E2939403D0079DA92 /* PBXContainerItemProxy */ = {
			isa = PBXContainerItemProxy;
			containerPortal = OBJ_1 /* Project object */;
			proxyType = 1;
			remoteGlobalIDString = "aoc::AOC2022";
			remoteInfo = AOC2022;
		};
		00A83D3F2939403D0079DA92 /* PBXContainerItemProxy */ = {
			isa = PBXContainerItemProxy;
			containerPortal = OBJ_1 /* Project object */;
			proxyType = 1;
			remoteGlobalIDString = "aoc::AOCShared";
			remoteInfo = AOCShared;
		};
		00A83D402939403D0079DA92 /* PBXContainerItemProxy */ = {
			isa = PBXContainerItemProxy;
			containerPortal = OBJ_1 /* Project object */;
			proxyType = 1;
			remoteGlobalIDString = "aoc::AOC2021";
			remoteInfo = AOC2021;
		};
		00A83D412939403D0079DA92 /* PBXContainerItemProxy */ = {
			isa = PBXContainerItemProxy;
			containerPortal = OBJ_1 /* Project object */;
			proxyType = 1;
			remoteGlobalIDString = "aoc::AOCShared";
			remoteInfo = AOCShared;
		};
		00A83D422939403D0079DA92 /* PBXContainerItemProxy */ = {
			isa = PBXContainerItemProxy;
			containerPortal = OBJ_1 /* Project object */;
			proxyType = 1;
			remoteGlobalIDString = "aoc::AOC2020";
			remoteInfo = AOC2020;
		};
		00A83D432939403D0079DA92 /* PBXContainerItemProxy */ = {
			isa = PBXContainerItemProxy;
			containerPortal = OBJ_1 /* Project object */;
			proxyType = 1;
			remoteGlobalIDString = "aoc::AOCShared";
			remoteInfo = AOCShared;
		};
		00A83D442939403D0079DA92 /* PBXContainerItemProxy */ = {
			isa = PBXContainerItemProxy;
			containerPortal = OBJ_1 /* Project object */;
			proxyType = 1;
			remoteGlobalIDString = "aoc::AOC2019";
			remoteInfo = AOC2019;
		};
		00A83D452939403D0079DA92 /* PBXContainerItemProxy */ = {
			isa = PBXContainerItemProxy;
			containerPortal = OBJ_1 /* Project object */;
			proxyType = 1;
			remoteGlobalIDString = "aoc::AOCShared";
			remoteInfo = AOCShared;
		};
		00A83D462939403D0079DA92 /* PBXContainerItemProxy */ = {
			isa = PBXContainerItemProxy;
			containerPortal = OBJ_1 /* Project object */;
			proxyType = 1;
			remoteGlobalIDString = "aoc::AOC2018";
			remoteInfo = AOC2018;
		};
		00A83D472939403D0079DA92 /* PBXContainerItemProxy */ = {
			isa = PBXContainerItemProxy;
			containerPortal = OBJ_1 /* Project object */;
			proxyType = 1;
			remoteGlobalIDString = "aoc::AOCShared";
			remoteInfo = AOCShared;
		};
		00A83D482939403D0079DA92 /* PBXContainerItemProxy */ = {
			isa = PBXContainerItemProxy;
			containerPortal = OBJ_1 /* Project object */;
			proxyType = 1;
			remoteGlobalIDString = "aoc::AOCShared";
			remoteInfo = AOCShared;
		};
		00A83D492939403D0079DA92 /* PBXContainerItemProxy */ = {
			isa = PBXContainerItemProxy;
			containerPortal = OBJ_1 /* Project object */;
			proxyType = 1;
			remoteGlobalIDString = "aoc::AOC2022";
			remoteInfo = AOC2022;
		};
		00A83D4A2939403D0079DA92 /* PBXContainerItemProxy */ = {
			isa = PBXContainerItemProxy;
			containerPortal = OBJ_1 /* Project object */;
			proxyType = 1;
			remoteGlobalIDString = "aoc::AOC2021";
			remoteInfo = AOC2021;
		};
		00A83D4B2939403D0079DA92 /* PBXContainerItemProxy */ = {
			isa = PBXContainerItemProxy;
			containerPortal = OBJ_1 /* Project object */;
			proxyType = 1;
			remoteGlobalIDString = "aoc::AOC2020";
			remoteInfo = AOC2020;
		};
		00A83D4C2939403D0079DA92 /* PBXContainerItemProxy */ = {
			isa = PBXContainerItemProxy;
			containerPortal = OBJ_1 /* Project object */;
			proxyType = 1;
			remoteGlobalIDString = "aoc::AOC2019";
			remoteInfo = AOC2019;
		};
		00A83D4D2939403D0079DA92 /* PBXContainerItemProxy */ = {
			isa = PBXContainerItemProxy;
			containerPortal = OBJ_1 /* Project object */;
			proxyType = 1;
			remoteGlobalIDString = "aoc::AOC2018";
			remoteInfo = AOC2018;
		};
		00A83D4E2939403D0079DA92 /* PBXContainerItemProxy */ = {
			isa = PBXContainerItemProxy;
			containerPortal = OBJ_1 /* Project object */;
			proxyType = 1;
			remoteGlobalIDString = "aoc::AOCShared";
			remoteInfo = AOCShared;
		};
		00A83D4F2939403D0079DA92 /* PBXContainerItemProxy */ = {
			isa = PBXContainerItemProxy;
			containerPortal = OBJ_1 /* Project object */;
			proxyType = 1;
			remoteGlobalIDString = "aoc::AOC";
			remoteInfo = AOC;
		};
		00A83D502939403D0079DA92 /* PBXContainerItemProxy */ = {
			isa = PBXContainerItemProxy;
			containerPortal = OBJ_1 /* Project object */;
			proxyType = 1;
			remoteGlobalIDString = "aoc::AOC2022";
			remoteInfo = AOC2022;
		};
		00A83D512939403D0079DA92 /* PBXContainerItemProxy */ = {
			isa = PBXContainerItemProxy;
			containerPortal = OBJ_1 /* Project object */;
			proxyType = 1;
			remoteGlobalIDString = "aoc::AOC2021";
			remoteInfo = AOC2021;
		};
		00A83D522939403D0079DA92 /* PBXContainerItemProxy */ = {
			isa = PBXContainerItemProxy;
			containerPortal = OBJ_1 /* Project object */;
			proxyType = 1;
			remoteGlobalIDString = "aoc::AOC2020";
			remoteInfo = AOC2020;
		};
		00A83D532939403D0079DA92 /* PBXContainerItemProxy */ = {
			isa = PBXContainerItemProxy;
			containerPortal = OBJ_1 /* Project object */;
			proxyType = 1;
			remoteGlobalIDString = "aoc::AOC2019";
			remoteInfo = AOC2019;
		};
		00A83D542939403D0079DA92 /* PBXContainerItemProxy */ = {
			isa = PBXContainerItemProxy;
			containerPortal = OBJ_1 /* Project object */;
			proxyType = 1;
			remoteGlobalIDString = "aoc::AOC2018";
			remoteInfo = AOC2018;
		};
		00A83D552939403D0079DA92 /* PBXContainerItemProxy */ = {
			isa = PBXContainerItemProxy;
			containerPortal = OBJ_1 /* Project object */;
			proxyType = 1;
			remoteGlobalIDString = "aoc::AOCShared";
			remoteInfo = AOCShared;
		};
		00A83D562939403E0079DA92 /* PBXContainerItemProxy */ = {
			isa = PBXContainerItemProxy;
			containerPortal = OBJ_1 /* Project object */;
			proxyType = 1;
			remoteGlobalIDString = "aoc::AOCTests";
			remoteInfo = AOCTests;
		};
		00A83D57293940C60079DA92 /* PBXContainerItemProxy */ = {
			isa = PBXContainerItemProxy;
			containerPortal = OBJ_1 /* Project object */;
			proxyType = 1;
			remoteGlobalIDString = "aoc::AOC";
			remoteInfo = AOC;
		};
		00A83D59293940C60079DA92 /* PBXContainerItemProxy */ = {
			isa = PBXContainerItemProxy;
			containerPortal = OBJ_1 /* Project object */;
			proxyType = 1;
			remoteGlobalIDString = "aoc::AOC2018";
			remoteInfo = AOC2018;
		};
		00A83D5B293940C60079DA92 /* PBXContainerItemProxy */ = {
			isa = PBXContainerItemProxy;
			containerPortal = OBJ_1 /* Project object */;
			proxyType = 1;
			remoteGlobalIDString = "aoc::AOC2019";
			remoteInfo = AOC2019;
		};
		00A83D5D293940C60079DA92 /* PBXContainerItemProxy */ = {
			isa = PBXContainerItemProxy;
			containerPortal = OBJ_1 /* Project object */;
			proxyType = 1;
			remoteGlobalIDString = "aoc::AOC2020";
			remoteInfo = AOC2020;
		};
		00A83D5F293940C60079DA92 /* PBXContainerItemProxy */ = {
			isa = PBXContainerItemProxy;
			containerPortal = OBJ_1 /* Project object */;
			proxyType = 1;
			remoteGlobalIDString = "aoc::AOC2021";
			remoteInfo = AOC2021;
		};
		00A83D61293940C60079DA92 /* PBXContainerItemProxy */ = {
			isa = PBXContainerItemProxy;
			containerPortal = OBJ_1 /* Project object */;
			proxyType = 1;
			remoteGlobalIDString = "aoc::AOC2022";
			remoteInfo = AOC2022;
		};
		00A83D63293940C60079DA92 /* PBXContainerItemProxy */ = {
			isa = PBXContainerItemProxy;
			containerPortal = OBJ_1 /* Project object */;
			proxyType = 1;
			remoteGlobalIDString = "aoc::AOCShared";
			remoteInfo = AOCShared;
		};
/* End PBXContainerItemProxy section */

/* Begin PBXFileReference section */
		00A83D77293943370079DA92 /* Day1Input.txt */ = {isa = PBXFileReference; lastKnownFileType = text; path = Day1Input.txt; sourceTree = "<group>"; };
		OBJ_100 /* Day13.swift */ = {isa = PBXFileReference; lastKnownFileType = sourcecode.swift; path = Day13.swift; sourceTree = "<group>"; };
		OBJ_102 /* Day14.swift */ = {isa = PBXFileReference; lastKnownFileType = sourcecode.swift; path = Day14.swift; sourceTree = "<group>"; };
		OBJ_104 /* Day2.swift */ = {isa = PBXFileReference; lastKnownFileType = sourcecode.swift; path = Day2.swift; sourceTree = "<group>"; };
		OBJ_106 /* Day3.swift */ = {isa = PBXFileReference; lastKnownFileType = sourcecode.swift; path = Day3.swift; sourceTree = "<group>"; };
		OBJ_108 /* Day4.swift */ = {isa = PBXFileReference; lastKnownFileType = sourcecode.swift; path = Day4.swift; sourceTree = "<group>"; };
		OBJ_11 /* AOC2018.swift */ = {isa = PBXFileReference; lastKnownFileType = sourcecode.swift; path = AOC2018.swift; sourceTree = "<group>"; };
		OBJ_110 /* Day5.swift */ = {isa = PBXFileReference; lastKnownFileType = sourcecode.swift; path = Day5.swift; sourceTree = "<group>"; };
		OBJ_112 /* Day6.swift */ = {isa = PBXFileReference; lastKnownFileType = sourcecode.swift; path = Day6.swift; sourceTree = "<group>"; };
		OBJ_114 /* Day7.swift */ = {isa = PBXFileReference; lastKnownFileType = sourcecode.swift; path = Day7.swift; sourceTree = "<group>"; };
		OBJ_116 /* Day8.swift */ = {isa = PBXFileReference; lastKnownFileType = sourcecode.swift; path = Day8.swift; sourceTree = "<group>"; };
		OBJ_118 /* Day9.swift */ = {isa = PBXFileReference; lastKnownFileType = sourcecode.swift; path = Day9.swift; sourceTree = "<group>"; };
		OBJ_120 /* AOC2022.swift */ = {isa = PBXFileReference; lastKnownFileType = sourcecode.swift; path = AOC2022.swift; sourceTree = "<group>"; };
		OBJ_122 /* Day1.swift */ = {isa = PBXFileReference; lastKnownFileType = sourcecode.swift; path = Day1.swift; sourceTree = "<group>"; };
		OBJ_124 /* AOCShared.swift */ = {isa = PBXFileReference; lastKnownFileType = sourcecode.swift; path = AOCShared.swift; sourceTree = "<group>"; };
		OBJ_125 /* Array.swift */ = {isa = PBXFileReference; lastKnownFileType = sourcecode.swift; path = Array.swift; sourceTree = "<group>"; };
		OBJ_126 /* Day.swift */ = {isa = PBXFileReference; lastKnownFileType = sourcecode.swift; path = Day.swift; sourceTree = "<group>"; };
		OBJ_127 /* Input.swift */ = {isa = PBXFileReference; lastKnownFileType = sourcecode.swift; path = Input.swift; sourceTree = "<group>"; };
		OBJ_128 /* Intcode.swift */ = {isa = PBXFileReference; lastKnownFileType = sourcecode.swift; path = Intcode.swift; sourceTree = "<group>"; };
		OBJ_129 /* Math.swift */ = {isa = PBXFileReference; lastKnownFileType = sourcecode.swift; path = Math.swift; sourceTree = "<group>"; };
		OBJ_13 /* Day1.swift */ = {isa = PBXFileReference; lastKnownFileType = sourcecode.swift; path = Day1.swift; sourceTree = "<group>"; };
		OBJ_130 /* Numbers.swift */ = {isa = PBXFileReference; lastKnownFileType = sourcecode.swift; path = Numbers.swift; sourceTree = "<group>"; };
		OBJ_131 /* String.swift */ = {isa = PBXFileReference; lastKnownFileType = sourcecode.swift; path = String.swift; sourceTree = "<group>"; };
		OBJ_133 /* main.swift */ = {isa = PBXFileReference; lastKnownFileType = sourcecode.swift; path = main.swift; sourceTree = "<group>"; };
		OBJ_136 /* AdventOfCodeTests.swift */ = {isa = PBXFileReference; lastKnownFileType = sourcecode.swift; path = AdventOfCodeTests.swift; sourceTree = "<group>"; };
		OBJ_137 /* XCTestManifests.swift */ = {isa = PBXFileReference; lastKnownFileType = sourcecode.swift; path = XCTestManifests.swift; sourceTree = "<group>"; };
		OBJ_148 /* AOC2021 */ = {isa = PBXFileReference; lastKnownFileType = folder; path = AOC2021; sourceTree = SOURCE_ROOT; };
		OBJ_149 /* AOC2018 */ = {isa = PBXFileReference; lastKnownFileType = folder; path = AOC2018; sourceTree = SOURCE_ROOT; };
		OBJ_15 /* Day2.swift */ = {isa = PBXFileReference; lastKnownFileType = sourcecode.swift; path = Day2.swift; sourceTree = "<group>"; };
		OBJ_150 /* README.md */ = {isa = PBXFileReference; lastKnownFileType = net.daringfireball.markdown; path = README.md; sourceTree = "<group>"; };
		OBJ_151 /* AOC2020 copy-Info.plist */ = {isa = PBXFileReference; lastKnownFileType = text.plist.xml; path = "AOC2020 copy-Info.plist"; sourceTree = "<group>"; };
		OBJ_17 /* Day3.swift */ = {isa = PBXFileReference; lastKnownFileType = sourcecode.swift; path = Day3.swift; sourceTree = "<group>"; };
		OBJ_19 /* Day4.swift */ = {isa = PBXFileReference; lastKnownFileType = sourcecode.swift; path = Day4.swift; sourceTree = "<group>"; };
		OBJ_21 /* AOC2019.swift */ = {isa = PBXFileReference; lastKnownFileType = sourcecode.swift; path = AOC2019.swift; sourceTree = "<group>"; };
		OBJ_23 /* Day1.swift */ = {isa = PBXFileReference; lastKnownFileType = sourcecode.swift; path = Day1.swift; sourceTree = "<group>"; };
		OBJ_25 /* Day10.swift */ = {isa = PBXFileReference; lastKnownFileType = sourcecode.swift; path = Day10.swift; sourceTree = "<group>"; };
		OBJ_27 /* Day11.swift */ = {isa = PBXFileReference; lastKnownFileType = sourcecode.swift; path = Day11.swift; sourceTree = "<group>"; };
		OBJ_29 /* Day12.swift */ = {isa = PBXFileReference; lastKnownFileType = sourcecode.swift; path = Day12.swift; sourceTree = "<group>"; };
		OBJ_31 /* Day13.swift */ = {isa = PBXFileReference; lastKnownFileType = sourcecode.swift; path = Day13.swift; sourceTree = "<group>"; };
		OBJ_33 /* Day2.swift */ = {isa = PBXFileReference; lastKnownFileType = sourcecode.swift; path = Day2.swift; sourceTree = "<group>"; };
		OBJ_35 /* Day5.swift */ = {isa = PBXFileReference; lastKnownFileType = sourcecode.swift; path = Day5.swift; sourceTree = "<group>"; };
		OBJ_37 /* Amp.swift */ = {isa = PBXFileReference; lastKnownFileType = sourcecode.swift; path = Amp.swift; sourceTree = "<group>"; };
		OBJ_38 /* Day7.swift */ = {isa = PBXFileReference; lastKnownFileType = sourcecode.swift; path = Day7.swift; sourceTree = "<group>"; };
		OBJ_40 /* Day9.swift */ = {isa = PBXFileReference; lastKnownFileType = sourcecode.swift; path = Day9.swift; sourceTree = "<group>"; };
		OBJ_42 /* AOC2020.swift */ = {isa = PBXFileReference; lastKnownFileType = sourcecode.swift; path = AOC2020.swift; sourceTree = "<group>"; };
		OBJ_44 /* Day1.swift */ = {isa = PBXFileReference; lastKnownFileType = sourcecode.swift; path = Day1.swift; sourceTree = "<group>"; };
		OBJ_46 /* Day10.swift */ = {isa = PBXFileReference; lastKnownFileType = sourcecode.swift; path = Day10.swift; sourceTree = "<group>"; };
		OBJ_48 /* Day11.swift */ = {isa = PBXFileReference; lastKnownFileType = sourcecode.swift; path = Day11.swift; sourceTree = "<group>"; };
		OBJ_50 /* Day12.swift */ = {isa = PBXFileReference; lastKnownFileType = sourcecode.swift; path = Day12.swift; sourceTree = "<group>"; };
		OBJ_52 /* Day13.swift */ = {isa = PBXFileReference; lastKnownFileType = sourcecode.swift; path = Day13.swift; sourceTree = "<group>"; };
		OBJ_54 /* Day14.swift */ = {isa = PBXFileReference; lastKnownFileType = sourcecode.swift; path = Day14.swift; sourceTree = "<group>"; };
		OBJ_56 /* Day15.swift */ = {isa = PBXFileReference; lastKnownFileType = sourcecode.swift; path = Day15.swift; sourceTree = "<group>"; };
		OBJ_58 /* Day16.swift */ = {isa = PBXFileReference; lastKnownFileType = sourcecode.swift; path = Day16.swift; sourceTree = "<group>"; };
		OBJ_6 /* Package.swift */ = {isa = PBXFileReference; explicitFileType = sourcecode.swift; path = Package.swift; sourceTree = "<group>"; };
		OBJ_60 /* Day17.swift */ = {isa = PBXFileReference; lastKnownFileType = sourcecode.swift; path = Day17.swift; sourceTree = "<group>"; };
		OBJ_62 /* Day18.swift */ = {isa = PBXFileReference; lastKnownFileType = sourcecode.swift; path = Day18.swift; sourceTree = "<group>"; };
		OBJ_64 /* Day19.swift */ = {isa = PBXFileReference; lastKnownFileType = sourcecode.swift; path = Day19.swift; sourceTree = "<group>"; };
		OBJ_66 /* Day2.swift */ = {isa = PBXFileReference; lastKnownFileType = sourcecode.swift; path = Day2.swift; sourceTree = "<group>"; };
		OBJ_68 /* Day20.swift */ = {isa = PBXFileReference; lastKnownFileType = sourcecode.swift; path = Day20.swift; sourceTree = "<group>"; };
		OBJ_70 /* Day21.swift */ = {isa = PBXFileReference; lastKnownFileType = sourcecode.swift; path = Day21.swift; sourceTree = "<group>"; };
		OBJ_72 /* Day22.swift */ = {isa = PBXFileReference; lastKnownFileType = sourcecode.swift; path = Day22.swift; sourceTree = "<group>"; };
		OBJ_74 /* Day23.swift */ = {isa = PBXFileReference; lastKnownFileType = sourcecode.swift; path = Day23.swift; sourceTree = "<group>"; };
		OBJ_76 /* Day3.swift */ = {isa = PBXFileReference; lastKnownFileType = sourcecode.swift; path = Day3.swift; sourceTree = "<group>"; };
		OBJ_78 /* Day4.swift */ = {isa = PBXFileReference; lastKnownFileType = sourcecode.swift; path = Day4.swift; sourceTree = "<group>"; };
		OBJ_80 /* Day5.swift */ = {isa = PBXFileReference; lastKnownFileType = sourcecode.swift; path = Day5.swift; sourceTree = "<group>"; };
		OBJ_82 /* Day6.swift */ = {isa = PBXFileReference; lastKnownFileType = sourcecode.swift; path = Day6.swift; sourceTree = "<group>"; };
		OBJ_84 /* Day7.swift */ = {isa = PBXFileReference; lastKnownFileType = sourcecode.swift; path = Day7.swift; sourceTree = "<group>"; };
		OBJ_86 /* Day8.swift */ = {isa = PBXFileReference; lastKnownFileType = sourcecode.swift; path = Day8.swift; sourceTree = "<group>"; };
		OBJ_88 /* Day9.swift */ = {isa = PBXFileReference; lastKnownFileType = sourcecode.swift; path = Day9.swift; sourceTree = "<group>"; };
		OBJ_9 /* AOC.swift */ = {isa = PBXFileReference; lastKnownFileType = sourcecode.swift; path = AOC.swift; sourceTree = "<group>"; };
		OBJ_90 /* AOC2021.swift */ = {isa = PBXFileReference; lastKnownFileType = sourcecode.swift; path = AOC2021.swift; sourceTree = "<group>"; };
		OBJ_92 /* Day1.swift */ = {isa = PBXFileReference; lastKnownFileType = sourcecode.swift; path = Day1.swift; sourceTree = "<group>"; };
		OBJ_94 /* Day10.swift */ = {isa = PBXFileReference; lastKnownFileType = sourcecode.swift; path = Day10.swift; sourceTree = "<group>"; };
		OBJ_96 /* Day11.swift */ = {isa = PBXFileReference; lastKnownFileType = sourcecode.swift; path = Day11.swift; sourceTree = "<group>"; };
		OBJ_98 /* Day12.swift */ = {isa = PBXFileReference; lastKnownFileType = sourcecode.swift; path = Day12.swift; sourceTree = "<group>"; };
		"aoc::AOC2018::Product" /* AOC2018.framework */ = {isa = PBXFileReference; lastKnownFileType = wrapper.framework; path = AOC2018.framework; sourceTree = BUILT_PRODUCTS_DIR; };
		"aoc::AOC2019::Product" /* AOC2019.framework */ = {isa = PBXFileReference; lastKnownFileType = wrapper.framework; path = AOC2019.framework; sourceTree = BUILT_PRODUCTS_DIR; };
		"aoc::AOC2020::Product" /* AOC2020.framework */ = {isa = PBXFileReference; lastKnownFileType = wrapper.framework; path = AOC2020.framework; sourceTree = BUILT_PRODUCTS_DIR; };
		"aoc::AOC2021::Product" /* AOC2021.framework */ = {isa = PBXFileReference; lastKnownFileType = wrapper.framework; path = AOC2021.framework; sourceTree = BUILT_PRODUCTS_DIR; };
		"aoc::AOC2022::Product" /* AOC2022.framework */ = {isa = PBXFileReference; lastKnownFileType = wrapper.framework; path = AOC2022.framework; sourceTree = BUILT_PRODUCTS_DIR; };
		"aoc::AOC::Product" /* AOC.framework */ = {isa = PBXFileReference; lastKnownFileType = wrapper.framework; path = AOC.framework; sourceTree = BUILT_PRODUCTS_DIR; };
		"aoc::AOCShared::Product" /* AOCShared.framework */ = {isa = PBXFileReference; lastKnownFileType = wrapper.framework; path = AOCShared.framework; sourceTree = BUILT_PRODUCTS_DIR; };
		"aoc::AOCTests::Product" /* AOCTests.xctest */ = {isa = PBXFileReference; lastKnownFileType = file; path = AOCTests.xctest; sourceTree = BUILT_PRODUCTS_DIR; };
		"aoc::trey::Product" /* trey */ = {isa = PBXFileReference; lastKnownFileType = text; path = trey; sourceTree = BUILT_PRODUCTS_DIR; };
/* End PBXFileReference section */

/* Begin PBXFrameworksBuildPhase section */
		OBJ_158 /* Frameworks */ = {
			isa = PBXFrameworksBuildPhase;
			buildActionMask = 0;
			files = (
				00A83D6E293941720079DA92 /* OrderedCollections in Frameworks */,
				OBJ_159 /* AOC2022.framework in Frameworks */,
				00A83D67293941620079DA92 /* Algorithms in Frameworks */,
				00A83D6A293941720079DA92 /* Collections in Frameworks */,
				OBJ_160 /* AOC2021.framework in Frameworks */,
				OBJ_161 /* AOC2020.framework in Frameworks */,
				00A83D6C293941720079DA92 /* DequeModule in Frameworks */,
				OBJ_162 /* AOC2019.framework in Frameworks */,
				OBJ_163 /* AOC2018.framework in Frameworks */,
				OBJ_164 /* AOCShared.framework in Frameworks */,
			);
			runOnlyForDeploymentPostprocessing = 0;
		};
		OBJ_186 /* Frameworks */ = {
			isa = PBXFrameworksBuildPhase;
			buildActionMask = 0;
			files = (
				OBJ_187 /* AOCShared.framework in Frameworks */,
			);
			runOnlyForDeploymentPostprocessing = 0;
		};
		OBJ_204 /* Frameworks */ = {
			isa = PBXFrameworksBuildPhase;
			buildActionMask = 0;
			files = (
				OBJ_205 /* AOCShared.framework in Frameworks */,
			);
			runOnlyForDeploymentPostprocessing = 0;
		};
		OBJ_235 /* Frameworks */ = {
			isa = PBXFrameworksBuildPhase;
			buildActionMask = 0;
			files = (
				OBJ_236 /* AOCShared.framework in Frameworks */,
			);
			runOnlyForDeploymentPostprocessing = 0;
		};
		OBJ_257 /* Frameworks */ = {
			isa = PBXFrameworksBuildPhase;
			buildActionMask = 0;
			files = (
				OBJ_258 /* AOCShared.framework in Frameworks */,
			);
			runOnlyForDeploymentPostprocessing = 0;
		};
		OBJ_266 /* Frameworks */ = {
			isa = PBXFrameworksBuildPhase;
			buildActionMask = 0;
			files = (
				OBJ_267 /* AOCShared.framework in Frameworks */,
			);
			runOnlyForDeploymentPostprocessing = 0;
		};
		OBJ_281 /* Frameworks */ = {
			isa = PBXFrameworksBuildPhase;
			buildActionMask = 0;
			files = (
				00A83D71293941CF0079DA92 /* Collections in Frameworks */,
				00A83D73293941CF0079DA92 /* DequeModule in Frameworks */,
				00A83D75293941CF0079DA92 /* OrderedCollections in Frameworks */,
			);
			runOnlyForDeploymentPostprocessing = 0;
		};
		OBJ_289 /* Frameworks */ = {
			isa = PBXFrameworksBuildPhase;
			buildActionMask = 0;
			files = (
				OBJ_290 /* AOC.framework in Frameworks */,
				OBJ_291 /* AOC2022.framework in Frameworks */,
				OBJ_292 /* AOC2021.framework in Frameworks */,
				OBJ_293 /* AOC2020.framework in Frameworks */,
				OBJ_294 /* AOC2019.framework in Frameworks */,
				OBJ_295 /* AOC2018.framework in Frameworks */,
				OBJ_296 /* AOCShared.framework in Frameworks */,
			);
			runOnlyForDeploymentPostprocessing = 0;
		};
		OBJ_321 /* Frameworks */ = {
			isa = PBXFrameworksBuildPhase;
			buildActionMask = 0;
			files = (
				OBJ_322 /* AOC.framework in Frameworks */,
				OBJ_323 /* AOC2022.framework in Frameworks */,
				OBJ_324 /* AOC2021.framework in Frameworks */,
				OBJ_325 /* AOC2020.framework in Frameworks */,
				OBJ_326 /* AOC2019.framework in Frameworks */,
				OBJ_327 /* AOC2018.framework in Frameworks */,
				OBJ_328 /* AOCShared.framework in Frameworks */,
			);
			runOnlyForDeploymentPostprocessing = 0;
		};
/* End PBXFrameworksBuildPhase section */

/* Begin PBXGroup section */
		00A83D6F293941CF0079DA92 /* Frameworks */ = {
			isa = PBXGroup;
			children = (
			);
			name = Frameworks;
			sourceTree = "<group>";
		};
		OBJ_10 /* AOC2018 */ = {
			isa = PBXGroup;
			children = (
				OBJ_11 /* AOC2018.swift */,
				OBJ_12 /* Day1 */,
				OBJ_14 /* Day2 */,
				OBJ_16 /* Day3 */,
				OBJ_18 /* Day4 */,
			);
			name = AOC2018;
			path = Sources/AOC2018;
			sourceTree = SOURCE_ROOT;
		};
		OBJ_101 /* Day14 */ = {
			isa = PBXGroup;
			children = (
				OBJ_102 /* Day14.swift */,
			);
			path = Day14;
			sourceTree = "<group>";
		};
		OBJ_103 /* Day2 */ = {
			isa = PBXGroup;
			children = (
				OBJ_104 /* Day2.swift */,
			);
			path = Day2;
			sourceTree = "<group>";
		};
		OBJ_105 /* Day3 */ = {
			isa = PBXGroup;
			children = (
				OBJ_106 /* Day3.swift */,
			);
			path = Day3;
			sourceTree = "<group>";
		};
		OBJ_107 /* Day4 */ = {
			isa = PBXGroup;
			children = (
				OBJ_108 /* Day4.swift */,
			);
			path = Day4;
			sourceTree = "<group>";
		};
		OBJ_109 /* Day5 */ = {
			isa = PBXGroup;
			children = (
				OBJ_110 /* Day5.swift */,
			);
			path = Day5;
			sourceTree = "<group>";
		};
		OBJ_111 /* Day6 */ = {
			isa = PBXGroup;
			children = (
				OBJ_112 /* Day6.swift */,
			);
			path = Day6;
			sourceTree = "<group>";
		};
		OBJ_113 /* Day7 */ = {
			isa = PBXGroup;
			children = (
				OBJ_114 /* Day7.swift */,
			);
			path = Day7;
			sourceTree = "<group>";
		};
		OBJ_115 /* Day8 */ = {
			isa = PBXGroup;
			children = (
				OBJ_116 /* Day8.swift */,
			);
			path = Day8;
			sourceTree = "<group>";
		};
		OBJ_117 /* Day9 */ = {
			isa = PBXGroup;
			children = (
				OBJ_118 /* Day9.swift */,
			);
			path = Day9;
			sourceTree = "<group>";
		};
		OBJ_119 /* AOC2022 */ = {
			isa = PBXGroup;
			children = (
				OBJ_120 /* AOC2022.swift */,
				OBJ_121 /* Day1 */,
			);
			name = AOC2022;
			path = Sources/AOC2022;
			sourceTree = SOURCE_ROOT;
		};
		OBJ_12 /* Day1 */ = {
			isa = PBXGroup;
			children = (
				OBJ_13 /* Day1.swift */,
			);
			path = Day1;
			sourceTree = "<group>";
		};
		OBJ_121 /* Day1 */ = {
			isa = PBXGroup;
			children = (
				OBJ_122 /* Day1.swift */,
				00A83D77293943370079DA92 /* Day1Input.txt */,
			);
			path = Day1;
			sourceTree = "<group>";
		};
		OBJ_123 /* AOCShared */ = {
			isa = PBXGroup;
			children = (
				OBJ_124 /* AOCShared.swift */,
				OBJ_125 /* Array.swift */,
				OBJ_126 /* Day.swift */,
				OBJ_127 /* Input.swift */,
				OBJ_128 /* Intcode.swift */,
				OBJ_129 /* Math.swift */,
				OBJ_130 /* Numbers.swift */,
				OBJ_131 /* String.swift */,
			);
			name = AOCShared;
			path = Sources/AOCShared;
			sourceTree = SOURCE_ROOT;
		};
		OBJ_132 /* trey */ = {
			isa = PBXGroup;
			children = (
				OBJ_133 /* main.swift */,
			);
			name = trey;
			path = Sources/trey;
			sourceTree = SOURCE_ROOT;
		};
		OBJ_134 /* Tests */ = {
			isa = PBXGroup;
			children = (
				OBJ_135 /* AOCTests */,
			);
			name = Tests;
			sourceTree = SOURCE_ROOT;
		};
		OBJ_135 /* AOCTests */ = {
			isa = PBXGroup;
			children = (
				OBJ_136 /* AdventOfCodeTests.swift */,
				OBJ_137 /* XCTestManifests.swift */,
			);
			name = AOCTests;
			path = Tests/AOCTests;
			sourceTree = SOURCE_ROOT;
		};
		OBJ_138 /* Products */ = {
			isa = PBXGroup;
			children = (
				"aoc::AOC::Product" /* AOC.framework */,
				"aoc::AOC2018::Product" /* AOC2018.framework */,
				"aoc::AOC2019::Product" /* AOC2019.framework */,
				"aoc::AOC2020::Product" /* AOC2020.framework */,
				"aoc::AOC2021::Product" /* AOC2021.framework */,
				"aoc::AOC2022::Product" /* AOC2022.framework */,
				"aoc::AOCShared::Product" /* AOCShared.framework */,
				"aoc::AOCTests::Product" /* AOCTests.xctest */,
				"aoc::trey::Product" /* trey */,
			);
			name = Products;
			sourceTree = BUILT_PRODUCTS_DIR;
		};
		OBJ_14 /* Day2 */ = {
			isa = PBXGroup;
			children = (
				OBJ_15 /* Day2.swift */,
			);
			path = Day2;
			sourceTree = "<group>";
		};
		OBJ_16 /* Day3 */ = {
			isa = PBXGroup;
			children = (
				OBJ_17 /* Day3.swift */,
			);
			path = Day3;
			sourceTree = "<group>";
		};
		OBJ_18 /* Day4 */ = {
			isa = PBXGroup;
			children = (
				OBJ_19 /* Day4.swift */,
			);
			path = Day4;
			sourceTree = "<group>";
		};
		OBJ_20 /* AOC2019 */ = {
			isa = PBXGroup;
			children = (
				OBJ_21 /* AOC2019.swift */,
				OBJ_22 /* Day1 */,
				OBJ_24 /* Day10 */,
				OBJ_26 /* Day11 */,
				OBJ_28 /* Day12 */,
				OBJ_30 /* Day13 */,
				OBJ_32 /* Day2 */,
				OBJ_34 /* Day5 */,
				OBJ_36 /* Day7 */,
				OBJ_39 /* Day9 */,
			);
			name = AOC2019;
			path = Sources/AOC2019;
			sourceTree = SOURCE_ROOT;
		};
		OBJ_22 /* Day1 */ = {
			isa = PBXGroup;
			children = (
				OBJ_23 /* Day1.swift */,
			);
			path = Day1;
			sourceTree = "<group>";
		};
		OBJ_24 /* Day10 */ = {
			isa = PBXGroup;
			children = (
				OBJ_25 /* Day10.swift */,
			);
			path = Day10;
			sourceTree = "<group>";
		};
		OBJ_26 /* Day11 */ = {
			isa = PBXGroup;
			children = (
				OBJ_27 /* Day11.swift */,
			);
			path = Day11;
			sourceTree = "<group>";
		};
		OBJ_28 /* Day12 */ = {
			isa = PBXGroup;
			children = (
				OBJ_29 /* Day12.swift */,
			);
			path = Day12;
			sourceTree = "<group>";
		};
		OBJ_30 /* Day13 */ = {
			isa = PBXGroup;
			children = (
				OBJ_31 /* Day13.swift */,
			);
			path = Day13;
			sourceTree = "<group>";
		};
		OBJ_32 /* Day2 */ = {
			isa = PBXGroup;
			children = (
				OBJ_33 /* Day2.swift */,
			);
			path = Day2;
			sourceTree = "<group>";
		};
		OBJ_34 /* Day5 */ = {
			isa = PBXGroup;
			children = (
				OBJ_35 /* Day5.swift */,
			);
			path = Day5;
			sourceTree = "<group>";
		};
		OBJ_36 /* Day7 */ = {
			isa = PBXGroup;
			children = (
				OBJ_37 /* Amp.swift */,
				OBJ_38 /* Day7.swift */,
			);
			path = Day7;
			sourceTree = "<group>";
		};
		OBJ_39 /* Day9 */ = {
			isa = PBXGroup;
			children = (
				OBJ_40 /* Day9.swift */,
			);
			path = Day9;
			sourceTree = "<group>";
		};
		OBJ_41 /* AOC2020 */ = {
			isa = PBXGroup;
			children = (
				OBJ_42 /* AOC2020.swift */,
				OBJ_43 /* Day1 */,
				OBJ_45 /* Day10 */,
				OBJ_47 /* Day11 */,
				OBJ_49 /* Day12 */,
				OBJ_51 /* Day13 */,
				OBJ_53 /* Day14 */,
				OBJ_55 /* Day15 */,
				OBJ_57 /* Day16 */,
				OBJ_59 /* Day17 */,
				OBJ_61 /* Day18 */,
				OBJ_63 /* Day19 */,
				OBJ_65 /* Day2 */,
				OBJ_67 /* Day20 */,
				OBJ_69 /* Day21 */,
				OBJ_71 /* Day22 */,
				OBJ_73 /* Day23 */,
				OBJ_75 /* Day3 */,
				OBJ_77 /* Day4 */,
				OBJ_79 /* Day5 */,
				OBJ_81 /* Day6 */,
				OBJ_83 /* Day7 */,
				OBJ_85 /* Day8 */,
				OBJ_87 /* Day9 */,
			);
			name = AOC2020;
			path = Sources/AOC2020;
			sourceTree = SOURCE_ROOT;
		};
		OBJ_43 /* Day1 */ = {
			isa = PBXGroup;
			children = (
				OBJ_44 /* Day1.swift */,
			);
			path = Day1;
			sourceTree = "<group>";
		};
		OBJ_45 /* Day10 */ = {
			isa = PBXGroup;
			children = (
				OBJ_46 /* Day10.swift */,
			);
			path = Day10;
			sourceTree = "<group>";
		};
		OBJ_47 /* Day11 */ = {
			isa = PBXGroup;
			children = (
				OBJ_48 /* Day11.swift */,
			);
			path = Day11;
			sourceTree = "<group>";
		};
		OBJ_49 /* Day12 */ = {
			isa = PBXGroup;
			children = (
				OBJ_50 /* Day12.swift */,
			);
			path = Day12;
			sourceTree = "<group>";
		};
		OBJ_5 /*  */ = {
			isa = PBXGroup;
			children = (
				OBJ_6 /* Package.swift */,
				OBJ_7 /* Sources */,
				OBJ_134 /* Tests */,
				OBJ_138 /* Products */,
				OBJ_148 /* AOC2021 */,
				OBJ_149 /* AOC2018 */,
				OBJ_150 /* README.md */,
				OBJ_151 /* AOC2020 copy-Info.plist */,
				00A83D6F293941CF0079DA92 /* Frameworks */,
			);
			name = "";
			sourceTree = "<group>";
		};
		OBJ_51 /* Day13 */ = {
			isa = PBXGroup;
			children = (
				OBJ_52 /* Day13.swift */,
			);
			path = Day13;
			sourceTree = "<group>";
		};
		OBJ_53 /* Day14 */ = {
			isa = PBXGroup;
			children = (
				OBJ_54 /* Day14.swift */,
			);
			path = Day14;
			sourceTree = "<group>";
		};
		OBJ_55 /* Day15 */ = {
			isa = PBXGroup;
			children = (
				OBJ_56 /* Day15.swift */,
			);
			path = Day15;
			sourceTree = "<group>";
		};
		OBJ_57 /* Day16 */ = {
			isa = PBXGroup;
			children = (
				OBJ_58 /* Day16.swift */,
			);
			path = Day16;
			sourceTree = "<group>";
		};
		OBJ_59 /* Day17 */ = {
			isa = PBXGroup;
			children = (
				OBJ_60 /* Day17.swift */,
			);
			path = Day17;
			sourceTree = "<group>";
		};
		OBJ_61 /* Day18 */ = {
			isa = PBXGroup;
			children = (
				OBJ_62 /* Day18.swift */,
			);
			path = Day18;
			sourceTree = "<group>";
		};
		OBJ_63 /* Day19 */ = {
			isa = PBXGroup;
			children = (
				OBJ_64 /* Day19.swift */,
			);
			path = Day19;
			sourceTree = "<group>";
		};
		OBJ_65 /* Day2 */ = {
			isa = PBXGroup;
			children = (
				OBJ_66 /* Day2.swift */,
			);
			path = Day2;
			sourceTree = "<group>";
		};
		OBJ_67 /* Day20 */ = {
			isa = PBXGroup;
			children = (
				OBJ_68 /* Day20.swift */,
			);
			path = Day20;
			sourceTree = "<group>";
		};
		OBJ_69 /* Day21 */ = {
			isa = PBXGroup;
			children = (
				OBJ_70 /* Day21.swift */,
			);
			path = Day21;
			sourceTree = "<group>";
		};
		OBJ_7 /* Sources */ = {
			isa = PBXGroup;
			children = (
				OBJ_8 /* AOC */,
				OBJ_10 /* AOC2018 */,
				OBJ_20 /* AOC2019 */,
				OBJ_41 /* AOC2020 */,
				OBJ_89 /* AOC2021 */,
				OBJ_119 /* AOC2022 */,
				OBJ_123 /* AOCShared */,
				OBJ_132 /* trey */,
			);
			name = Sources;
			sourceTree = SOURCE_ROOT;
		};
		OBJ_71 /* Day22 */ = {
			isa = PBXGroup;
			children = (
				OBJ_72 /* Day22.swift */,
			);
			path = Day22;
			sourceTree = "<group>";
		};
		OBJ_73 /* Day23 */ = {
			isa = PBXGroup;
			children = (
				OBJ_74 /* Day23.swift */,
			);
			path = Day23;
			sourceTree = "<group>";
		};
		OBJ_75 /* Day3 */ = {
			isa = PBXGroup;
			children = (
				OBJ_76 /* Day3.swift */,
			);
			path = Day3;
			sourceTree = "<group>";
		};
		OBJ_77 /* Day4 */ = {
			isa = PBXGroup;
			children = (
				OBJ_78 /* Day4.swift */,
			);
			path = Day4;
			sourceTree = "<group>";
		};
		OBJ_79 /* Day5 */ = {
			isa = PBXGroup;
			children = (
				OBJ_80 /* Day5.swift */,
			);
			path = Day5;
			sourceTree = "<group>";
		};
		OBJ_8 /* AOC */ = {
			isa = PBXGroup;
			children = (
				OBJ_9 /* AOC.swift */,
			);
			name = AOC;
			path = Sources/AOC;
			sourceTree = SOURCE_ROOT;
		};
		OBJ_81 /* Day6 */ = {
			isa = PBXGroup;
			children = (
				OBJ_82 /* Day6.swift */,
			);
			path = Day6;
			sourceTree = "<group>";
		};
		OBJ_83 /* Day7 */ = {
			isa = PBXGroup;
			children = (
				OBJ_84 /* Day7.swift */,
			);
			path = Day7;
			sourceTree = "<group>";
		};
		OBJ_85 /* Day8 */ = {
			isa = PBXGroup;
			children = (
				OBJ_86 /* Day8.swift */,
			);
			path = Day8;
			sourceTree = "<group>";
		};
		OBJ_87 /* Day9 */ = {
			isa = PBXGroup;
			children = (
				OBJ_88 /* Day9.swift */,
			);
			path = Day9;
			sourceTree = "<group>";
		};
		OBJ_89 /* AOC2021 */ = {
			isa = PBXGroup;
			children = (
				OBJ_90 /* AOC2021.swift */,
				OBJ_91 /* Day1 */,
				OBJ_93 /* Day10 */,
				OBJ_95 /* Day11 */,
				OBJ_97 /* Day12 */,
				OBJ_99 /* Day13 */,
				OBJ_101 /* Day14 */,
				OBJ_103 /* Day2 */,
				OBJ_105 /* Day3 */,
				OBJ_107 /* Day4 */,
				OBJ_109 /* Day5 */,
				OBJ_111 /* Day6 */,
				OBJ_113 /* Day7 */,
				OBJ_115 /* Day8 */,
				OBJ_117 /* Day9 */,
			);
			name = AOC2021;
			path = Sources/AOC2021;
			sourceTree = SOURCE_ROOT;
		};
		OBJ_91 /* Day1 */ = {
			isa = PBXGroup;
			children = (
				OBJ_92 /* Day1.swift */,
			);
			path = Day1;
			sourceTree = "<group>";
		};
		OBJ_93 /* Day10 */ = {
			isa = PBXGroup;
			children = (
				OBJ_94 /* Day10.swift */,
			);
			path = Day10;
			sourceTree = "<group>";
		};
		OBJ_95 /* Day11 */ = {
			isa = PBXGroup;
			children = (
				OBJ_96 /* Day11.swift */,
			);
			path = Day11;
			sourceTree = "<group>";
		};
		OBJ_97 /* Day12 */ = {
			isa = PBXGroup;
			children = (
				OBJ_98 /* Day12.swift */,
			);
			path = Day12;
			sourceTree = "<group>";
		};
		OBJ_99 /* Day13 */ = {
			isa = PBXGroup;
			children = (
				OBJ_100 /* Day13.swift */,
			);
			path = Day13;
			sourceTree = "<group>";
		};
/* End PBXGroup section */

/* Begin PBXNativeTarget section */
		"aoc::AOC" /* AOC */ = {
			isa = PBXNativeTarget;
			buildConfigurationList = OBJ_153 /* Build configuration list for PBXNativeTarget "AOC" */;
			buildPhases = (
				OBJ_156 /* Sources */,
				OBJ_158 /* Frameworks */,
			);
			buildRules = (
			);
			dependencies = (
				OBJ_165 /* PBXTargetDependency */,
				OBJ_167 /* PBXTargetDependency */,
				OBJ_169 /* PBXTargetDependency */,
				OBJ_171 /* PBXTargetDependency */,
				OBJ_173 /* PBXTargetDependency */,
				OBJ_175 /* PBXTargetDependency */,
			);
			name = AOC;
			packageProductDependencies = (
				00A83D66293941620079DA92 /* Algorithms */,
				00A83D69293941720079DA92 /* Collections */,
				00A83D6B293941720079DA92 /* DequeModule */,
				00A83D6D293941720079DA92 /* OrderedCollections */,
			);
			productName = AOC;
			productReference = "aoc::AOC::Product" /* AOC.framework */;
			productType = "com.apple.product-type.framework";
		};
		"aoc::AOC2018" /* AOC2018 */ = {
			isa = PBXNativeTarget;
			buildConfigurationList = OBJ_177 /* Build configuration list for PBXNativeTarget "AOC2018" */;
			buildPhases = (
				OBJ_180 /* Sources */,
				OBJ_186 /* Frameworks */,
			);
			buildRules = (
			);
			dependencies = (
				OBJ_188 /* PBXTargetDependency */,
			);
			name = AOC2018;
			productName = AOC2018;
			productReference = "aoc::AOC2018::Product" /* AOC2018.framework */;
			productType = "com.apple.product-type.framework";
		};
		"aoc::AOC2019" /* AOC2019 */ = {
			isa = PBXNativeTarget;
			buildConfigurationList = OBJ_189 /* Build configuration list for PBXNativeTarget "AOC2019" */;
			buildPhases = (
				OBJ_192 /* Sources */,
				OBJ_204 /* Frameworks */,
			);
			buildRules = (
			);
			dependencies = (
				OBJ_206 /* PBXTargetDependency */,
			);
			name = AOC2019;
			productName = AOC2019;
			productReference = "aoc::AOC2019::Product" /* AOC2019.framework */;
			productType = "com.apple.product-type.framework";
		};
		"aoc::AOC2020" /* AOC2020 */ = {
			isa = PBXNativeTarget;
			buildConfigurationList = OBJ_207 /* Build configuration list for PBXNativeTarget "AOC2020" */;
			buildPhases = (
				OBJ_210 /* Sources */,
				OBJ_235 /* Frameworks */,
			);
			buildRules = (
			);
			dependencies = (
				OBJ_237 /* PBXTargetDependency */,
			);
			name = AOC2020;
			productName = AOC2020;
			productReference = "aoc::AOC2020::Product" /* AOC2020.framework */;
			productType = "com.apple.product-type.framework";
		};
		"aoc::AOC2021" /* AOC2021 */ = {
			isa = PBXNativeTarget;
			buildConfigurationList = OBJ_238 /* Build configuration list for PBXNativeTarget "AOC2021" */;
			buildPhases = (
				OBJ_241 /* Sources */,
				OBJ_257 /* Frameworks */,
			);
			buildRules = (
			);
			dependencies = (
				OBJ_259 /* PBXTargetDependency */,
			);
			name = AOC2021;
			productName = AOC2021;
			productReference = "aoc::AOC2021::Product" /* AOC2021.framework */;
			productType = "com.apple.product-type.framework";
		};
		"aoc::AOC2022" /* AOC2022 */ = {
			isa = PBXNativeTarget;
			buildConfigurationList = OBJ_260 /* Build configuration list for PBXNativeTarget "AOC2022" */;
			buildPhases = (
				OBJ_263 /* Sources */,
				OBJ_266 /* Frameworks */,
			);
			buildRules = (
			);
			dependencies = (
				OBJ_268 /* PBXTargetDependency */,
			);
			name = AOC2022;
			productName = AOC2022;
			productReference = "aoc::AOC2022::Product" /* AOC2022.framework */;
			productType = "com.apple.product-type.framework";
		};
		"aoc::AOCShared" /* AOCShared */ = {
			isa = PBXNativeTarget;
			buildConfigurationList = OBJ_269 /* Build configuration list for PBXNativeTarget "AOCShared" */;
			buildPhases = (
				OBJ_272 /* Sources */,
				OBJ_281 /* Frameworks */,
			);
			buildRules = (
			);
			dependencies = (
			);
			name = AOCShared;
			packageProductDependencies = (
				00A83D70293941CF0079DA92 /* Collections */,
				00A83D72293941CF0079DA92 /* DequeModule */,
				00A83D74293941CF0079DA92 /* OrderedCollections */,
			);
			productName = AOCShared;
			productReference = "aoc::AOCShared::Product" /* AOCShared.framework */;
			productType = "com.apple.product-type.framework";
		};
		"aoc::AOCTests" /* AOCTests */ = {
			isa = PBXNativeTarget;
			buildConfigurationList = OBJ_283 /* Build configuration list for PBXNativeTarget "AOCTests" */;
			buildPhases = (
				OBJ_286 /* Sources */,
				OBJ_289 /* Frameworks */,
			);
			buildRules = (
			);
			dependencies = (
				OBJ_297 /* PBXTargetDependency */,
				OBJ_298 /* PBXTargetDependency */,
				OBJ_299 /* PBXTargetDependency */,
				OBJ_300 /* PBXTargetDependency */,
				OBJ_301 /* PBXTargetDependency */,
				OBJ_302 /* PBXTargetDependency */,
				OBJ_303 /* PBXTargetDependency */,
			);
			name = AOCTests;
			productName = AOCTests;
			productReference = "aoc::AOCTests::Product" /* AOCTests.xctest */;
			productType = "com.apple.product-type.bundle.unit-test";
		};
		"aoc::SwiftPMPackageDescription" /* Advent of CodePackageDescription */ = {
			isa = PBXNativeTarget;
			buildConfigurationList = OBJ_305 /* Build configuration list for PBXNativeTarget "Advent of CodePackageDescription" */;
			buildPhases = (
				OBJ_308 /* Sources */,
			);
			buildRules = (
			);
			dependencies = (
				00A83D58293940C60079DA92 /* PBXTargetDependency */,
				00A83D5A293940C60079DA92 /* PBXTargetDependency */,
				00A83D5C293940C60079DA92 /* PBXTargetDependency */,
				00A83D5E293940C60079DA92 /* PBXTargetDependency */,
				00A83D60293940C60079DA92 /* PBXTargetDependency */,
				00A83D62293940C60079DA92 /* PBXTargetDependency */,
				00A83D64293940C60079DA92 /* PBXTargetDependency */,
			);
			name = "Advent of CodePackageDescription";
			productName = "Advent of CodePackageDescription";
			productType = "com.apple.product-type.framework";
		};
		"aoc::trey" /* trey */ = {
			isa = PBXNativeTarget;
			buildConfigurationList = OBJ_316 /* Build configuration list for PBXNativeTarget "trey" */;
			buildPhases = (
				OBJ_319 /* Sources */,
				OBJ_321 /* Frameworks */,
			);
			buildRules = (
			);
			dependencies = (
				OBJ_329 /* PBXTargetDependency */,
				OBJ_330 /* PBXTargetDependency */,
				OBJ_331 /* PBXTargetDependency */,
				OBJ_332 /* PBXTargetDependency */,
				OBJ_333 /* PBXTargetDependency */,
				OBJ_334 /* PBXTargetDependency */,
				OBJ_335 /* PBXTargetDependency */,
			);
			name = trey;
			productName = trey;
			productReference = "aoc::trey::Product" /* trey */;
			productType = "com.apple.product-type.tool";
		};
/* End PBXNativeTarget section */

/* Begin PBXProject section */
		OBJ_1 /* Project object */ = {
			isa = PBXProject;
			attributes = {
				LastSwiftMigration = 9999;
				LastUpgradeCheck = 9999;
			};
			buildConfigurationList = OBJ_2 /* Build configuration list for PBXProject "Advent of Code" */;
			compatibilityVersion = "Xcode 3.2";
			developmentRegion = en;
			hasScannedForEncodings = 0;
			knownRegions = (
				en,
			);
			mainGroup = OBJ_5 /*  */;
			packageReferences = (
				00A83D65293941620079DA92 /* XCRemoteSwiftPackageReference "swift-algorithms" */,
				00A83D68293941720079DA92 /* XCRemoteSwiftPackageReference "swift-collections" */,
			);
			productRefGroup = OBJ_138 /* Products */;
			projectDirPath = "";
			projectRoot = "";
			targets = (
				"aoc::AOC" /* AOC */,
				"aoc::AOC2018" /* AOC2018 */,
				"aoc::AOC2019" /* AOC2019 */,
				"aoc::AOC2020" /* AOC2020 */,
				"aoc::AOC2021" /* AOC2021 */,
				"aoc::AOC2022" /* AOC2022 */,
				"aoc::AOCShared" /* AOCShared */,
				"aoc::AOCTests" /* AOCTests */,
				"aoc::SwiftPMPackageDescription" /* Advent of CodePackageDescription */,
				"aoc::Advent of CodePackageTests::ProductTarget" /* Advent of CodePackageTests */,
				"aoc::trey" /* trey */,
			);
		};
/* End PBXProject section */

/* Begin PBXSourcesBuildPhase section */
		OBJ_156 /* Sources */ = {
			isa = PBXSourcesBuildPhase;
			buildActionMask = 0;
			files = (
				OBJ_157 /* AOC.swift in Sources */,
			);
			runOnlyForDeploymentPostprocessing = 0;
		};
		OBJ_180 /* Sources */ = {
			isa = PBXSourcesBuildPhase;
			buildActionMask = 0;
			files = (
				OBJ_181 /* AOC2018.swift in Sources */,
				OBJ_182 /* Day1.swift in Sources */,
				OBJ_183 /* Day2.swift in Sources */,
				OBJ_184 /* Day3.swift in Sources */,
				OBJ_185 /* Day4.swift in Sources */,
			);
			runOnlyForDeploymentPostprocessing = 0;
		};
		OBJ_192 /* Sources */ = {
			isa = PBXSourcesBuildPhase;
			buildActionMask = 0;
			files = (
				OBJ_193 /* AOC2019.swift in Sources */,
				OBJ_194 /* Day1.swift in Sources */,
				OBJ_195 /* Day10.swift in Sources */,
				OBJ_196 /* Day11.swift in Sources */,
				OBJ_197 /* Day12.swift in Sources */,
				OBJ_198 /* Day13.swift in Sources */,
				00A83D76293942300079DA92 /* Intcode.swift in Sources */,
				OBJ_199 /* Day2.swift in Sources */,
				OBJ_200 /* Day5.swift in Sources */,
				OBJ_201 /* Amp.swift in Sources */,
				OBJ_202 /* Day7.swift in Sources */,
				OBJ_203 /* Day9.swift in Sources */,
			);
			runOnlyForDeploymentPostprocessing = 0;
		};
		OBJ_210 /* Sources */ = {
			isa = PBXSourcesBuildPhase;
			buildActionMask = 0;
			files = (
				OBJ_211 /* AOC2020.swift in Sources */,
				OBJ_212 /* Day1.swift in Sources */,
				OBJ_213 /* Day10.swift in Sources */,
				OBJ_214 /* Day11.swift in Sources */,
				OBJ_215 /* Day12.swift in Sources */,
				OBJ_216 /* Day13.swift in Sources */,
				OBJ_217 /* Day14.swift in Sources */,
				OBJ_218 /* Day15.swift in Sources */,
				OBJ_219 /* Day16.swift in Sources */,
				OBJ_220 /* Day17.swift in Sources */,
				OBJ_221 /* Day18.swift in Sources */,
				OBJ_222 /* Day19.swift in Sources */,
				OBJ_223 /* Day2.swift in Sources */,
				OBJ_224 /* Day20.swift in Sources */,
				OBJ_225 /* Day21.swift in Sources */,
				OBJ_226 /* Day22.swift in Sources */,
				OBJ_227 /* Day23.swift in Sources */,
				OBJ_228 /* Day3.swift in Sources */,
				OBJ_229 /* Day4.swift in Sources */,
				OBJ_230 /* Day5.swift in Sources */,
				OBJ_231 /* Day6.swift in Sources */,
				OBJ_232 /* Day7.swift in Sources */,
				OBJ_233 /* Day8.swift in Sources */,
				OBJ_234 /* Day9.swift in Sources */,
			);
			runOnlyForDeploymentPostprocessing = 0;
		};
		OBJ_241 /* Sources */ = {
			isa = PBXSourcesBuildPhase;
			buildActionMask = 0;
			files = (
				OBJ_242 /* AOC2021.swift in Sources */,
				OBJ_243 /* Day1.swift in Sources */,
				OBJ_244 /* Day10.swift in Sources */,
				OBJ_245 /* Day11.swift in Sources */,
				OBJ_246 /* Day12.swift in Sources */,
				OBJ_247 /* Day13.swift in Sources */,
				OBJ_248 /* Day14.swift in Sources */,
				OBJ_249 /* Day2.swift in Sources */,
				OBJ_250 /* Day3.swift in Sources */,
				OBJ_251 /* Day4.swift in Sources */,
				OBJ_252 /* Day5.swift in Sources */,
				OBJ_253 /* Day6.swift in Sources */,
				OBJ_254 /* Day7.swift in Sources */,
				OBJ_255 /* Day8.swift in Sources */,
				OBJ_256 /* Day9.swift in Sources */,
			);
			runOnlyForDeploymentPostprocessing = 0;
		};
		OBJ_263 /* Sources */ = {
			isa = PBXSourcesBuildPhase;
			buildActionMask = 0;
			files = (
				OBJ_264 /* AOC2022.swift in Sources */,
				OBJ_265 /* Day1.swift in Sources */,
			);
			runOnlyForDeploymentPostprocessing = 0;
		};
		OBJ_272 /* Sources */ = {
			isa = PBXSourcesBuildPhase;
			buildActionMask = 0;
			files = (
				OBJ_273 /* AOCShared.swift in Sources */,
				OBJ_274 /* Array.swift in Sources */,
				OBJ_275 /* Day.swift in Sources */,
				OBJ_276 /* Input.swift in Sources */,
				OBJ_277 /* Intcode.swift in Sources */,
				OBJ_278 /* Math.swift in Sources */,
				OBJ_279 /* Numbers.swift in Sources */,
				OBJ_280 /* String.swift in Sources */,
			);
			runOnlyForDeploymentPostprocessing = 0;
		};
		OBJ_286 /* Sources */ = {
			isa = PBXSourcesBuildPhase;
			buildActionMask = 0;
			files = (
				OBJ_287 /* AdventOfCodeTests.swift in Sources */,
				OBJ_288 /* XCTestManifests.swift in Sources */,
			);
			runOnlyForDeploymentPostprocessing = 0;
		};
		OBJ_308 /* Sources */ = {
			isa = PBXSourcesBuildPhase;
			buildActionMask = 0;
			files = (
				OBJ_309 /* Package.swift in Sources */,
			);
			runOnlyForDeploymentPostprocessing = 0;
		};
		OBJ_319 /* Sources */ = {
			isa = PBXSourcesBuildPhase;
			buildActionMask = 0;
			files = (
				OBJ_320 /* main.swift in Sources */,
			);
			runOnlyForDeploymentPostprocessing = 0;
		};
/* End PBXSourcesBuildPhase section */

/* Begin PBXTargetDependency section */
		00A83D58293940C60079DA92 /* PBXTargetDependency */ = {
			isa = PBXTargetDependency;
			target = "aoc::AOC" /* AOC */;
			targetProxy = 00A83D57293940C60079DA92 /* PBXContainerItemProxy */;
		};
		00A83D5A293940C60079DA92 /* PBXTargetDependency */ = {
			isa = PBXTargetDependency;
			target = "aoc::AOC2018" /* AOC2018 */;
			targetProxy = 00A83D59293940C60079DA92 /* PBXContainerItemProxy */;
		};
		00A83D5C293940C60079DA92 /* PBXTargetDependency */ = {
			isa = PBXTargetDependency;
			target = "aoc::AOC2019" /* AOC2019 */;
			targetProxy = 00A83D5B293940C60079DA92 /* PBXContainerItemProxy */;
		};
		00A83D5E293940C60079DA92 /* PBXTargetDependency */ = {
			isa = PBXTargetDependency;
			target = "aoc::AOC2020" /* AOC2020 */;
			targetProxy = 00A83D5D293940C60079DA92 /* PBXContainerItemProxy */;
		};
		00A83D60293940C60079DA92 /* PBXTargetDependency */ = {
			isa = PBXTargetDependency;
			target = "aoc::AOC2021" /* AOC2021 */;
			targetProxy = 00A83D5F293940C60079DA92 /* PBXContainerItemProxy */;
		};
		00A83D62293940C60079DA92 /* PBXTargetDependency */ = {
			isa = PBXTargetDependency;
			target = "aoc::AOC2022" /* AOC2022 */;
			targetProxy = 00A83D61293940C60079DA92 /* PBXContainerItemProxy */;
		};
		00A83D64293940C60079DA92 /* PBXTargetDependency */ = {
			isa = PBXTargetDependency;
			target = "aoc::AOCShared" /* AOCShared */;
			targetProxy = 00A83D63293940C60079DA92 /* PBXContainerItemProxy */;
		};
		OBJ_165 /* PBXTargetDependency */ = {
			isa = PBXTargetDependency;
			target = "aoc::AOC2022" /* AOC2022 */;
			targetProxy = 00A83D3E2939403D0079DA92 /* PBXContainerItemProxy */;
		};
		OBJ_167 /* PBXTargetDependency */ = {
			isa = PBXTargetDependency;
			target = "aoc::AOC2021" /* AOC2021 */;
			targetProxy = 00A83D402939403D0079DA92 /* PBXContainerItemProxy */;
		};
		OBJ_169 /* PBXTargetDependency */ = {
			isa = PBXTargetDependency;
			target = "aoc::AOC2020" /* AOC2020 */;
			targetProxy = 00A83D422939403D0079DA92 /* PBXContainerItemProxy */;
		};
		OBJ_171 /* PBXTargetDependency */ = {
			isa = PBXTargetDependency;
			target = "aoc::AOC2019" /* AOC2019 */;
			targetProxy = 00A83D442939403D0079DA92 /* PBXContainerItemProxy */;
		};
		OBJ_173 /* PBXTargetDependency */ = {
			isa = PBXTargetDependency;
			target = "aoc::AOC2018" /* AOC2018 */;
			targetProxy = 00A83D462939403D0079DA92 /* PBXContainerItemProxy */;
		};
		OBJ_175 /* PBXTargetDependency */ = {
			isa = PBXTargetDependency;
			target = "aoc::AOCShared" /* AOCShared */;
			targetProxy = 00A83D482939403D0079DA92 /* PBXContainerItemProxy */;
		};
		OBJ_188 /* PBXTargetDependency */ = {
			isa = PBXTargetDependency;
			target = "aoc::AOCShared" /* AOCShared */;
			targetProxy = 00A83D472939403D0079DA92 /* PBXContainerItemProxy */;
		};
		OBJ_206 /* PBXTargetDependency */ = {
			isa = PBXTargetDependency;
			target = "aoc::AOCShared" /* AOCShared */;
			targetProxy = 00A83D452939403D0079DA92 /* PBXContainerItemProxy */;
		};
		OBJ_237 /* PBXTargetDependency */ = {
			isa = PBXTargetDependency;
			target = "aoc::AOCShared" /* AOCShared */;
			targetProxy = 00A83D432939403D0079DA92 /* PBXContainerItemProxy */;
		};
		OBJ_259 /* PBXTargetDependency */ = {
			isa = PBXTargetDependency;
			target = "aoc::AOCShared" /* AOCShared */;
			targetProxy = 00A83D412939403D0079DA92 /* PBXContainerItemProxy */;
		};
		OBJ_268 /* PBXTargetDependency */ = {
			isa = PBXTargetDependency;
			target = "aoc::AOCShared" /* AOCShared */;
			targetProxy = 00A83D3F2939403D0079DA92 /* PBXContainerItemProxy */;
		};
		OBJ_297 /* PBXTargetDependency */ = {
			isa = PBXTargetDependency;
			target = "aoc::AOC" /* AOC */;
			targetProxy = 00A83D4F2939403D0079DA92 /* PBXContainerItemProxy */;
		};
		OBJ_298 /* PBXTargetDependency */ = {
			isa = PBXTargetDependency;
			target = "aoc::AOC2022" /* AOC2022 */;
			targetProxy = 00A83D502939403D0079DA92 /* PBXContainerItemProxy */;
		};
		OBJ_299 /* PBXTargetDependency */ = {
			isa = PBXTargetDependency;
			target = "aoc::AOC2021" /* AOC2021 */;
			targetProxy = 00A83D512939403D0079DA92 /* PBXContainerItemProxy */;
		};
		OBJ_300 /* PBXTargetDependency */ = {
			isa = PBXTargetDependency;
			target = "aoc::AOC2020" /* AOC2020 */;
			targetProxy = 00A83D522939403D0079DA92 /* PBXContainerItemProxy */;
		};
		OBJ_301 /* PBXTargetDependency */ = {
			isa = PBXTargetDependency;
			target = "aoc::AOC2019" /* AOC2019 */;
			targetProxy = 00A83D532939403D0079DA92 /* PBXContainerItemProxy */;
		};
		OBJ_302 /* PBXTargetDependency */ = {
			isa = PBXTargetDependency;
			target = "aoc::AOC2018" /* AOC2018 */;
			targetProxy = 00A83D542939403D0079DA92 /* PBXContainerItemProxy */;
		};
		OBJ_303 /* PBXTargetDependency */ = {
			isa = PBXTargetDependency;
			target = "aoc::AOCShared" /* AOCShared */;
			targetProxy = 00A83D552939403D0079DA92 /* PBXContainerItemProxy */;
		};
		OBJ_314 /* PBXTargetDependency */ = {
			isa = PBXTargetDependency;
			target = "aoc::AOCTests" /* AOCTests */;
			targetProxy = 00A83D562939403E0079DA92 /* PBXContainerItemProxy */;
		};
		OBJ_329 /* PBXTargetDependency */ = {
			isa = PBXTargetDependency;
			target = "aoc::AOC" /* AOC */;
			targetProxy = 00A83D3D2939403D0079DA92 /* PBXContainerItemProxy */;
		};
		OBJ_330 /* PBXTargetDependency */ = {
			isa = PBXTargetDependency;
			target = "aoc::AOC2022" /* AOC2022 */;
			targetProxy = 00A83D492939403D0079DA92 /* PBXContainerItemProxy */;
		};
		OBJ_331 /* PBXTargetDependency */ = {
			isa = PBXTargetDependency;
			target = "aoc::AOC2021" /* AOC2021 */;
			targetProxy = 00A83D4A2939403D0079DA92 /* PBXContainerItemProxy */;
		};
		OBJ_332 /* PBXTargetDependency */ = {
			isa = PBXTargetDependency;
			target = "aoc::AOC2020" /* AOC2020 */;
			targetProxy = 00A83D4B2939403D0079DA92 /* PBXContainerItemProxy */;
		};
		OBJ_333 /* PBXTargetDependency */ = {
			isa = PBXTargetDependency;
			target = "aoc::AOC2019" /* AOC2019 */;
			targetProxy = 00A83D4C2939403D0079DA92 /* PBXContainerItemProxy */;
		};
		OBJ_334 /* PBXTargetDependency */ = {
			isa = PBXTargetDependency;
			target = "aoc::AOC2018" /* AOC2018 */;
			targetProxy = 00A83D4D2939403D0079DA92 /* PBXContainerItemProxy */;
		};
		OBJ_335 /* PBXTargetDependency */ = {
			isa = PBXTargetDependency;
			target = "aoc::AOCShared" /* AOCShared */;
			targetProxy = 00A83D4E2939403D0079DA92 /* PBXContainerItemProxy */;
		};
/* End PBXTargetDependency section */

/* Begin XCBuildConfiguration section */
		OBJ_154 /* Debug */ = {
			isa = XCBuildConfiguration;
			buildSettings = {
				CURRENT_PROJECT_VERSION = 1;
				DRIVERKIT_DEPLOYMENT_TARGET = 19.0;
				ENABLE_TESTABILITY = YES;
				FRAMEWORK_SEARCH_PATHS = (
					"$(inherited)",
					"$(PLATFORM_DIR)/Developer/Library/Frameworks",
				);
				HEADER_SEARCH_PATHS = "$(inherited)";
				INFOPLIST_FILE = "Advent of Code.xcodeproj/AOC_Info.plist";
				IPHONEOS_DEPLOYMENT_TARGET = 11.0;
				LD_RUNPATH_SEARCH_PATHS = (
					"$(inherited)",
					"$(TOOLCHAIN_DIR)/usr/lib/swift/macosx",
				);
				MACOSX_DEPLOYMENT_TARGET = 10.14;
				OTHER_CFLAGS = "$(inherited)";
				OTHER_LDFLAGS = "$(inherited)";
				OTHER_SWIFT_FLAGS = "$(inherited)";
				PRODUCT_BUNDLE_IDENTIFIER = AOC;
				PRODUCT_MODULE_NAME = "$(TARGET_NAME:c99extidentifier)";
				PRODUCT_NAME = "$(TARGET_NAME:c99extidentifier)";
				SKIP_INSTALL = YES;
				SWIFT_ACTIVE_COMPILATION_CONDITIONS = "$(inherited)";
				SWIFT_VERSION = 5.0;
				TARGET_NAME = AOC;
				TVOS_DEPLOYMENT_TARGET = 11.0;
				WATCHOS_DEPLOYMENT_TARGET = 4.0;
			};
			name = Debug;
		};
		OBJ_155 /* Release */ = {
			isa = XCBuildConfiguration;
			buildSettings = {
				CURRENT_PROJECT_VERSION = 1;
				DRIVERKIT_DEPLOYMENT_TARGET = 19.0;
				ENABLE_TESTABILITY = YES;
				FRAMEWORK_SEARCH_PATHS = (
					"$(inherited)",
					"$(PLATFORM_DIR)/Developer/Library/Frameworks",
				);
				HEADER_SEARCH_PATHS = "$(inherited)";
				INFOPLIST_FILE = "Advent of Code.xcodeproj/AOC_Info.plist";
				IPHONEOS_DEPLOYMENT_TARGET = 11.0;
				LD_RUNPATH_SEARCH_PATHS = (
					"$(inherited)",
					"$(TOOLCHAIN_DIR)/usr/lib/swift/macosx",
				);
				MACOSX_DEPLOYMENT_TARGET = 10.14;
				OTHER_CFLAGS = "$(inherited)";
				OTHER_LDFLAGS = "$(inherited)";
				OTHER_SWIFT_FLAGS = "$(inherited)";
				PRODUCT_BUNDLE_IDENTIFIER = AOC;
				PRODUCT_MODULE_NAME = "$(TARGET_NAME:c99extidentifier)";
				PRODUCT_NAME = "$(TARGET_NAME:c99extidentifier)";
				SKIP_INSTALL = YES;
				SWIFT_ACTIVE_COMPILATION_CONDITIONS = "$(inherited)";
				SWIFT_VERSION = 5.0;
				TARGET_NAME = AOC;
				TVOS_DEPLOYMENT_TARGET = 11.0;
				WATCHOS_DEPLOYMENT_TARGET = 4.0;
			};
			name = Release;
		};
		OBJ_178 /* Debug */ = {
			isa = XCBuildConfiguration;
			buildSettings = {
				CURRENT_PROJECT_VERSION = 1;
				DRIVERKIT_DEPLOYMENT_TARGET = 19.0;
				ENABLE_TESTABILITY = YES;
				FRAMEWORK_SEARCH_PATHS = (
					"$(inherited)",
					"$(PLATFORM_DIR)/Developer/Library/Frameworks",
				);
				HEADER_SEARCH_PATHS = "$(inherited)";
				INFOPLIST_FILE = "Advent of Code.xcodeproj/AOC2018_Info.plist";
				IPHONEOS_DEPLOYMENT_TARGET = 11.0;
				LD_RUNPATH_SEARCH_PATHS = (
					"$(inherited)",
					"$(TOOLCHAIN_DIR)/usr/lib/swift/macosx",
				);
				MACOSX_DEPLOYMENT_TARGET = 10.14;
				OTHER_CFLAGS = "$(inherited)";
				OTHER_LDFLAGS = "$(inherited)";
				OTHER_SWIFT_FLAGS = "$(inherited)";
				PRODUCT_BUNDLE_IDENTIFIER = AOC2018;
				PRODUCT_MODULE_NAME = "$(TARGET_NAME:c99extidentifier)";
				PRODUCT_NAME = "$(TARGET_NAME:c99extidentifier)";
				SKIP_INSTALL = YES;
				SWIFT_ACTIVE_COMPILATION_CONDITIONS = "$(inherited)";
				SWIFT_VERSION = 5.0;
				TARGET_NAME = AOC2018;
				TVOS_DEPLOYMENT_TARGET = 11.0;
				WATCHOS_DEPLOYMENT_TARGET = 4.0;
			};
			name = Debug;
		};
		OBJ_179 /* Release */ = {
			isa = XCBuildConfiguration;
			buildSettings = {
				CURRENT_PROJECT_VERSION = 1;
				DRIVERKIT_DEPLOYMENT_TARGET = 19.0;
				ENABLE_TESTABILITY = YES;
				FRAMEWORK_SEARCH_PATHS = (
					"$(inherited)",
					"$(PLATFORM_DIR)/Developer/Library/Frameworks",
				);
				HEADER_SEARCH_PATHS = "$(inherited)";
				INFOPLIST_FILE = "Advent of Code.xcodeproj/AOC2018_Info.plist";
				IPHONEOS_DEPLOYMENT_TARGET = 11.0;
				LD_RUNPATH_SEARCH_PATHS = (
					"$(inherited)",
					"$(TOOLCHAIN_DIR)/usr/lib/swift/macosx",
				);
				MACOSX_DEPLOYMENT_TARGET = 10.14;
				OTHER_CFLAGS = "$(inherited)";
				OTHER_LDFLAGS = "$(inherited)";
				OTHER_SWIFT_FLAGS = "$(inherited)";
				PRODUCT_BUNDLE_IDENTIFIER = AOC2018;
				PRODUCT_MODULE_NAME = "$(TARGET_NAME:c99extidentifier)";
				PRODUCT_NAME = "$(TARGET_NAME:c99extidentifier)";
				SKIP_INSTALL = YES;
				SWIFT_ACTIVE_COMPILATION_CONDITIONS = "$(inherited)";
				SWIFT_VERSION = 5.0;
				TARGET_NAME = AOC2018;
				TVOS_DEPLOYMENT_TARGET = 11.0;
				WATCHOS_DEPLOYMENT_TARGET = 4.0;
			};
			name = Release;
		};
		OBJ_190 /* Debug */ = {
			isa = XCBuildConfiguration;
			buildSettings = {
				CURRENT_PROJECT_VERSION = 1;
				DRIVERKIT_DEPLOYMENT_TARGET = 19.0;
				ENABLE_TESTABILITY = YES;
				FRAMEWORK_SEARCH_PATHS = (
					"$(inherited)",
					"$(PLATFORM_DIR)/Developer/Library/Frameworks",
				);
				HEADER_SEARCH_PATHS = "$(inherited)";
				INFOPLIST_FILE = "Advent of Code.xcodeproj/AOC2019_Info.plist";
				IPHONEOS_DEPLOYMENT_TARGET = 11.0;
				LD_RUNPATH_SEARCH_PATHS = (
					"$(inherited)",
					"$(TOOLCHAIN_DIR)/usr/lib/swift/macosx",
				);
				MACOSX_DEPLOYMENT_TARGET = 10.14;
				OTHER_CFLAGS = "$(inherited)";
				OTHER_LDFLAGS = "$(inherited)";
				OTHER_SWIFT_FLAGS = "$(inherited)";
				PRODUCT_BUNDLE_IDENTIFIER = AOC2019;
				PRODUCT_MODULE_NAME = "$(TARGET_NAME:c99extidentifier)";
				PRODUCT_NAME = "$(TARGET_NAME:c99extidentifier)";
				SKIP_INSTALL = YES;
				SWIFT_ACTIVE_COMPILATION_CONDITIONS = "$(inherited)";
				SWIFT_VERSION = 5.0;
				TARGET_NAME = AOC2019;
				TVOS_DEPLOYMENT_TARGET = 11.0;
				WATCHOS_DEPLOYMENT_TARGET = 4.0;
			};
			name = Debug;
		};
		OBJ_191 /* Release */ = {
			isa = XCBuildConfiguration;
			buildSettings = {
				CURRENT_PROJECT_VERSION = 1;
				DRIVERKIT_DEPLOYMENT_TARGET = 19.0;
				ENABLE_TESTABILITY = YES;
				FRAMEWORK_SEARCH_PATHS = (
					"$(inherited)",
					"$(PLATFORM_DIR)/Developer/Library/Frameworks",
				);
				HEADER_SEARCH_PATHS = "$(inherited)";
				INFOPLIST_FILE = "Advent of Code.xcodeproj/AOC2019_Info.plist";
				IPHONEOS_DEPLOYMENT_TARGET = 11.0;
				LD_RUNPATH_SEARCH_PATHS = (
					"$(inherited)",
					"$(TOOLCHAIN_DIR)/usr/lib/swift/macosx",
				);
				MACOSX_DEPLOYMENT_TARGET = 10.14;
				OTHER_CFLAGS = "$(inherited)";
				OTHER_LDFLAGS = "$(inherited)";
				OTHER_SWIFT_FLAGS = "$(inherited)";
				PRODUCT_BUNDLE_IDENTIFIER = AOC2019;
				PRODUCT_MODULE_NAME = "$(TARGET_NAME:c99extidentifier)";
				PRODUCT_NAME = "$(TARGET_NAME:c99extidentifier)";
				SKIP_INSTALL = YES;
				SWIFT_ACTIVE_COMPILATION_CONDITIONS = "$(inherited)";
				SWIFT_VERSION = 5.0;
				TARGET_NAME = AOC2019;
				TVOS_DEPLOYMENT_TARGET = 11.0;
				WATCHOS_DEPLOYMENT_TARGET = 4.0;
			};
			name = Release;
		};
		OBJ_208 /* Debug */ = {
			isa = XCBuildConfiguration;
			buildSettings = {
				CURRENT_PROJECT_VERSION = 1;
				DRIVERKIT_DEPLOYMENT_TARGET = 19.0;
				ENABLE_TESTABILITY = YES;
				FRAMEWORK_SEARCH_PATHS = (
					"$(inherited)",
					"$(PLATFORM_DIR)/Developer/Library/Frameworks",
				);
				HEADER_SEARCH_PATHS = "$(inherited)";
				INFOPLIST_FILE = "Advent of Code.xcodeproj/AOC2020_Info.plist";
				IPHONEOS_DEPLOYMENT_TARGET = 11.0;
				LD_RUNPATH_SEARCH_PATHS = (
					"$(inherited)",
					"$(TOOLCHAIN_DIR)/usr/lib/swift/macosx",
				);
				MACOSX_DEPLOYMENT_TARGET = 10.14;
				OTHER_CFLAGS = "$(inherited)";
				OTHER_LDFLAGS = "$(inherited)";
				OTHER_SWIFT_FLAGS = "$(inherited)";
				PRODUCT_BUNDLE_IDENTIFIER = AOC2020;
				PRODUCT_MODULE_NAME = "$(TARGET_NAME:c99extidentifier)";
				PRODUCT_NAME = "$(TARGET_NAME:c99extidentifier)";
				SKIP_INSTALL = YES;
				SWIFT_ACTIVE_COMPILATION_CONDITIONS = "$(inherited)";
				SWIFT_VERSION = 5.0;
				TARGET_NAME = AOC2020;
				TVOS_DEPLOYMENT_TARGET = 11.0;
				WATCHOS_DEPLOYMENT_TARGET = 4.0;
			};
			name = Debug;
		};
		OBJ_209 /* Release */ = {
			isa = XCBuildConfiguration;
			buildSettings = {
				CURRENT_PROJECT_VERSION = 1;
				DRIVERKIT_DEPLOYMENT_TARGET = 19.0;
				ENABLE_TESTABILITY = YES;
				FRAMEWORK_SEARCH_PATHS = (
					"$(inherited)",
					"$(PLATFORM_DIR)/Developer/Library/Frameworks",
				);
				HEADER_SEARCH_PATHS = "$(inherited)";
				INFOPLIST_FILE = "Advent of Code.xcodeproj/AOC2020_Info.plist";
				IPHONEOS_DEPLOYMENT_TARGET = 11.0;
				LD_RUNPATH_SEARCH_PATHS = (
					"$(inherited)",
					"$(TOOLCHAIN_DIR)/usr/lib/swift/macosx",
				);
				MACOSX_DEPLOYMENT_TARGET = 10.14;
				OTHER_CFLAGS = "$(inherited)";
				OTHER_LDFLAGS = "$(inherited)";
				OTHER_SWIFT_FLAGS = "$(inherited)";
				PRODUCT_BUNDLE_IDENTIFIER = AOC2020;
				PRODUCT_MODULE_NAME = "$(TARGET_NAME:c99extidentifier)";
				PRODUCT_NAME = "$(TARGET_NAME:c99extidentifier)";
				SKIP_INSTALL = YES;
				SWIFT_ACTIVE_COMPILATION_CONDITIONS = "$(inherited)";
				SWIFT_VERSION = 5.0;
				TARGET_NAME = AOC2020;
				TVOS_DEPLOYMENT_TARGET = 11.0;
				WATCHOS_DEPLOYMENT_TARGET = 4.0;
			};
			name = Release;
		};
		OBJ_239 /* Debug */ = {
			isa = XCBuildConfiguration;
			buildSettings = {
				CURRENT_PROJECT_VERSION = 1;
				DRIVERKIT_DEPLOYMENT_TARGET = 19.0;
				ENABLE_TESTABILITY = YES;
				FRAMEWORK_SEARCH_PATHS = (
					"$(inherited)",
					"$(PLATFORM_DIR)/Developer/Library/Frameworks",
				);
				HEADER_SEARCH_PATHS = "$(inherited)";
				INFOPLIST_FILE = "Advent of Code.xcodeproj/AOC2021_Info.plist";
				IPHONEOS_DEPLOYMENT_TARGET = 11.0;
				LD_RUNPATH_SEARCH_PATHS = (
					"$(inherited)",
					"$(TOOLCHAIN_DIR)/usr/lib/swift/macosx",
				);
				MACOSX_DEPLOYMENT_TARGET = 10.14;
				OTHER_CFLAGS = "$(inherited)";
				OTHER_LDFLAGS = "$(inherited)";
				OTHER_SWIFT_FLAGS = "$(inherited)";
				PRODUCT_BUNDLE_IDENTIFIER = AOC2021;
				PRODUCT_MODULE_NAME = "$(TARGET_NAME:c99extidentifier)";
				PRODUCT_NAME = "$(TARGET_NAME:c99extidentifier)";
				SKIP_INSTALL = YES;
				SWIFT_ACTIVE_COMPILATION_CONDITIONS = "$(inherited)";
				SWIFT_VERSION = 5.0;
				TARGET_NAME = AOC2021;
				TVOS_DEPLOYMENT_TARGET = 11.0;
				WATCHOS_DEPLOYMENT_TARGET = 4.0;
			};
			name = Debug;
		};
		OBJ_240 /* Release */ = {
			isa = XCBuildConfiguration;
			buildSettings = {
				CURRENT_PROJECT_VERSION = 1;
				DRIVERKIT_DEPLOYMENT_TARGET = 19.0;
				ENABLE_TESTABILITY = YES;
				FRAMEWORK_SEARCH_PATHS = (
					"$(inherited)",
					"$(PLATFORM_DIR)/Developer/Library/Frameworks",
				);
				HEADER_SEARCH_PATHS = "$(inherited)";
				INFOPLIST_FILE = "Advent of Code.xcodeproj/AOC2021_Info.plist";
				IPHONEOS_DEPLOYMENT_TARGET = 11.0;
				LD_RUNPATH_SEARCH_PATHS = (
					"$(inherited)",
					"$(TOOLCHAIN_DIR)/usr/lib/swift/macosx",
				);
				MACOSX_DEPLOYMENT_TARGET = 10.14;
				OTHER_CFLAGS = "$(inherited)";
				OTHER_LDFLAGS = "$(inherited)";
				OTHER_SWIFT_FLAGS = "$(inherited)";
				PRODUCT_BUNDLE_IDENTIFIER = AOC2021;
				PRODUCT_MODULE_NAME = "$(TARGET_NAME:c99extidentifier)";
				PRODUCT_NAME = "$(TARGET_NAME:c99extidentifier)";
				SKIP_INSTALL = YES;
				SWIFT_ACTIVE_COMPILATION_CONDITIONS = "$(inherited)";
				SWIFT_VERSION = 5.0;
				TARGET_NAME = AOC2021;
				TVOS_DEPLOYMENT_TARGET = 11.0;
				WATCHOS_DEPLOYMENT_TARGET = 4.0;
			};
			name = Release;
		};
		OBJ_261 /* Debug */ = {
			isa = XCBuildConfiguration;
			buildSettings = {
				CURRENT_PROJECT_VERSION = 1;
				DRIVERKIT_DEPLOYMENT_TARGET = 19.0;
				ENABLE_TESTABILITY = YES;
				FRAMEWORK_SEARCH_PATHS = (
					"$(inherited)",
					"$(PLATFORM_DIR)/Developer/Library/Frameworks",
				);
				HEADER_SEARCH_PATHS = "$(inherited)";
				INFOPLIST_FILE = "Advent of Code.xcodeproj/AOC2022_Info.plist";
				IPHONEOS_DEPLOYMENT_TARGET = 11.0;
				LD_RUNPATH_SEARCH_PATHS = (
					"$(inherited)",
					"$(TOOLCHAIN_DIR)/usr/lib/swift/macosx",
				);
				MACOSX_DEPLOYMENT_TARGET = 10.14;
				OTHER_CFLAGS = "$(inherited)";
				OTHER_LDFLAGS = "$(inherited)";
				OTHER_SWIFT_FLAGS = "$(inherited)";
				PRODUCT_BUNDLE_IDENTIFIER = AOC2022;
				PRODUCT_MODULE_NAME = "$(TARGET_NAME:c99extidentifier)";
				PRODUCT_NAME = "$(TARGET_NAME:c99extidentifier)";
				SKIP_INSTALL = YES;
				SWIFT_ACTIVE_COMPILATION_CONDITIONS = "$(inherited)";
				SWIFT_VERSION = 5.0;
				TARGET_NAME = AOC2022;
				TVOS_DEPLOYMENT_TARGET = 11.0;
				WATCHOS_DEPLOYMENT_TARGET = 4.0;
			};
			name = Debug;
		};
		OBJ_262 /* Release */ = {
			isa = XCBuildConfiguration;
			buildSettings = {
				CURRENT_PROJECT_VERSION = 1;
				DRIVERKIT_DEPLOYMENT_TARGET = 19.0;
				ENABLE_TESTABILITY = YES;
				FRAMEWORK_SEARCH_PATHS = (
					"$(inherited)",
					"$(PLATFORM_DIR)/Developer/Library/Frameworks",
				);
				HEADER_SEARCH_PATHS = "$(inherited)";
				INFOPLIST_FILE = "Advent of Code.xcodeproj/AOC2022_Info.plist";
				IPHONEOS_DEPLOYMENT_TARGET = 11.0;
				LD_RUNPATH_SEARCH_PATHS = (
					"$(inherited)",
					"$(TOOLCHAIN_DIR)/usr/lib/swift/macosx",
				);
				MACOSX_DEPLOYMENT_TARGET = 10.14;
				OTHER_CFLAGS = "$(inherited)";
				OTHER_LDFLAGS = "$(inherited)";
				OTHER_SWIFT_FLAGS = "$(inherited)";
				PRODUCT_BUNDLE_IDENTIFIER = AOC2022;
				PRODUCT_MODULE_NAME = "$(TARGET_NAME:c99extidentifier)";
				PRODUCT_NAME = "$(TARGET_NAME:c99extidentifier)";
				SKIP_INSTALL = YES;
				SWIFT_ACTIVE_COMPILATION_CONDITIONS = "$(inherited)";
				SWIFT_VERSION = 5.0;
				TARGET_NAME = AOC2022;
				TVOS_DEPLOYMENT_TARGET = 11.0;
				WATCHOS_DEPLOYMENT_TARGET = 4.0;
			};
			name = Release;
		};
		OBJ_270 /* Debug */ = {
			isa = XCBuildConfiguration;
			buildSettings = {
				CURRENT_PROJECT_VERSION = 1;
				DRIVERKIT_DEPLOYMENT_TARGET = 19.0;
				ENABLE_TESTABILITY = YES;
				FRAMEWORK_SEARCH_PATHS = (
					"$(inherited)",
					"$(PLATFORM_DIR)/Developer/Library/Frameworks",
				);
				HEADER_SEARCH_PATHS = "$(inherited)";
				INFOPLIST_FILE = "Advent of Code.xcodeproj/AOCShared_Info.plist";
				IPHONEOS_DEPLOYMENT_TARGET = 11.0;
				LD_RUNPATH_SEARCH_PATHS = (
					"$(inherited)",
					"$(TOOLCHAIN_DIR)/usr/lib/swift/macosx",
				);
				MACOSX_DEPLOYMENT_TARGET = 10.14;
				OTHER_CFLAGS = "$(inherited)";
				OTHER_LDFLAGS = "$(inherited)";
				OTHER_SWIFT_FLAGS = "$(inherited)";
				PRODUCT_BUNDLE_IDENTIFIER = AOCShared;
				PRODUCT_MODULE_NAME = "$(TARGET_NAME:c99extidentifier)";
				PRODUCT_NAME = "$(TARGET_NAME:c99extidentifier)";
				SKIP_INSTALL = YES;
				SWIFT_ACTIVE_COMPILATION_CONDITIONS = "$(inherited)";
				SWIFT_VERSION = 5.0;
				TARGET_NAME = AOCShared;
				TVOS_DEPLOYMENT_TARGET = 11.0;
				WATCHOS_DEPLOYMENT_TARGET = 4.0;
			};
			name = Debug;
		};
		OBJ_271 /* Release */ = {
			isa = XCBuildConfiguration;
			buildSettings = {
				CURRENT_PROJECT_VERSION = 1;
				DRIVERKIT_DEPLOYMENT_TARGET = 19.0;
				ENABLE_TESTABILITY = YES;
				FRAMEWORK_SEARCH_PATHS = (
					"$(inherited)",
					"$(PLATFORM_DIR)/Developer/Library/Frameworks",
				);
				HEADER_SEARCH_PATHS = "$(inherited)";
				INFOPLIST_FILE = "Advent of Code.xcodeproj/AOCShared_Info.plist";
				IPHONEOS_DEPLOYMENT_TARGET = 11.0;
				LD_RUNPATH_SEARCH_PATHS = (
					"$(inherited)",
					"$(TOOLCHAIN_DIR)/usr/lib/swift/macosx",
				);
				MACOSX_DEPLOYMENT_TARGET = 10.14;
				OTHER_CFLAGS = "$(inherited)";
				OTHER_LDFLAGS = "$(inherited)";
				OTHER_SWIFT_FLAGS = "$(inherited)";
				PRODUCT_BUNDLE_IDENTIFIER = AOCShared;
				PRODUCT_MODULE_NAME = "$(TARGET_NAME:c99extidentifier)";
				PRODUCT_NAME = "$(TARGET_NAME:c99extidentifier)";
				SKIP_INSTALL = YES;
				SWIFT_ACTIVE_COMPILATION_CONDITIONS = "$(inherited)";
				SWIFT_VERSION = 5.0;
				TARGET_NAME = AOCShared;
				TVOS_DEPLOYMENT_TARGET = 11.0;
				WATCHOS_DEPLOYMENT_TARGET = 4.0;
			};
			name = Release;
		};
		OBJ_284 /* Debug */ = {
			isa = XCBuildConfiguration;
			buildSettings = {
				CLANG_ENABLE_MODULES = YES;
				CURRENT_PROJECT_VERSION = 1;
				DRIVERKIT_DEPLOYMENT_TARGET = 19.0;
				EMBEDDED_CONTENT_CONTAINS_SWIFT = YES;
				FRAMEWORK_SEARCH_PATHS = (
					"$(inherited)",
					"$(PLATFORM_DIR)/Developer/Library/Frameworks",
				);
				HEADER_SEARCH_PATHS = "$(inherited)";
				INFOPLIST_FILE = "Advent of Code.xcodeproj/AOCTests_Info.plist";
				IPHONEOS_DEPLOYMENT_TARGET = 14.0;
				LD_RUNPATH_SEARCH_PATHS = (
					"$(inherited)",
					"@loader_path/../Frameworks",
					"@loader_path/Frameworks",
				);
				MACOSX_DEPLOYMENT_TARGET = 11.0;
				OTHER_CFLAGS = "$(inherited)";
				OTHER_LDFLAGS = "$(inherited)";
				OTHER_SWIFT_FLAGS = "$(inherited)";
				SWIFT_ACTIVE_COMPILATION_CONDITIONS = "$(inherited)";
				SWIFT_VERSION = 5.0;
				TARGET_NAME = AOCTests;
				TVOS_DEPLOYMENT_TARGET = 14.0;
				WATCHOS_DEPLOYMENT_TARGET = 7.0;
			};
			name = Debug;
		};
		OBJ_285 /* Release */ = {
			isa = XCBuildConfiguration;
			buildSettings = {
				CLANG_ENABLE_MODULES = YES;
				CURRENT_PROJECT_VERSION = 1;
				DRIVERKIT_DEPLOYMENT_TARGET = 19.0;
				EMBEDDED_CONTENT_CONTAINS_SWIFT = YES;
				FRAMEWORK_SEARCH_PATHS = (
					"$(inherited)",
					"$(PLATFORM_DIR)/Developer/Library/Frameworks",
				);
				HEADER_SEARCH_PATHS = "$(inherited)";
				INFOPLIST_FILE = "Advent of Code.xcodeproj/AOCTests_Info.plist";
				IPHONEOS_DEPLOYMENT_TARGET = 14.0;
				LD_RUNPATH_SEARCH_PATHS = (
					"$(inherited)",
					"@loader_path/../Frameworks",
					"@loader_path/Frameworks",
				);
				MACOSX_DEPLOYMENT_TARGET = 11.0;
				OTHER_CFLAGS = "$(inherited)";
				OTHER_LDFLAGS = "$(inherited)";
				OTHER_SWIFT_FLAGS = "$(inherited)";
				SWIFT_ACTIVE_COMPILATION_CONDITIONS = "$(inherited)";
				SWIFT_VERSION = 5.0;
				TARGET_NAME = AOCTests;
				TVOS_DEPLOYMENT_TARGET = 14.0;
				WATCHOS_DEPLOYMENT_TARGET = 7.0;
			};
			name = Release;
		};
		OBJ_3 /* Debug */ = {
			isa = XCBuildConfiguration;
			buildSettings = {
				CLANG_ENABLE_OBJC_ARC = YES;
				COMBINE_HIDPI_IMAGES = YES;
				COPY_PHASE_STRIP = NO;
				DEBUG_INFORMATION_FORMAT = dwarf;
				DYLIB_INSTALL_NAME_BASE = "@rpath";
				ENABLE_NS_ASSERTIONS = YES;
				GCC_OPTIMIZATION_LEVEL = 0;
				GCC_PREPROCESSOR_DEFINITIONS = (
					"$(inherited)",
					"SWIFT_PACKAGE=1",
					"DEBUG=1",
				);
				MACOSX_DEPLOYMENT_TARGET = 10.10;
				ONLY_ACTIVE_ARCH = YES;
				OTHER_SWIFT_FLAGS = "$(inherited) -DXcode";
				PRODUCT_NAME = "$(TARGET_NAME)";
				SDKROOT = macosx;
				SUPPORTED_PLATFORMS = "$(AVAILABLE_PLATFORMS)";
				SUPPORTS_MACCATALYST = YES;
				SWIFT_ACTIVE_COMPILATION_CONDITIONS = "$(inherited) SWIFT_PACKAGE DEBUG";
				SWIFT_OPTIMIZATION_LEVEL = "-Onone";
				USE_HEADERMAP = NO;
			};
			name = Debug;
		};
		OBJ_306 /* Debug */ = {
			isa = XCBuildConfiguration;
			buildSettings = {
				LD = /usr/bin/true;
				OTHER_SWIFT_FLAGS = "-swift-version 5 -I $(TOOLCHAIN_DIR)/usr/lib/swift/pm/ManifestAPI -sdk /Applications/Xcode.app/Contents/Developer/Platforms/MacOSX.platform/Developer/SDKs/MacOSX12.3.sdk -package-description-version 5.1.0";
				SWIFT_VERSION = 5.0;
			};
			name = Debug;
		};
		OBJ_307 /* Release */ = {
			isa = XCBuildConfiguration;
			buildSettings = {
				LD = /usr/bin/true;
				OTHER_SWIFT_FLAGS = "-swift-version 5 -I $(TOOLCHAIN_DIR)/usr/lib/swift/pm/ManifestAPI -sdk /Applications/Xcode.app/Contents/Developer/Platforms/MacOSX.platform/Developer/SDKs/MacOSX12.3.sdk -package-description-version 5.1.0";
				SWIFT_VERSION = 5.0;
			};
			name = Release;
		};
		OBJ_312 /* Debug */ = {
			isa = XCBuildConfiguration;
			buildSettings = {
			};
			name = Debug;
		};
		OBJ_313 /* Release */ = {
			isa = XCBuildConfiguration;
			buildSettings = {
			};
			name = Release;
		};
		OBJ_317 /* Debug */ = {
			isa = XCBuildConfiguration;
			buildSettings = {
				CURRENT_PROJECT_VERSION = 1;
				DRIVERKIT_DEPLOYMENT_TARGET = 19.0;
				FRAMEWORK_SEARCH_PATHS = (
					"$(inherited)",
					"$(PLATFORM_DIR)/Developer/Library/Frameworks",
				);
				HEADER_SEARCH_PATHS = "$(inherited)";
				INFOPLIST_FILE = "Advent of Code.xcodeproj/trey_Info.plist";
				IPHONEOS_DEPLOYMENT_TARGET = 11.0;
				LD_RUNPATH_SEARCH_PATHS = (
					"$(inherited)",
					"$(TOOLCHAIN_DIR)/usr/lib/swift/macosx",
					"@executable_path",
				);
				MACOSX_DEPLOYMENT_TARGET = 10.14;
				OTHER_CFLAGS = "$(inherited)";
				OTHER_LDFLAGS = "$(inherited)";
				OTHER_SWIFT_FLAGS = "$(inherited)";
				SWIFT_ACTIVE_COMPILATION_CONDITIONS = "$(inherited)";
				SWIFT_FORCE_DYNAMIC_LINK_STDLIB = YES;
				SWIFT_FORCE_STATIC_LINK_STDLIB = NO;
				SWIFT_VERSION = 5.0;
				TARGET_NAME = trey;
				TVOS_DEPLOYMENT_TARGET = 11.0;
				WATCHOS_DEPLOYMENT_TARGET = 4.0;
			};
			name = Debug;
		};
		OBJ_318 /* Release */ = {
			isa = XCBuildConfiguration;
			buildSettings = {
				CURRENT_PROJECT_VERSION = 1;
				DRIVERKIT_DEPLOYMENT_TARGET = 19.0;
				FRAMEWORK_SEARCH_PATHS = (
					"$(inherited)",
					"$(PLATFORM_DIR)/Developer/Library/Frameworks",
				);
				HEADER_SEARCH_PATHS = "$(inherited)";
				INFOPLIST_FILE = "Advent of Code.xcodeproj/trey_Info.plist";
				IPHONEOS_DEPLOYMENT_TARGET = 11.0;
				LD_RUNPATH_SEARCH_PATHS = (
					"$(inherited)",
					"$(TOOLCHAIN_DIR)/usr/lib/swift/macosx",
					"@executable_path",
				);
				MACOSX_DEPLOYMENT_TARGET = 10.14;
				OTHER_CFLAGS = "$(inherited)";
				OTHER_LDFLAGS = "$(inherited)";
				OTHER_SWIFT_FLAGS = "$(inherited)";
				SWIFT_ACTIVE_COMPILATION_CONDITIONS = "$(inherited)";
				SWIFT_FORCE_DYNAMIC_LINK_STDLIB = YES;
				SWIFT_FORCE_STATIC_LINK_STDLIB = NO;
				SWIFT_VERSION = 5.0;
				TARGET_NAME = trey;
				TVOS_DEPLOYMENT_TARGET = 11.0;
				WATCHOS_DEPLOYMENT_TARGET = 4.0;
			};
			name = Release;
		};
		OBJ_4 /* Release */ = {
			isa = XCBuildConfiguration;
			buildSettings = {
				CLANG_ENABLE_OBJC_ARC = YES;
				COMBINE_HIDPI_IMAGES = YES;
				COPY_PHASE_STRIP = YES;
				DEBUG_INFORMATION_FORMAT = "dwarf-with-dsym";
				DYLIB_INSTALL_NAME_BASE = "@rpath";
				GCC_OPTIMIZATION_LEVEL = s;
				GCC_PREPROCESSOR_DEFINITIONS = (
					"$(inherited)",
					"SWIFT_PACKAGE=1",
				);
				MACOSX_DEPLOYMENT_TARGET = 10.10;
				OTHER_SWIFT_FLAGS = "$(inherited) -DXcode";
				PRODUCT_NAME = "$(TARGET_NAME)";
				SDKROOT = macosx;
				SUPPORTED_PLATFORMS = "$(AVAILABLE_PLATFORMS)";
				SUPPORTS_MACCATALYST = YES;
				SWIFT_ACTIVE_COMPILATION_CONDITIONS = "$(inherited) SWIFT_PACKAGE";
				SWIFT_COMPILATION_MODE = wholemodule;
				SWIFT_OPTIMIZATION_LEVEL = "-O";
				USE_HEADERMAP = NO;
			};
			name = Release;
		};
/* End XCBuildConfiguration section */

/* Begin XCConfigurationList section */
		OBJ_153 /* Build configuration list for PBXNativeTarget "AOC" */ = {
			isa = XCConfigurationList;
			buildConfigurations = (
				OBJ_154 /* Debug */,
				OBJ_155 /* Release */,
			);
			defaultConfigurationIsVisible = 0;
			defaultConfigurationName = Release;
		};
		OBJ_177 /* Build configuration list for PBXNativeTarget "AOC2018" */ = {
			isa = XCConfigurationList;
			buildConfigurations = (
				OBJ_178 /* Debug */,
				OBJ_179 /* Release */,
			);
			defaultConfigurationIsVisible = 0;
			defaultConfigurationName = Release;
		};
		OBJ_189 /* Build configuration list for PBXNativeTarget "AOC2019" */ = {
			isa = XCConfigurationList;
			buildConfigurations = (
				OBJ_190 /* Debug */,
				OBJ_191 /* Release */,
			);
			defaultConfigurationIsVisible = 0;
			defaultConfigurationName = Release;
		};
		OBJ_2 /* Build configuration list for PBXProject "Advent of Code" */ = {
			isa = XCConfigurationList;
			buildConfigurations = (
				OBJ_3 /* Debug */,
				OBJ_4 /* Release */,
			);
			defaultConfigurationIsVisible = 0;
			defaultConfigurationName = Release;
		};
		OBJ_207 /* Build configuration list for PBXNativeTarget "AOC2020" */ = {
			isa = XCConfigurationList;
			buildConfigurations = (
				OBJ_208 /* Debug */,
				OBJ_209 /* Release */,
			);
			defaultConfigurationIsVisible = 0;
			defaultConfigurationName = Release;
		};
		OBJ_238 /* Build configuration list for PBXNativeTarget "AOC2021" */ = {
			isa = XCConfigurationList;
			buildConfigurations = (
				OBJ_239 /* Debug */,
				OBJ_240 /* Release */,
			);
			defaultConfigurationIsVisible = 0;
			defaultConfigurationName = Release;
		};
		OBJ_260 /* Build configuration list for PBXNativeTarget "AOC2022" */ = {
			isa = XCConfigurationList;
			buildConfigurations = (
				OBJ_261 /* Debug */,
				OBJ_262 /* Release */,
			);
			defaultConfigurationIsVisible = 0;
			defaultConfigurationName = Release;
		};
		OBJ_269 /* Build configuration list for PBXNativeTarget "AOCShared" */ = {
			isa = XCConfigurationList;
			buildConfigurations = (
				OBJ_270 /* Debug */,
				OBJ_271 /* Release */,
			);
			defaultConfigurationIsVisible = 0;
			defaultConfigurationName = Release;
		};
		OBJ_283 /* Build configuration list for PBXNativeTarget "AOCTests" */ = {
			isa = XCConfigurationList;
			buildConfigurations = (
				OBJ_284 /* Debug */,
				OBJ_285 /* Release */,
			);
			defaultConfigurationIsVisible = 0;
			defaultConfigurationName = Release;
		};
		OBJ_305 /* Build configuration list for PBXNativeTarget "Advent of CodePackageDescription" */ = {
			isa = XCConfigurationList;
			buildConfigurations = (
				OBJ_306 /* Debug */,
				OBJ_307 /* Release */,
			);
			defaultConfigurationIsVisible = 0;
			defaultConfigurationName = Release;
		};
		OBJ_311 /* Build configuration list for PBXAggregateTarget "Advent of CodePackageTests" */ = {
			isa = XCConfigurationList;
			buildConfigurations = (
				OBJ_312 /* Debug */,
				OBJ_313 /* Release */,
			);
			defaultConfigurationIsVisible = 0;
			defaultConfigurationName = Release;
		};
		OBJ_316 /* Build configuration list for PBXNativeTarget "trey" */ = {
			isa = XCConfigurationList;
			buildConfigurations = (
				OBJ_317 /* Debug */,
				OBJ_318 /* Release */,
			);
			defaultConfigurationIsVisible = 0;
			defaultConfigurationName = Release;
		};
/* End XCConfigurationList section */

/* Begin XCRemoteSwiftPackageReference section */
		00A83D65293941620079DA92 /* XCRemoteSwiftPackageReference "swift-algorithms" */ = {
			isa = XCRemoteSwiftPackageReference;
			repositoryURL = "https://github.com/apple/swift-algorithms.git";
			requirement = {
				kind = upToNextMajorVersion;
				minimumVersion = 1.0.0;
			};
		};
		00A83D68293941720079DA92 /* XCRemoteSwiftPackageReference "swift-collections" */ = {
			isa = XCRemoteSwiftPackageReference;
			repositoryURL = "https://github.com/apple/swift-collections.git";
			requirement = {
				kind = upToNextMajorVersion;
				minimumVersion = 1.0.0;
			};
		};
/* End XCRemoteSwiftPackageReference section */

/* Begin XCSwiftPackageProductDependency section */
		00A83D66293941620079DA92 /* Algorithms */ = {
			isa = XCSwiftPackageProductDependency;
			package = 00A83D65293941620079DA92 /* XCRemoteSwiftPackageReference "swift-algorithms" */;
			productName = Algorithms;
		};
		00A83D69293941720079DA92 /* Collections */ = {
			isa = XCSwiftPackageProductDependency;
			package = 00A83D68293941720079DA92 /* XCRemoteSwiftPackageReference "swift-collections" */;
			productName = Collections;
		};
		00A83D6B293941720079DA92 /* DequeModule */ = {
			isa = XCSwiftPackageProductDependency;
			package = 00A83D68293941720079DA92 /* XCRemoteSwiftPackageReference "swift-collections" */;
			productName = DequeModule;
		};
		00A83D6D293941720079DA92 /* OrderedCollections */ = {
			isa = XCSwiftPackageProductDependency;
			package = 00A83D68293941720079DA92 /* XCRemoteSwiftPackageReference "swift-collections" */;
			productName = OrderedCollections;
		};
		00A83D70293941CF0079DA92 /* Collections */ = {
			isa = XCSwiftPackageProductDependency;
			package = 00A83D68293941720079DA92 /* XCRemoteSwiftPackageReference "swift-collections" */;
			productName = Collections;
		};
		00A83D72293941CF0079DA92 /* DequeModule */ = {
			isa = XCSwiftPackageProductDependency;
			package = 00A83D68293941720079DA92 /* XCRemoteSwiftPackageReference "swift-collections" */;
			productName = DequeModule;
		};
		00A83D74293941CF0079DA92 /* OrderedCollections */ = {
			isa = XCSwiftPackageProductDependency;
			package = 00A83D68293941720079DA92 /* XCRemoteSwiftPackageReference "swift-collections" */;
			productName = OrderedCollections;
		};
/* End XCSwiftPackageProductDependency section */
	};
	rootObject = OBJ_1 /* Project object */;
}
