// !$*UTF8*$!
{
	archiveVersion = 1;
	classes = {
	};
	objectVersion = 46;
	objects = {

/* Begin PBXAggregateTarget section */
		"Advent of Code::Advent of CodePackageTests::ProductTarget" /* Advent of CodePackageTests */ = {
			isa = PBXAggregateTarget;
			buildConfigurationList = OBJ_74 /* Build configuration list for PBXAggregateTarget "Advent of CodePackageTests" */;
			buildPhases = (
			);
			dependencies = (
				OBJ_77 /* PBXTargetDependency */,
			);
			name = "Advent of CodePackageTests";
			productName = "Advent of CodePackageTests";
		};
/* End PBXAggregateTarget section */

/* Begin PBXBuildFile section */
		0010F6A9257DB0A80049B2A8 /* Day6.swift in Sources */ = {isa = PBXBuildFile; fileRef = 0010F6A8257DB0A80049B2A8 /* Day6.swift */; };
		0010F6BD257E50F50049B2A8 /* Day7.swift in Sources */ = {isa = PBXBuildFile; fileRef = 0010F6BC257E50F50049B2A8 /* Day7.swift */; };
		0010F6D9257FA3E90049B2A8 /* Day8.swift in Sources */ = {isa = PBXBuildFile; fileRef = 0010F6D8257FA3E90049B2A8 /* Day8.swift */; };
		0011C9632575692800FF239C /* AOCShared.framework in Frameworks */ = {isa = PBXBuildFile; fileRef = "Advent of Code::AOCShared::Product" /* AOCShared.framework */; };
		0011CAD1257570D300FF239C /* Input.swift in Sources */ = {isa = PBXBuildFile; fileRef = 003593B2239F2FBB00255594 /* Input.swift */; };
		0011CAE7257570F200FF239C /* Day1.swift in Sources */ = {isa = PBXBuildFile; fileRef = 003593AF239F0ED600255594 /* Day1.swift */; };
		0011CAFE257570FD00FF239C /* Day2.swift in Sources */ = {isa = PBXBuildFile; fileRef = 003593BE239F3F2100255594 /* Day2.swift */; };
		0011CB062575710000FF239C /* Day5.swift in Sources */ = {isa = PBXBuildFile; fileRef = 003593C4239F4DFD00255594 /* Day5.swift */; };
		0011CB152575710400FF239C /* Amp.swift in Sources */ = {isa = PBXBuildFile; fileRef = 003593CD23A0197500255594 /* Amp.swift */; };
		0011CB242575710700FF239C /* Day7.swift in Sources */ = {isa = PBXBuildFile; fileRef = 003593D223A04EEA00255594 /* Day7.swift */; };
		0011CB332575710A00FF239C /* Day9.swift in Sources */ = {isa = PBXBuildFile; fileRef = 003593E423A1636B00255594 /* Day9.swift */; };
		0011CB422575710D00FF239C /* Day10.swift in Sources */ = {isa = PBXBuildFile; fileRef = 003593CA239F5F3D00255594 /* Day10.swift */; };
		0011CB512575710F00FF239C /* Day11.swift in Sources */ = {isa = PBXBuildFile; fileRef = 00E7190D23A2732800315946 /* Day11.swift */; };
		0011CB602575711200FF239C /* Day13.swift in Sources */ = {isa = PBXBuildFile; fileRef = 0065075523A566CD00F8C551 /* Day13.swift */; };
		0011CB7E257571EC00FF239C /* Day.swift in Sources */ = {isa = PBXBuildFile; fileRef = 003593BB239F356000255594 /* Day.swift */; };
		0011CBA3257571F700FF239C /* Numbers.swift in Sources */ = {isa = PBXBuildFile; fileRef = 003593C7239F556900255594 /* Numbers.swift */; };
		0011CBB2257571FA00FF239C /* Array.swift in Sources */ = {isa = PBXBuildFile; fileRef = 003593CF23A019BA00255594 /* Array.swift */; };
		0011CBEF2575724100FF239C /* Intcode.swift in Sources */ = {isa = PBXBuildFile; fileRef = 003593C1239F4DA000255594 /* Intcode.swift */; };
		0011CCC22575757700FF239C /* AOCShared.framework in Frameworks */ = {isa = PBXBuildFile; fileRef = "Advent of Code::AOCShared::Product" /* AOCShared.framework */; };
		0011CCD02575758300FF239C /* Day1.swift in Sources */ = {isa = PBXBuildFile; fileRef = 0011CC25257573CB00FF239C /* Day1.swift */; };
		0011CCD92575758600FF239C /* AOC2020.swift in Sources */ = {isa = PBXBuildFile; fileRef = 0011CC26257573CB00FF239C /* AOC2020.swift */; };
		0011CD46257575D100FF239C /* AOC2019.framework in Frameworks */ = {isa = PBXBuildFile; fileRef = "Advent of Code::AOC2019::Product" /* AOC2019.framework */; };
		0011CDAD257576E800FF239C /* AOC2020.framework in Frameworks */ = {isa = PBXBuildFile; fileRef = 0011CCC62575757700FF239C /* AOC2020.framework */; };
		002ACE822580E9D600DE6E1D /* Day9.swift in Sources */ = {isa = PBXBuildFile; fileRef = 002ACE812580E9D600DE6E1D /* Day9.swift */; };
		002ACE9E2582601200DE6E1D /* Day10.swift in Sources */ = {isa = PBXBuildFile; fileRef = 002ACE9D2582601200DE6E1D /* Day10.swift */; };
		002ACEBA2583E45300DE6E1D /* Day11.swift in Sources */ = {isa = PBXBuildFile; fileRef = 002ACEB92583E45300DE6E1D /* Day11.swift */; };
		002ACED62584F3A900DE6E1D /* Day12.swift in Sources */ = {isa = PBXBuildFile; fileRef = 002ACED52584F3A900DE6E1D /* Day12.swift */; };
		002ACEF2258666FC00DE6E1D /* Day13.swift in Sources */ = {isa = PBXBuildFile; fileRef = 002ACEF1258666FC00DE6E1D /* Day13.swift */; };
		002ACF162586F25300DE6E1D /* Math.swift in Sources */ = {isa = PBXBuildFile; fileRef = 002ACF0C2586F24E00DE6E1D /* Math.swift */; };
		002ACF292586F34D00DE6E1D /* Day14.swift in Sources */ = {isa = PBXBuildFile; fileRef = 002ACF282586F34D00DE6E1D /* Day14.swift */; };
		002ACF4D2587F5CF00DE6E1D /* String.swift in Sources */ = {isa = PBXBuildFile; fileRef = 002ACF432587F59400DE6E1D /* String.swift */; };
		002ACF5F2588174E00DE6E1D /* Day12.swift in Sources */ = {isa = PBXBuildFile; fileRef = 002ACF5E2588174E00DE6E1D /* Day12.swift */; };
		006A2FC02577DA60005E4F68 /* Day3.swift in Sources */ = {isa = PBXBuildFile; fileRef = 006A2FA52577DA34005E4F68 /* Day3.swift */; };
		006A2FFE257951BC005E4F68 /* Day4.swift in Sources */ = {isa = PBXBuildFile; fileRef = 006A2FDB25795178005E4F68 /* Day4.swift */; };
		006B1972257AB14700F200BF /* Day5.swift in Sources */ = {isa = PBXBuildFile; fileRef = 006B1958257AB14000F200BF /* Day5.swift */; };
		00A12108274FEF8A00F8B6A0 /* AOC2018.swift in Sources */ = {isa = PBXBuildFile; fileRef = 00A12107274FEF8A00F8B6A0 /* AOC2018.swift */; };
		00A1210B274FEFA500F8B6A0 /* AOC2021.swift in Sources */ = {isa = PBXBuildFile; fileRef = 00A1210A274FEFA500F8B6A0 /* AOC2021.swift */; };
		00A1212B274FF05100F8B6A0 /* AOCShared.framework in Frameworks */ = {isa = PBXBuildFile; fileRef = "Advent of Code::AOCShared::Product" /* AOCShared.framework */; };
		00A1214E274FF09F00F8B6A0 /* AOCShared.framework in Frameworks */ = {isa = PBXBuildFile; fileRef = "Advent of Code::AOCShared::Product" /* AOCShared.framework */; };
		00A12153274FF0DF00F8B6A0 /* AOC2018.framework in Frameworks */ = {isa = PBXBuildFile; fileRef = 00A12152274FF09F00F8B6A0 /* AOC2018.framework */; };
		00A12158274FF0E300F8B6A0 /* AOC2021.framework in Frameworks */ = {isa = PBXBuildFile; fileRef = 00A1212F274FF05100F8B6A0 /* AOC2021.framework */; };
		00A1215D274FF3A000F8B6A0 /* Day1.swift in Sources */ = {isa = PBXBuildFile; fileRef = 00A1215C274FF3A000F8B6A0 /* Day1.swift */; };
		00A1215F274FF63300F8B6A0 /* Day1.swift in Sources */ = {isa = PBXBuildFile; fileRef = 00A1215C274FF3A000F8B6A0 /* Day1.swift */; };
		00A12160274FF67000F8B6A0 /* AOC2018.swift in Sources */ = {isa = PBXBuildFile; fileRef = 00A12107274FEF8A00F8B6A0 /* AOC2018.swift */; };
		00A12161274FF67F00F8B6A0 /* AOC2021.swift in Sources */ = {isa = PBXBuildFile; fileRef = 00A1210A274FEFA500F8B6A0 /* AOC2021.swift */; };
		00A12164274FFB2200F8B6A0 /* Day2.swift in Sources */ = {isa = PBXBuildFile; fileRef = 00A12163274FFB2200F8B6A0 /* Day2.swift */; };
		00A121662750019C00F8B6A0 /* Day2.swift in Sources */ = {isa = PBXBuildFile; fileRef = 00A12163274FFB2200F8B6A0 /* Day2.swift */; };
		00C841572588DE1E00DF5E7B /* Day15.swift in Sources */ = {isa = PBXBuildFile; fileRef = 00C841562588DE1E00DF5E7B /* Day15.swift */; };
		00C84173258AF68B00DF5E7B /* Day16.swift in Sources */ = {isa = PBXBuildFile; fileRef = 00C84172258AF68B00DF5E7B /* Day16.swift */; };
		00C841BA258C5F8900DF5E7B /* Day17.swift in Sources */ = {isa = PBXBuildFile; fileRef = 00C841B9258C5F8900DF5E7B /* Day17.swift */; };
		00C841D6258D1DC200DF5E7B /* Day18.swift in Sources */ = {isa = PBXBuildFile; fileRef = 00C841D5258D1DC200DF5E7B /* Day18.swift */; };
		00C841EA258F9A9F00DF5E7B /* Day19.swift in Sources */ = {isa = PBXBuildFile; fileRef = 00C841E9258F9A9E00DF5E7B /* Day19.swift */; };
		00C842062590F35200DF5E7B /* Day20.swift in Sources */ = {isa = PBXBuildFile; fileRef = 00C842052590F35200DF5E7B /* Day20.swift */; };
		00C842222592183E00DF5E7B /* Day22.swift in Sources */ = {isa = PBXBuildFile; fileRef = 00C842212592183E00DF5E7B /* Day22.swift */; };
		00C8423E25927BC900DF5E7B /* Day21.swift in Sources */ = {isa = PBXBuildFile; fileRef = 00C8423D25927BC900DF5E7B /* Day21.swift */; };
		00C842532593844700DF5E7B /* Day23.swift in Sources */ = {isa = PBXBuildFile; fileRef = 00C842522593844700DF5E7B /* Day23.swift */; };
		00EFDE172576707000C59A33 /* Day2.swift in Sources */ = {isa = PBXBuildFile; fileRef = 00EFDE162576706F00C59A33 /* Day2.swift */; };
		OBJ_31 /* AOC.swift in Sources */ = {isa = PBXBuildFile; fileRef = OBJ_9 /* AOC.swift */; };
		OBJ_33 /* AOC2019.framework in Frameworks */ = {isa = PBXBuildFile; fileRef = "Advent of Code::AOC2019::Product" /* AOC2019.framework */; };
		OBJ_34 /* AOCShared.framework in Frameworks */ = {isa = PBXBuildFile; fileRef = "Advent of Code::AOCShared::Product" /* AOCShared.framework */; };
		OBJ_43 /* AOC2019.swift in Sources */ = {isa = PBXBuildFile; fileRef = OBJ_11 /* AOC2019.swift */; };
		OBJ_51 /* AOCShared.swift in Sources */ = {isa = PBXBuildFile; fileRef = OBJ_13 /* AOCShared.swift */; };
		OBJ_58 /* AdventOfCodeTests.swift in Sources */ = {isa = PBXBuildFile; fileRef = OBJ_18 /* AdventOfCodeTests.swift */; };
		OBJ_59 /* XCTestManifests.swift in Sources */ = {isa = PBXBuildFile; fileRef = OBJ_19 /* XCTestManifests.swift */; };
		OBJ_61 /* AOC.framework in Frameworks */ = {isa = PBXBuildFile; fileRef = "Advent of Code::AOC::Product" /* AOC.framework */; };
		OBJ_62 /* AOC2019.framework in Frameworks */ = {isa = PBXBuildFile; fileRef = "Advent of Code::AOC2019::Product" /* AOC2019.framework */; };
		OBJ_63 /* AOCShared.framework in Frameworks */ = {isa = PBXBuildFile; fileRef = "Advent of Code::AOCShared::Product" /* AOCShared.framework */; };
		OBJ_72 /* Package.swift in Sources */ = {isa = PBXBuildFile; fileRef = OBJ_6 /* Package.swift */; };
		OBJ_83 /* main.swift in Sources */ = {isa = PBXBuildFile; fileRef = OBJ_15 /* main.swift */; };
		OBJ_85 /* AOC.framework in Frameworks */ = {isa = PBXBuildFile; fileRef = "Advent of Code::AOC::Product" /* AOC.framework */; };
		OBJ_86 /* AOC2019.framework in Frameworks */ = {isa = PBXBuildFile; fileRef = "Advent of Code::AOC2019::Product" /* AOC2019.framework */; };
		OBJ_87 /* AOCShared.framework in Frameworks */ = {isa = PBXBuildFile; fileRef = "Advent of Code::AOCShared::Product" /* AOCShared.framework */; };
/* End PBXBuildFile section */

/* Begin PBXContainerItemProxy section */
		0011CCB32575757700FF239C /* PBXContainerItemProxy */ = {
			isa = PBXContainerItemProxy;
			containerPortal = OBJ_1 /* Project object */;
			proxyType = 1;
			remoteGlobalIDString = "Advent of Code::AOCShared";
			remoteInfo = AOCShared;
		};
		0011CD47257575D100FF239C /* PBXContainerItemProxy */ = {
			isa = PBXContainerItemProxy;
			containerPortal = OBJ_1 /* Project object */;
			proxyType = 1;
			remoteGlobalIDString = "Advent of Code::AOC2019";
			remoteInfo = AOC2019;
		};
		0011CDAF257576E800FF239C /* PBXContainerItemProxy */ = {
			isa = PBXContainerItemProxy;
			containerPortal = OBJ_1 /* Project object */;
			proxyType = 1;
			remoteGlobalIDString = 0011CCB12575757700FF239C;
			remoteInfo = AOC2020;
		};
		003593A4239F0E5400255594 /* PBXContainerItemProxy */ = {
			isa = PBXContainerItemProxy;
			containerPortal = OBJ_1 /* Project object */;
			proxyType = 1;
			remoteGlobalIDString = "Advent of Code::AOC";
			remoteInfo = AOC;
		};
		003593A5239F0E5400255594 /* PBXContainerItemProxy */ = {
			isa = PBXContainerItemProxy;
			containerPortal = OBJ_1 /* Project object */;
			proxyType = 1;
			remoteGlobalIDString = "Advent of Code::AOC2019";
			remoteInfo = AOC2019;
		};
		003593A6239F0E5400255594 /* PBXContainerItemProxy */ = {
			isa = PBXContainerItemProxy;
			containerPortal = OBJ_1 /* Project object */;
			proxyType = 1;
			remoteGlobalIDString = "Advent of Code::AOCShared";
			remoteInfo = AOCShared;
		};
		003593A7239F0E5400255594 /* PBXContainerItemProxy */ = {
			isa = PBXContainerItemProxy;
			containerPortal = OBJ_1 /* Project object */;
			proxyType = 1;
			remoteGlobalIDString = "Advent of Code::AOCShared";
			remoteInfo = AOCShared;
		};
		003593A8239F0E5400255594 /* PBXContainerItemProxy */ = {
			isa = PBXContainerItemProxy;
			containerPortal = OBJ_1 /* Project object */;
			proxyType = 1;
			remoteGlobalIDString = "Advent of Code::AOC2019";
			remoteInfo = AOC2019;
		};
		003593A9239F0E5400255594 /* PBXContainerItemProxy */ = {
			isa = PBXContainerItemProxy;
			containerPortal = OBJ_1 /* Project object */;
			proxyType = 1;
			remoteGlobalIDString = "Advent of Code::AOCShared";
			remoteInfo = AOCShared;
		};
		003593AA239F0E5400255594 /* PBXContainerItemProxy */ = {
			isa = PBXContainerItemProxy;
			containerPortal = OBJ_1 /* Project object */;
			proxyType = 1;
			remoteGlobalIDString = "Advent of Code::AOC";
			remoteInfo = AOC;
		};
		003593AB239F0E5400255594 /* PBXContainerItemProxy */ = {
			isa = PBXContainerItemProxy;
			containerPortal = OBJ_1 /* Project object */;
			proxyType = 1;
			remoteGlobalIDString = "Advent of Code::AOC2019";
			remoteInfo = AOC2019;
		};
		003593AC239F0E5400255594 /* PBXContainerItemProxy */ = {
			isa = PBXContainerItemProxy;
			containerPortal = OBJ_1 /* Project object */;
			proxyType = 1;
			remoteGlobalIDString = "Advent of Code::AOCShared";
			remoteInfo = AOCShared;
		};
		003593AD239F0E5500255594 /* PBXContainerItemProxy */ = {
			isa = PBXContainerItemProxy;
			containerPortal = OBJ_1 /* Project object */;
			proxyType = 1;
			remoteGlobalIDString = "Advent of Code::AOCTests";
			remoteInfo = AOCTests;
		};
		00A12110274FF05100F8B6A0 /* PBXContainerItemProxy */ = {
			isa = PBXContainerItemProxy;
			containerPortal = OBJ_1 /* Project object */;
			proxyType = 1;
			remoteGlobalIDString = "Advent of Code::AOCShared";
			remoteInfo = AOCShared;
		};
		00A12133274FF09F00F8B6A0 /* PBXContainerItemProxy */ = {
			isa = PBXContainerItemProxy;
			containerPortal = OBJ_1 /* Project object */;
			proxyType = 1;
			remoteGlobalIDString = "Advent of Code::AOCShared";
			remoteInfo = AOCShared;
		};
		00A12155274FF0DF00F8B6A0 /* PBXContainerItemProxy */ = {
			isa = PBXContainerItemProxy;
			containerPortal = OBJ_1 /* Project object */;
			proxyType = 1;
			remoteGlobalIDString = 00A12131274FF09F00F8B6A0;
			remoteInfo = AOC2018;
		};
		00A1215A274FF0E300F8B6A0 /* PBXContainerItemProxy */ = {
			isa = PBXContainerItemProxy;
			containerPortal = OBJ_1 /* Project object */;
			proxyType = 1;
			remoteGlobalIDString = 00A1210E274FF05100F8B6A0;
			remoteInfo = AOC2021;
		};
/* End PBXContainerItemProxy section */

/* Begin PBXFileReference section */
		0010F6A8257DB0A80049B2A8 /* Day6.swift */ = {isa = PBXFileReference; lastKnownFileType = sourcecode.swift; path = Day6.swift; sourceTree = "<group>"; };
		0010F6B2257DB0BC0049B2A8 /* Day6Input.txt */ = {isa = PBXFileReference; lastKnownFileType = text; path = Day6Input.txt; sourceTree = "<group>"; };
		0010F6BC257E50F50049B2A8 /* Day7.swift */ = {isa = PBXFileReference; lastKnownFileType = sourcecode.swift; path = Day7.swift; sourceTree = "<group>"; };
		0010F6CE257E51070049B2A8 /* Day7Input.txt */ = {isa = PBXFileReference; lastKnownFileType = text; path = Day7Input.txt; sourceTree = "<group>"; };
		0010F6D8257FA3E90049B2A8 /* Day8.swift */ = {isa = PBXFileReference; lastKnownFileType = sourcecode.swift; path = Day8.swift; sourceTree = "<group>"; };
		0010F6EA257FA3F40049B2A8 /* Day8Input.txt */ = {isa = PBXFileReference; lastKnownFileType = text; path = Day8Input.txt; sourceTree = "<group>"; };
		0011CC25257573CB00FF239C /* Day1.swift */ = {isa = PBXFileReference; lastKnownFileType = sourcecode.swift; path = Day1.swift; sourceTree = "<group>"; };
		0011CC26257573CB00FF239C /* AOC2020.swift */ = {isa = PBXFileReference; lastKnownFileType = sourcecode.swift; path = AOC2020.swift; sourceTree = "<group>"; };
		0011CCC62575757700FF239C /* AOC2020.framework */ = {isa = PBXFileReference; explicitFileType = wrapper.framework; includeInIndex = 0; path = AOC2020.framework; sourceTree = BUILT_PRODUCTS_DIR; };
		002ACE812580E9D600DE6E1D /* Day9.swift */ = {isa = PBXFileReference; lastKnownFileType = sourcecode.swift; path = Day9.swift; sourceTree = "<group>"; };
		002ACE932580E9DF00DE6E1D /* Day9Input.txt */ = {isa = PBXFileReference; lastKnownFileType = text; path = Day9Input.txt; sourceTree = "<group>"; };
		002ACE9D2582601200DE6E1D /* Day10.swift */ = {isa = PBXFileReference; lastKnownFileType = sourcecode.swift; path = Day10.swift; sourceTree = "<group>"; };
		002ACEAF2582601D00DE6E1D /* Day10Input.txt */ = {isa = PBXFileReference; lastKnownFileType = text; path = Day10Input.txt; sourceTree = "<group>"; };
		002ACEB92583E45300DE6E1D /* Day11.swift */ = {isa = PBXFileReference; lastKnownFileType = sourcecode.swift; path = Day11.swift; sourceTree = "<group>"; };
		002ACECB2583E45E00DE6E1D /* Day11Input.txt */ = {isa = PBXFileReference; lastKnownFileType = text; path = Day11Input.txt; sourceTree = "<group>"; };
		002ACED52584F3A900DE6E1D /* Day12.swift */ = {isa = PBXFileReference; lastKnownFileType = sourcecode.swift; path = Day12.swift; sourceTree = "<group>"; };
		002ACEE72584F3B700DE6E1D /* Day12Input.txt */ = {isa = PBXFileReference; lastKnownFileType = text; path = Day12Input.txt; sourceTree = "<group>"; };
		002ACEF1258666FC00DE6E1D /* Day13.swift */ = {isa = PBXFileReference; lastKnownFileType = sourcecode.swift; path = Day13.swift; sourceTree = "<group>"; };
		002ACF032586672200DE6E1D /* Day13Input.txt */ = {isa = PBXFileReference; lastKnownFileType = text; path = Day13Input.txt; sourceTree = "<group>"; };
		002ACF0C2586F24E00DE6E1D /* Math.swift */ = {isa = PBXFileReference; lastKnownFileType = sourcecode.swift; path = Math.swift; sourceTree = "<group>"; };
		002ACF282586F34D00DE6E1D /* Day14.swift */ = {isa = PBXFileReference; lastKnownFileType = sourcecode.swift; path = Day14.swift; sourceTree = "<group>"; };
		002ACF3A2587BDB800DE6E1D /* Day14Input.txt */ = {isa = PBXFileReference; lastKnownFileType = text; path = Day14Input.txt; sourceTree = "<group>"; };
		002ACF432587F59400DE6E1D /* String.swift */ = {isa = PBXFileReference; lastKnownFileType = sourcecode.swift; path = String.swift; sourceTree = "<group>"; };
		002ACF5E2588174E00DE6E1D /* Day12.swift */ = {isa = PBXFileReference; lastKnownFileType = sourcecode.swift; path = Day12.swift; sourceTree = "<group>"; };
		002ACF692588176300DE6E1D /* Day12Input.txt */ = {isa = PBXFileReference; lastKnownFileType = text; path = Day12Input.txt; sourceTree = "<group>"; };
		003593AF239F0ED600255594 /* Day1.swift */ = {isa = PBXFileReference; lastKnownFileType = sourcecode.swift; path = Day1.swift; sourceTree = "<group>"; };
		003593B1239F2FAA00255594 /* Day1Input.txt */ = {isa = PBXFileReference; lastKnownFileType = text; path = Day1Input.txt; sourceTree = "<group>"; };
		003593B2239F2FBB00255594 /* Input.swift */ = {isa = PBXFileReference; lastKnownFileType = sourcecode.swift; path = Input.swift; sourceTree = "<group>"; };
		003593BB239F356000255594 /* Day.swift */ = {isa = PBXFileReference; lastKnownFileType = sourcecode.swift; path = Day.swift; sourceTree = "<group>"; };
		003593BE239F3F2100255594 /* Day2.swift */ = {isa = PBXFileReference; lastKnownFileType = sourcecode.swift; path = Day2.swift; sourceTree = "<group>"; };
		003593C0239F459B00255594 /* Day2Input.txt */ = {isa = PBXFileReference; lastKnownFileType = text; path = Day2Input.txt; sourceTree = "<group>"; };
		003593C1239F4DA000255594 /* Intcode.swift */ = {isa = PBXFileReference; lastKnownFileType = sourcecode.swift; path = Intcode.swift; sourceTree = "<group>"; };
		003593C4239F4DFD00255594 /* Day5.swift */ = {isa = PBXFileReference; lastKnownFileType = sourcecode.swift; path = Day5.swift; sourceTree = "<group>"; };
		003593C6239F4F0E00255594 /* Day5Input.txt */ = {isa = PBXFileReference; lastKnownFileType = text; path = Day5Input.txt; sourceTree = "<group>"; };
		003593C7239F556900255594 /* Numbers.swift */ = {isa = PBXFileReference; lastKnownFileType = sourcecode.swift; path = Numbers.swift; sourceTree = "<group>"; };
		003593CA239F5F3D00255594 /* Day10.swift */ = {isa = PBXFileReference; lastKnownFileType = sourcecode.swift; path = Day10.swift; sourceTree = "<group>"; };
		003593CC239F61C100255594 /* Day10Input.txt */ = {isa = PBXFileReference; lastKnownFileType = text; path = Day10Input.txt; sourceTree = "<group>"; };
		003593CD23A0197500255594 /* Amp.swift */ = {isa = PBXFileReference; lastKnownFileType = sourcecode.swift; path = Amp.swift; sourceTree = "<group>"; };
		003593CF23A019BA00255594 /* Array.swift */ = {isa = PBXFileReference; lastKnownFileType = sourcecode.swift; path = Array.swift; sourceTree = "<group>"; };
		003593D223A04EEA00255594 /* Day7.swift */ = {isa = PBXFileReference; lastKnownFileType = sourcecode.swift; path = Day7.swift; sourceTree = "<group>"; };
		003593D423A04F6300255594 /* Day7Input.txt */ = {isa = PBXFileReference; lastKnownFileType = text; path = Day7Input.txt; sourceTree = "<group>"; };
		003593E423A1636B00255594 /* Day9.swift */ = {isa = PBXFileReference; lastKnownFileType = sourcecode.swift; path = Day9.swift; sourceTree = "<group>"; };
		003593E623A167C200255594 /* Day9Input.txt */ = {isa = PBXFileReference; lastKnownFileType = text; path = Day9Input.txt; sourceTree = "<group>"; };
		0065075523A566CD00F8C551 /* Day13.swift */ = {isa = PBXFileReference; lastKnownFileType = sourcecode.swift; path = Day13.swift; sourceTree = "<group>"; };
		0065075723A56C1100F8C551 /* Day13Input.txt */ = {isa = PBXFileReference; lastKnownFileType = text; path = Day13Input.txt; sourceTree = "<group>"; };
		006A2FA52577DA34005E4F68 /* Day3.swift */ = {isa = PBXFileReference; lastKnownFileType = sourcecode.swift; path = Day3.swift; sourceTree = "<group>"; };
		006A2FB72577DA5B005E4F68 /* Day3Input.txt */ = {isa = PBXFileReference; lastKnownFileType = text; path = Day3Input.txt; sourceTree = "<group>"; };
		006A2FDB25795178005E4F68 /* Day4.swift */ = {isa = PBXFileReference; lastKnownFileType = sourcecode.swift; path = Day4.swift; sourceTree = "<group>"; };
		006A2FED2579518E005E4F68 /* Day4Input.txt */ = {isa = PBXFileReference; lastKnownFileType = text; path = Day4Input.txt; sourceTree = "<group>"; };
		006B1958257AB14000F200BF /* Day5.swift */ = {isa = PBXFileReference; lastKnownFileType = sourcecode.swift; path = Day5.swift; sourceTree = "<group>"; };
		006B197B257AB1F200F200BF /* Day5Input.txt */ = {isa = PBXFileReference; lastKnownFileType = text; path = Day5Input.txt; sourceTree = "<group>"; };
		00A12105274E936D00F8B6A0 /* Day20TestInput.txt */ = {isa = PBXFileReference; lastKnownFileType = text; path = Day20TestInput.txt; sourceTree = "<group>"; };
		00A12107274FEF8A00F8B6A0 /* AOC2018.swift */ = {isa = PBXFileReference; lastKnownFileType = sourcecode.swift; path = AOC2018.swift; sourceTree = "<group>"; };
		00A1210A274FEFA500F8B6A0 /* AOC2021.swift */ = {isa = PBXFileReference; lastKnownFileType = sourcecode.swift; path = AOC2021.swift; sourceTree = "<group>"; };
		00A1212F274FF05100F8B6A0 /* AOC2021.framework */ = {isa = PBXFileReference; explicitFileType = wrapper.framework; includeInIndex = 0; path = AOC2021.framework; sourceTree = BUILT_PRODUCTS_DIR; };
		00A12152274FF09F00F8B6A0 /* AOC2018.framework */ = {isa = PBXFileReference; explicitFileType = wrapper.framework; includeInIndex = 0; path = AOC2018.framework; sourceTree = BUILT_PRODUCTS_DIR; };
		00A1215C274FF3A000F8B6A0 /* Day1.swift */ = {isa = PBXFileReference; lastKnownFileType = sourcecode.swift; path = Day1.swift; sourceTree = "<group>"; };
		00A1215E274FF3B000F8B6A0 /* Day1Input.txt */ = {isa = PBXFileReference; lastKnownFileType = text; path = Day1Input.txt; sourceTree = "<group>"; };
		00A12163274FFB2200F8B6A0 /* Day2.swift */ = {isa = PBXFileReference; lastKnownFileType = sourcecode.swift; path = Day2.swift; sourceTree = "<group>"; };
		00A12165274FFFF500F8B6A0 /* Day2Input.txt */ = {isa = PBXFileReference; lastKnownFileType = text; path = Day2Input.txt; sourceTree = "<group>"; };
		00C841562588DE1E00DF5E7B /* Day15.swift */ = {isa = PBXFileReference; lastKnownFileType = sourcecode.swift; path = Day15.swift; sourceTree = "<group>"; };
		00C84172258AF68B00DF5E7B /* Day16.swift */ = {isa = PBXFileReference; lastKnownFileType = sourcecode.swift; path = Day16.swift; sourceTree = "<group>"; };
		00C84184258AF69700DF5E7B /* Day16Input.txt */ = {isa = PBXFileReference; lastKnownFileType = text; path = Day16Input.txt; sourceTree = "<group>"; };
		00C841B9258C5F8900DF5E7B /* Day17.swift */ = {isa = PBXFileReference; lastKnownFileType = sourcecode.swift; path = Day17.swift; sourceTree = "<group>"; };
		00C841CB258C5FA400DF5E7B /* Day17Input.txt */ = {isa = PBXFileReference; lastKnownFileType = text; path = Day17Input.txt; sourceTree = "<group>"; };
		00C841D5258D1DC200DF5E7B /* Day18.swift */ = {isa = PBXFileReference; lastKnownFileType = sourcecode.swift; path = Day18.swift; sourceTree = "<group>"; };
		00C841DF258D1DCC00DF5E7B /* Day18Input.txt */ = {isa = PBXFileReference; lastKnownFileType = text; path = Day18Input.txt; sourceTree = "<group>"; };
		00C841E9258F9A9E00DF5E7B /* Day19.swift */ = {isa = PBXFileReference; lastKnownFileType = sourcecode.swift; path = Day19.swift; sourceTree = "<group>"; };
		00C841FB258F9AA900DF5E7B /* Day19Input.txt */ = {isa = PBXFileReference; lastKnownFileType = text; path = Day19Input.txt; sourceTree = "<group>"; };
		00C842052590F35200DF5E7B /* Day20.swift */ = {isa = PBXFileReference; lastKnownFileType = sourcecode.swift; path = Day20.swift; sourceTree = "<group>"; };
		00C842172590F35D00DF5E7B /* Day20Input.txt */ = {isa = PBXFileReference; lastKnownFileType = text; path = Day20Input.txt; sourceTree = "<group>"; };
		00C842212592183E00DF5E7B /* Day22.swift */ = {isa = PBXFileReference; lastKnownFileType = sourcecode.swift; path = Day22.swift; sourceTree = "<group>"; };
		00C842332592184A00DF5E7B /* Day22Input.txt */ = {isa = PBXFileReference; lastKnownFileType = text; path = Day22Input.txt; sourceTree = "<group>"; };
		00C8423D25927BC900DF5E7B /* Day21.swift */ = {isa = PBXFileReference; lastKnownFileType = sourcecode.swift; path = Day21.swift; sourceTree = "<group>"; };
		00C8425025927BDA00DF5E7B /* Day21Input.txt */ = {isa = PBXFileReference; lastKnownFileType = text; path = Day21Input.txt; sourceTree = "<group>"; };
		00C842522593844700DF5E7B /* Day23.swift */ = {isa = PBXFileReference; lastKnownFileType = sourcecode.swift; path = Day23.swift; sourceTree = "<group>"; };
		00E7190D23A2732800315946 /* Day11.swift */ = {isa = PBXFileReference; lastKnownFileType = sourcecode.swift; path = Day11.swift; sourceTree = "<group>"; };
		00E7190F23A2735800315946 /* Day11Input.txt */ = {isa = PBXFileReference; lastKnownFileType = text; path = Day11Input.txt; sourceTree = "<group>"; };
		00EFDE0B257588CA00C59A33 /* Day1Input.txt */ = {isa = PBXFileReference; lastKnownFileType = text; path = Day1Input.txt; sourceTree = "<group>"; };
		00EFDE162576706F00C59A33 /* Day2.swift */ = {isa = PBXFileReference; lastKnownFileType = sourcecode.swift; path = Day2.swift; sourceTree = "<group>"; };
		00EFDE202576709100C59A33 /* Day2Input.txt */ = {isa = PBXFileReference; lastKnownFileType = text; path = Day2Input.txt; sourceTree = "<group>"; };
		"Advent of Code::AOC2019::Product" /* AOC2019.framework */ = {isa = PBXFileReference; explicitFileType = wrapper.framework; path = AOC2019.framework; sourceTree = BUILT_PRODUCTS_DIR; };
		"Advent of Code::AOC::Product" /* AOC.framework */ = {isa = PBXFileReference; explicitFileType = wrapper.framework; path = AOC.framework; sourceTree = BUILT_PRODUCTS_DIR; };
		"Advent of Code::AOCShared::Product" /* AOCShared.framework */ = {isa = PBXFileReference; explicitFileType = wrapper.framework; path = AOCShared.framework; sourceTree = BUILT_PRODUCTS_DIR; };
		"Advent of Code::AOCTests::Product" /* AOCTests.xctest */ = {isa = PBXFileReference; lastKnownFileType = file; path = AOCTests.xctest; sourceTree = BUILT_PRODUCTS_DIR; };
		"Advent of Code::trey::Product" /* trey */ = {isa = PBXFileReference; lastKnownFileType = text; path = trey; sourceTree = BUILT_PRODUCTS_DIR; };
		OBJ_11 /* AOC2019.swift */ = {isa = PBXFileReference; lastKnownFileType = sourcecode.swift; path = AOC2019.swift; sourceTree = "<group>"; };
		OBJ_13 /* AOCShared.swift */ = {isa = PBXFileReference; lastKnownFileType = sourcecode.swift; path = AOCShared.swift; sourceTree = "<group>"; };
		OBJ_15 /* main.swift */ = {isa = PBXFileReference; lastKnownFileType = sourcecode.swift; path = main.swift; sourceTree = "<group>"; };
		OBJ_18 /* AdventOfCodeTests.swift */ = {isa = PBXFileReference; lastKnownFileType = sourcecode.swift; path = AdventOfCodeTests.swift; sourceTree = "<group>"; };
		OBJ_19 /* XCTestManifests.swift */ = {isa = PBXFileReference; lastKnownFileType = sourcecode.swift; path = XCTestManifests.swift; sourceTree = "<group>"; };
		OBJ_6 /* Package.swift */ = {isa = PBXFileReference; explicitFileType = sourcecode.swift; path = Package.swift; sourceTree = "<group>"; };
		OBJ_9 /* AOC.swift */ = {isa = PBXFileReference; lastKnownFileType = sourcecode.swift; path = AOC.swift; sourceTree = "<group>"; };
/* End PBXFileReference section */

/* Begin PBXFrameworksBuildPhase section */
		0011CCC12575757700FF239C /* Frameworks */ = {
			isa = PBXFrameworksBuildPhase;
			buildActionMask = 0;
			files = (
				0011CCC22575757700FF239C /* AOCShared.framework in Frameworks */,
			);
			runOnlyForDeploymentPostprocessing = 0;
		};
		00A1212A274FF05100F8B6A0 /* Frameworks */ = {
			isa = PBXFrameworksBuildPhase;
			buildActionMask = 0;
			files = (
				00A1212B274FF05100F8B6A0 /* AOCShared.framework in Frameworks */,
			);
			runOnlyForDeploymentPostprocessing = 0;
		};
		00A1214D274FF09F00F8B6A0 /* Frameworks */ = {
			isa = PBXFrameworksBuildPhase;
			buildActionMask = 0;
			files = (
				00A1214E274FF09F00F8B6A0 /* AOCShared.framework in Frameworks */,
			);
			runOnlyForDeploymentPostprocessing = 0;
		};
		OBJ_32 /* Frameworks */ = {
			isa = PBXFrameworksBuildPhase;
			buildActionMask = 0;
			files = (
				00A12153274FF0DF00F8B6A0 /* AOC2018.framework in Frameworks */,
				0011CDAD257576E800FF239C /* AOC2020.framework in Frameworks */,
				0011CD46257575D100FF239C /* AOC2019.framework in Frameworks */,
				00A12158274FF0E300F8B6A0 /* AOC2021.framework in Frameworks */,
				OBJ_33 /* AOC2019.framework in Frameworks */,
				OBJ_34 /* AOCShared.framework in Frameworks */,
			);
			runOnlyForDeploymentPostprocessing = 0;
		};
		OBJ_44 /* Frameworks */ = {
			isa = PBXFrameworksBuildPhase;
			buildActionMask = 0;
			files = (
				0011C9632575692800FF239C /* AOCShared.framework in Frameworks */,
			);
			runOnlyForDeploymentPostprocessing = 0;
		};
		OBJ_52 /* Frameworks */ = {
			isa = PBXFrameworksBuildPhase;
			buildActionMask = 0;
			files = (
			);
			runOnlyForDeploymentPostprocessing = 0;
		};
		OBJ_60 /* Frameworks */ = {
			isa = PBXFrameworksBuildPhase;
			buildActionMask = 0;
			files = (
				OBJ_61 /* AOC.framework in Frameworks */,
				OBJ_62 /* AOC2019.framework in Frameworks */,
				OBJ_63 /* AOCShared.framework in Frameworks */,
			);
			runOnlyForDeploymentPostprocessing = 0;
		};
		OBJ_84 /* Frameworks */ = {
			isa = PBXFrameworksBuildPhase;
			buildActionMask = 0;
			files = (
				OBJ_85 /* AOC.framework in Frameworks */,
				OBJ_86 /* AOC2019.framework in Frameworks */,
				OBJ_87 /* AOCShared.framework in Frameworks */,
			);
			runOnlyForDeploymentPostprocessing = 0;
		};
/* End PBXFrameworksBuildPhase section */

/* Begin PBXGroup section */
		0010F697257DB0850049B2A8 /* Day6 */ = {
			isa = PBXGroup;
			children = (
				0010F6A8257DB0A80049B2A8 /* Day6.swift */,
				0010F6B2257DB0BC0049B2A8 /* Day6Input.txt */,
			);
			path = Day6;
			sourceTree = "<group>";
		};
		0010F6BB257E50E70049B2A8 /* Day7 */ = {
			isa = PBXGroup;
			children = (
				0010F6BC257E50F50049B2A8 /* Day7.swift */,
				0010F6CE257E51070049B2A8 /* Day7Input.txt */,
			);
			path = Day7;
			sourceTree = "<group>";
		};
		0010F6D7257FA3DD0049B2A8 /* Day8 */ = {
			isa = PBXGroup;
			children = (
				0010F6D8257FA3E90049B2A8 /* Day8.swift */,
				0010F6EA257FA3F40049B2A8 /* Day8Input.txt */,
			);
			path = Day8;
			sourceTree = "<group>";
		};
		0011CC23257573CB00FF239C /* AOC2020 */ = {
			isa = PBXGroup;
			children = (
				0011CC24257573CB00FF239C /* Day1 */,
				00EFDE152576706200C59A33 /* Day2 */,
				006A2FA42577DA26005E4F68 /* Day3 */,
				006A2FDA25795164005E4F68 /* Day4 */,
				006B1957257AB13100F200BF /* Day5 */,
				0010F697257DB0850049B2A8 /* Day6 */,
				0010F6BB257E50E70049B2A8 /* Day7 */,
				0010F6D7257FA3DD0049B2A8 /* Day8 */,
				002ACE802580E9BA00DE6E1D /* Day9 */,
				002ACE9C2582600200DE6E1D /* Day10 */,
				002ACEB82583E44400DE6E1D /* Day11 */,
				002ACED42584F39B00DE6E1D /* Day12 */,
				002ACEF0258666EF00DE6E1D /* Day13 */,
				002ACF272586F34300DE6E1D /* Day14 */,
				00C841552588DE0B00DF5E7B /* Day15 */,
				00C84171258AF67D00DF5E7B /* Day16 */,
				00C841B8258C5F7800DF5E7B /* Day17 */,
				00C841D4258D1DAB00DF5E7B /* Day18 */,
				00C841E8258F9A9200DF5E7B /* Day19 */,
				00C842042590F33D00DF5E7B /* Day20 */,
				00C8423C25927B6D00DF5E7B /* Day21 */,
				00C842202592183200DF5E7B /* Day22 */,
				00C842512593843600DF5E7B /* Day23 */,
				0011CC26257573CB00FF239C /* AOC2020.swift */,
			);
			name = AOC2020;
			path = Sources/AOC2020;
			sourceTree = "<group>";
		};
		0011CC24257573CB00FF239C /* Day1 */ = {
			isa = PBXGroup;
			children = (
				0011CC25257573CB00FF239C /* Day1.swift */,
				00EFDE0B257588CA00C59A33 /* Day1Input.txt */,
			);
			path = Day1;
			sourceTree = "<group>";
		};
		0011CC87257574CB00FF239C /* Frameworks */ = {
			isa = PBXGroup;
			children = (
			);
			name = Frameworks;
			sourceTree = "<group>";
		};
		002ACE802580E9BA00DE6E1D /* Day9 */ = {
			isa = PBXGroup;
			children = (
				002ACE812580E9D600DE6E1D /* Day9.swift */,
				002ACE932580E9DF00DE6E1D /* Day9Input.txt */,
			);
			path = Day9;
			sourceTree = "<group>";
		};
		002ACE9C2582600200DE6E1D /* Day10 */ = {
			isa = PBXGroup;
			children = (
				002ACE9D2582601200DE6E1D /* Day10.swift */,
				002ACEAF2582601D00DE6E1D /* Day10Input.txt */,
			);
			path = Day10;
			sourceTree = "<group>";
		};
		002ACEB82583E44400DE6E1D /* Day11 */ = {
			isa = PBXGroup;
			children = (
				002ACEB92583E45300DE6E1D /* Day11.swift */,
				002ACECB2583E45E00DE6E1D /* Day11Input.txt */,
			);
			path = Day11;
			sourceTree = "<group>";
		};
		002ACED42584F39B00DE6E1D /* Day12 */ = {
			isa = PBXGroup;
			children = (
				002ACED52584F3A900DE6E1D /* Day12.swift */,
				002ACEE72584F3B700DE6E1D /* Day12Input.txt */,
			);
			path = Day12;
			sourceTree = "<group>";
		};
		002ACEF0258666EF00DE6E1D /* Day13 */ = {
			isa = PBXGroup;
			children = (
				002ACEF1258666FC00DE6E1D /* Day13.swift */,
				002ACF032586672200DE6E1D /* Day13Input.txt */,
			);
			path = Day13;
			sourceTree = "<group>";
		};
		002ACF272586F34300DE6E1D /* Day14 */ = {
			isa = PBXGroup;
			children = (
				002ACF282586F34D00DE6E1D /* Day14.swift */,
				002ACF3A2587BDB800DE6E1D /* Day14Input.txt */,
			);
			path = Day14;
			sourceTree = "<group>";
		};
		002ACF682588175300DE6E1D /* Day12 */ = {
			isa = PBXGroup;
			children = (
				002ACF5E2588174E00DE6E1D /* Day12.swift */,
				002ACF692588176300DE6E1D /* Day12Input.txt */,
			);
			path = Day12;
			sourceTree = "<group>";
		};
		003593AE239F0EB600255594 /* Day1 */ = {
			isa = PBXGroup;
			children = (
				003593AF239F0ED600255594 /* Day1.swift */,
				003593B1239F2FAA00255594 /* Day1Input.txt */,
			);
			path = Day1;
			sourceTree = "<group>";
		};
		003593BD239F3F1000255594 /* Day2 */ = {
			isa = PBXGroup;
			children = (
				003593BE239F3F2100255594 /* Day2.swift */,
				003593C0239F459B00255594 /* Day2Input.txt */,
			);
			path = Day2;
			sourceTree = "<group>";
		};
		003593C3239F4DF000255594 /* Day5 */ = {
			isa = PBXGroup;
			children = (
				003593C4239F4DFD00255594 /* Day5.swift */,
				003593C6239F4F0E00255594 /* Day5Input.txt */,
			);
			path = Day5;
			sourceTree = "<group>";
		};
		003593C9239F5F2F00255594 /* Day10 */ = {
			isa = PBXGroup;
			children = (
				003593CA239F5F3D00255594 /* Day10.swift */,
				003593CC239F61C100255594 /* Day10Input.txt */,
			);
			path = Day10;
			sourceTree = "<group>";
		};
		003593D123A04ED400255594 /* Day7 */ = {
			isa = PBXGroup;
			children = (
				003593CD23A0197500255594 /* Amp.swift */,
				003593D223A04EEA00255594 /* Day7.swift */,
				003593D423A04F6300255594 /* Day7Input.txt */,
			);
			path = Day7;
			sourceTree = "<group>";
		};
		003593E323A1635600255594 /* Day9 */ = {
			isa = PBXGroup;
			children = (
				003593E423A1636B00255594 /* Day9.swift */,
				003593E623A167C200255594 /* Day9Input.txt */,
			);
			path = Day9;
			sourceTree = "<group>";
		};
		0065075423A566BA00F8C551 /* Day13 */ = {
			isa = PBXGroup;
			children = (
				0065075523A566CD00F8C551 /* Day13.swift */,
				0065075723A56C1100F8C551 /* Day13Input.txt */,
			);
			path = Day13;
			sourceTree = "<group>";
		};
		006A2FA42577DA26005E4F68 /* Day3 */ = {
			isa = PBXGroup;
			children = (
				006A2FA52577DA34005E4F68 /* Day3.swift */,
				006A2FB72577DA5B005E4F68 /* Day3Input.txt */,
			);
			path = Day3;
			sourceTree = "<group>";
		};
		006A2FDA25795164005E4F68 /* Day4 */ = {
			isa = PBXGroup;
			children = (
				006A2FDB25795178005E4F68 /* Day4.swift */,
				006A2FED2579518E005E4F68 /* Day4Input.txt */,
			);
			path = Day4;
			sourceTree = "<group>";
		};
		006B1957257AB13100F200BF /* Day5 */ = {
			isa = PBXGroup;
			children = (
				006B1958257AB14000F200BF /* Day5.swift */,
				006B197B257AB1F200F200BF /* Day5Input.txt */,
			);
			path = Day5;
			sourceTree = "<group>";
		};
		00A12106274FEEC300F8B6A0 /* AOC2018 */ = {
			isa = PBXGroup;
			children = (
				00A1210D274FEFB300F8B6A0 /* Day1 */,
				00A12162274FFB1600F8B6A0 /* Day2 */,
				00A12107274FEF8A00F8B6A0 /* AOC2018.swift */,
			);
			name = AOC2018;
			path = Sources/AOC2018;
			sourceTree = "<group>";
		};
		00A12109274FEF9000F8B6A0 /* AOC2021 */ = {
			isa = PBXGroup;
			children = (
				00A1210C274FEFA900F8B6A0 /* Day1 */,
				00A1210A274FEFA500F8B6A0 /* AOC2021.swift */,
			);
			name = AOC2021;
			path = Sources/AOC2021;
			sourceTree = "<group>";
		};
		00A1210C274FEFA900F8B6A0 /* Day1 */ = {
			isa = PBXGroup;
			children = (
			);
			path = Day1;
			sourceTree = "<group>";
		};
		00A1210D274FEFB300F8B6A0 /* Day1 */ = {
			isa = PBXGroup;
			children = (
				00A1215C274FF3A000F8B6A0 /* Day1.swift */,
				00A1215E274FF3B000F8B6A0 /* Day1Input.txt */,
			);
			path = Day1;
			sourceTree = "<group>";
		};
		00A12162274FFB1600F8B6A0 /* Day2 */ = {
			isa = PBXGroup;
			children = (
				00A12163274FFB2200F8B6A0 /* Day2.swift */,
				00A12165274FFFF500F8B6A0 /* Day2Input.txt */,
			);
			path = Day2;
			sourceTree = "<group>";
		};
		00C841552588DE0B00DF5E7B /* Day15 */ = {
			isa = PBXGroup;
			children = (
				00C841562588DE1E00DF5E7B /* Day15.swift */,
			);
			path = Day15;
			sourceTree = "<group>";
		};
		00C84171258AF67D00DF5E7B /* Day16 */ = {
			isa = PBXGroup;
			children = (
				00C84172258AF68B00DF5E7B /* Day16.swift */,
				00C84184258AF69700DF5E7B /* Day16Input.txt */,
			);
			path = Day16;
			sourceTree = "<group>";
		};
		00C841B8258C5F7800DF5E7B /* Day17 */ = {
			isa = PBXGroup;
			children = (
				00C841B9258C5F8900DF5E7B /* Day17.swift */,
				00C841CB258C5FA400DF5E7B /* Day17Input.txt */,
			);
			path = Day17;
			sourceTree = "<group>";
		};
		00C841D4258D1DAB00DF5E7B /* Day18 */ = {
			isa = PBXGroup;
			children = (
				00C841D5258D1DC200DF5E7B /* Day18.swift */,
				00C841DF258D1DCC00DF5E7B /* Day18Input.txt */,
			);
			path = Day18;
			sourceTree = "<group>";
		};
		00C841E8258F9A9200DF5E7B /* Day19 */ = {
			isa = PBXGroup;
			children = (
				00C841E9258F9A9E00DF5E7B /* Day19.swift */,
				00C841FB258F9AA900DF5E7B /* Day19Input.txt */,
			);
			path = Day19;
			sourceTree = "<group>";
		};
		00C842042590F33D00DF5E7B /* Day20 */ = {
			isa = PBXGroup;
			children = (
				00C842052590F35200DF5E7B /* Day20.swift */,
				00C842172590F35D00DF5E7B /* Day20Input.txt */,
				00A12105274E936D00F8B6A0 /* Day20TestInput.txt */,
			);
			path = Day20;
			sourceTree = "<group>";
		};
		00C842202592183200DF5E7B /* Day22 */ = {
			isa = PBXGroup;
			children = (
				00C842212592183E00DF5E7B /* Day22.swift */,
				00C842332592184A00DF5E7B /* Day22Input.txt */,
			);
			path = Day22;
			sourceTree = "<group>";
		};
		00C8423C25927B6D00DF5E7B /* Day21 */ = {
			isa = PBXGroup;
			children = (
				00C8423D25927BC900DF5E7B /* Day21.swift */,
				00C8425025927BDA00DF5E7B /* Day21Input.txt */,
			);
			path = Day21;
			sourceTree = "<group>";
		};
		00C842512593843600DF5E7B /* Day23 */ = {
			isa = PBXGroup;
			children = (
				00C842522593844700DF5E7B /* Day23.swift */,
			);
			path = Day23;
			sourceTree = "<group>";
		};
		00E7190C23A2731100315946 /* Day11 */ = {
			isa = PBXGroup;
			children = (
				00E7190D23A2732800315946 /* Day11.swift */,
				00E7190F23A2735800315946 /* Day11Input.txt */,
			);
			path = Day11;
			sourceTree = "<group>";
		};
		00EFDE152576706200C59A33 /* Day2 */ = {
			isa = PBXGroup;
			children = (
				00EFDE162576706F00C59A33 /* Day2.swift */,
				00EFDE202576709100C59A33 /* Day2Input.txt */,
			);
			path = Day2;
			sourceTree = "<group>";
		};
		OBJ_10 /* AOC2019 */ = {
			isa = PBXGroup;
			children = (
				003593AE239F0EB600255594 /* Day1 */,
				003593BD239F3F1000255594 /* Day2 */,
				003593C3239F4DF000255594 /* Day5 */,
				003593D123A04ED400255594 /* Day7 */,
				003593E323A1635600255594 /* Day9 */,
				003593C9239F5F2F00255594 /* Day10 */,
				00E7190C23A2731100315946 /* Day11 */,
				002ACF682588175300DE6E1D /* Day12 */,
				0065075423A566BA00F8C551 /* Day13 */,
				OBJ_11 /* AOC2019.swift */,
			);
			name = AOC2019;
			path = Sources/AOC2019;
			sourceTree = SOURCE_ROOT;
		};
		OBJ_12 /* AOCShared */ = {
			isa = PBXGroup;
			children = (
				OBJ_13 /* AOCShared.swift */,
				003593B2239F2FBB00255594 /* Input.swift */,
				003593BB239F356000255594 /* Day.swift */,
				003593C1239F4DA000255594 /* Intcode.swift */,
				003593C7239F556900255594 /* Numbers.swift */,
				003593CF23A019BA00255594 /* Array.swift */,
				002ACF0C2586F24E00DE6E1D /* Math.swift */,
				002ACF432587F59400DE6E1D /* String.swift */,
			);
			name = AOCShared;
			path = Sources/AOCShared;
			sourceTree = SOURCE_ROOT;
		};
		OBJ_14 /* trey */ = {
			isa = PBXGroup;
			children = (
				OBJ_15 /* main.swift */,
			);
			name = trey;
			path = Sources/trey;
			sourceTree = SOURCE_ROOT;
		};
		OBJ_16 /* Tests */ = {
			isa = PBXGroup;
			children = (
				OBJ_17 /* AOCTests */,
			);
			name = Tests;
			sourceTree = SOURCE_ROOT;
		};
		OBJ_17 /* AOCTests */ = {
			isa = PBXGroup;
			children = (
				OBJ_18 /* AdventOfCodeTests.swift */,
				OBJ_19 /* XCTestManifests.swift */,
			);
			name = AOCTests;
			path = Tests/AOCTests;
			sourceTree = SOURCE_ROOT;
		};
		OBJ_20 /* Products */ = {
			isa = PBXGroup;
			children = (
				"Advent of Code::AOC2019::Product" /* AOC2019.framework */,
				"Advent of Code::AOCShared::Product" /* AOCShared.framework */,
				"Advent of Code::AOC::Product" /* AOC.framework */,
				"Advent of Code::AOCTests::Product" /* AOCTests.xctest */,
				"Advent of Code::trey::Product" /* trey */,
				0011CCC62575757700FF239C /* AOC2020.framework */,
				00A1212F274FF05100F8B6A0 /* AOC2021.framework */,
				00A12152274FF09F00F8B6A0 /* AOC2018.framework */,
			);
			name = Products;
			sourceTree = BUILT_PRODUCTS_DIR;
		};
		OBJ_5 = {
			isa = PBXGroup;
			children = (
				OBJ_6 /* Package.swift */,
				OBJ_7 /* Sources */,
				OBJ_16 /* Tests */,
				OBJ_20 /* Products */,
				0011CC87257574CB00FF239C /* Frameworks */,
			);
			sourceTree = "<group>";
		};
		OBJ_7 /* Sources */ = {
			isa = PBXGroup;
			children = (
				OBJ_8 /* AOC */,
				00A12106274FEEC300F8B6A0 /* AOC2018 */,
				OBJ_10 /* AOC2019 */,
				0011CC23257573CB00FF239C /* AOC2020 */,
				00A12109274FEF9000F8B6A0 /* AOC2021 */,
				OBJ_12 /* AOCShared */,
				OBJ_14 /* trey */,
			);
			name = Sources;
			sourceTree = SOURCE_ROOT;
		};
		OBJ_8 /* AOC */ = {
			isa = PBXGroup;
			children = (
				OBJ_9 /* AOC.swift */,
			);
			name = AOC;
			path = Sources/AOC;
			sourceTree = SOURCE_ROOT;
		};
/* End PBXGroup section */

/* Begin PBXNativeTarget section */
		0011CCB12575757700FF239C /* AOC2020 */ = {
			isa = PBXNativeTarget;
			buildConfigurationList = 0011CCC32575757700FF239C /* Build configuration list for PBXNativeTarget "AOC2020" */;
			buildPhases = (
				0011CCB42575757700FF239C /* Sources */,
				0011CCC12575757700FF239C /* Frameworks */,
			);
			buildRules = (
			);
			dependencies = (
				0011CCB22575757700FF239C /* PBXTargetDependency */,
			);
			name = AOC2020;
			productName = AOC2019;
			productReference = 0011CCC62575757700FF239C /* AOC2020.framework */;
			productType = "com.apple.product-type.framework";
		};
		00A1210E274FF05100F8B6A0 /* AOC2021 */ = {
			isa = PBXNativeTarget;
			buildConfigurationList = 00A1212C274FF05100F8B6A0 /* Build configuration list for PBXNativeTarget "AOC2021" */;
			buildPhases = (
				00A12111274FF05100F8B6A0 /* Sources */,
				00A1212A274FF05100F8B6A0 /* Frameworks */,
			);
			buildRules = (
			);
			dependencies = (
				00A1210F274FF05100F8B6A0 /* PBXTargetDependency */,
			);
			name = AOC2021;
			productName = AOC2019;
			productReference = 00A1212F274FF05100F8B6A0 /* AOC2021.framework */;
			productType = "com.apple.product-type.framework";
		};
		00A12131274FF09F00F8B6A0 /* AOC2018 */ = {
			isa = PBXNativeTarget;
			buildConfigurationList = 00A1214F274FF09F00F8B6A0 /* Build configuration list for PBXNativeTarget "AOC2018" */;
			buildPhases = (
				00A12134274FF09F00F8B6A0 /* Sources */,
				00A1214D274FF09F00F8B6A0 /* Frameworks */,
			);
			buildRules = (
			);
			dependencies = (
				00A12132274FF09F00F8B6A0 /* PBXTargetDependency */,
			);
			name = AOC2018;
			productName = AOC2019;
			productReference = 00A12152274FF09F00F8B6A0 /* AOC2018.framework */;
			productType = "com.apple.product-type.framework";
		};
		"Advent of Code::AOC" /* AOC */ = {
			isa = PBXNativeTarget;
			buildConfigurationList = OBJ_27 /* Build configuration list for PBXNativeTarget "AOC" */;
			buildPhases = (
				OBJ_30 /* Sources */,
				OBJ_32 /* Frameworks */,
			);
			buildRules = (
			);
			dependencies = (
				OBJ_35 /* PBXTargetDependency */,
				OBJ_37 /* PBXTargetDependency */,
				0011CD48257575D100FF239C /* PBXTargetDependency */,
				0011CDB0257576E800FF239C /* PBXTargetDependency */,
				00A12156274FF0DF00F8B6A0 /* PBXTargetDependency */,
				00A1215B274FF0E300F8B6A0 /* PBXTargetDependency */,
			);
			name = AOC;
			productName = AOC;
			productReference = "Advent of Code::AOC::Product" /* AOC.framework */;
			productType = "com.apple.product-type.framework";
		};
		"Advent of Code::AOC2019" /* AOC2019 */ = {
			isa = PBXNativeTarget;
			buildConfigurationList = OBJ_39 /* Build configuration list for PBXNativeTarget "AOC2019" */;
			buildPhases = (
				OBJ_42 /* Sources */,
				OBJ_44 /* Frameworks */,
			);
			buildRules = (
			);
			dependencies = (
				OBJ_46 /* PBXTargetDependency */,
			);
			name = AOC2019;
			productName = AOC2019;
			productReference = "Advent of Code::AOC2019::Product" /* AOC2019.framework */;
			productType = "com.apple.product-type.framework";
		};
		"Advent of Code::AOCShared" /* AOCShared */ = {
			isa = PBXNativeTarget;
			buildConfigurationList = OBJ_47 /* Build configuration list for PBXNativeTarget "AOCShared" */;
			buildPhases = (
				OBJ_50 /* Sources */,
				OBJ_52 /* Frameworks */,
			);
			buildRules = (
			);
			dependencies = (
			);
			name = AOCShared;
			productName = AOCShared;
			productReference = "Advent of Code::AOCShared::Product" /* AOCShared.framework */;
			productType = "com.apple.product-type.framework";
		};
		"Advent of Code::AOCTests" /* AOCTests */ = {
			isa = PBXNativeTarget;
			buildConfigurationList = OBJ_54 /* Build configuration list for PBXNativeTarget "AOCTests" */;
			buildPhases = (
				OBJ_57 /* Sources */,
				OBJ_60 /* Frameworks */,
			);
			buildRules = (
			);
			dependencies = (
				OBJ_64 /* PBXTargetDependency */,
				OBJ_65 /* PBXTargetDependency */,
				OBJ_66 /* PBXTargetDependency */,
			);
			name = AOCTests;
			productName = AOCTests;
			productReference = "Advent of Code::AOCTests::Product" /* AOCTests.xctest */;
			productType = "com.apple.product-type.bundle.unit-test";
		};
		"Advent of Code::SwiftPMPackageDescription" /* Advent of CodePackageDescription */ = {
			isa = PBXNativeTarget;
			buildConfigurationList = OBJ_68 /* Build configuration list for PBXNativeTarget "Advent of CodePackageDescription" */;
			buildPhases = (
				OBJ_71 /* Sources */,
			);
			buildRules = (
			);
			dependencies = (
			);
			name = "Advent of CodePackageDescription";
			productName = "Advent of CodePackageDescription";
			productType = "com.apple.product-type.framework";
		};
		"Advent of Code::trey" /* trey */ = {
			isa = PBXNativeTarget;
			buildConfigurationList = OBJ_79 /* Build configuration list for PBXNativeTarget "trey" */;
			buildPhases = (
				OBJ_82 /* Sources */,
				OBJ_84 /* Frameworks */,
			);
			buildRules = (
			);
			dependencies = (
				OBJ_88 /* PBXTargetDependency */,
				OBJ_89 /* PBXTargetDependency */,
				OBJ_90 /* PBXTargetDependency */,
			);
			name = trey;
			productName = trey;
			productReference = "Advent of Code::trey::Product" /* trey */;
			productType = "com.apple.product-type.tool";
		};
/* End PBXNativeTarget section */

/* Begin PBXProject section */
		OBJ_1 /* Project object */ = {
			isa = PBXProject;
			attributes = {
				LastSwiftMigration = 9999;
				LastSwiftUpdateCheck = 1220;
				LastUpgradeCheck = 9999;
			};
			buildConfigurationList = OBJ_2 /* Build configuration list for PBXProject "Advent of Code" */;
			compatibilityVersion = "Xcode 3.2";
			developmentRegion = en;
			hasScannedForEncodings = 0;
			knownRegions = (
				en,
			);
			mainGroup = OBJ_5;
			productRefGroup = OBJ_20 /* Products */;
			projectDirPath = "";
			projectRoot = "";
			targets = (
				"Advent of Code::AOC" /* AOC */,
				"Advent of Code::AOC2019" /* AOC2019 */,
				"Advent of Code::AOCShared" /* AOCShared */,
				"Advent of Code::AOCTests" /* AOCTests */,
				"Advent of Code::SwiftPMPackageDescription" /* Advent of CodePackageDescription */,
				"Advent of Code::Advent of CodePackageTests::ProductTarget" /* Advent of CodePackageTests */,
				"Advent of Code::trey" /* trey */,
				0011CCB12575757700FF239C /* AOC2020 */,
				00A1210E274FF05100F8B6A0 /* AOC2021 */,
				00A12131274FF09F00F8B6A0 /* AOC2018 */,
			);
		};
/* End PBXProject section */

/* Begin PBXSourcesBuildPhase section */
		0011CCB42575757700FF239C /* Sources */ = {
			isa = PBXSourcesBuildPhase;
			buildActionMask = 0;
			files = (
				006A2FFE257951BC005E4F68 /* Day4.swift in Sources */,
				00C842532593844700DF5E7B /* Day23.swift in Sources */,
				006A2FC02577DA60005E4F68 /* Day3.swift in Sources */,
				002ACEF2258666FC00DE6E1D /* Day13.swift in Sources */,
				002ACEBA2583E45300DE6E1D /* Day11.swift in Sources */,
				00C842222592183E00DF5E7B /* Day22.swift in Sources */,
				0010F6BD257E50F50049B2A8 /* Day7.swift in Sources */,
				00EFDE172576707000C59A33 /* Day2.swift in Sources */,
				0011CCD02575758300FF239C /* Day1.swift in Sources */,
				006B1972257AB14700F200BF /* Day5.swift in Sources */,
				002ACE822580E9D600DE6E1D /* Day9.swift in Sources */,
				002ACE9E2582601200DE6E1D /* Day10.swift in Sources */,
				00C841BA258C5F8900DF5E7B /* Day17.swift in Sources */,
				00C842062590F35200DF5E7B /* Day20.swift in Sources */,
				00C841572588DE1E00DF5E7B /* Day15.swift in Sources */,
				002ACED62584F3A900DE6E1D /* Day12.swift in Sources */,
				00C841D6258D1DC200DF5E7B /* Day18.swift in Sources */,
				0010F6A9257DB0A80049B2A8 /* Day6.swift in Sources */,
				0010F6D9257FA3E90049B2A8 /* Day8.swift in Sources */,
				00C8423E25927BC900DF5E7B /* Day21.swift in Sources */,
				0011CCD92575758600FF239C /* AOC2020.swift in Sources */,
				002ACF292586F34D00DE6E1D /* Day14.swift in Sources */,
				00C841EA258F9A9F00DF5E7B /* Day19.swift in Sources */,
				00C84173258AF68B00DF5E7B /* Day16.swift in Sources */,
			);
			runOnlyForDeploymentPostprocessing = 0;
		};
		00A12111274FF05100F8B6A0 /* Sources */ = {
			isa = PBXSourcesBuildPhase;
			buildActionMask = 0;
			files = (
				00A12161274FF67F00F8B6A0 /* AOC2021.swift in Sources */,
			);
			runOnlyForDeploymentPostprocessing = 0;
		};
		00A12134274FF09F00F8B6A0 /* Sources */ = {
			isa = PBXSourcesBuildPhase;
			buildActionMask = 0;
			files = (
				00A12160274FF67000F8B6A0 /* AOC2018.swift in Sources */,
				00A121662750019C00F8B6A0 /* Day2.swift in Sources */,
				00A1215F274FF63300F8B6A0 /* Day1.swift in Sources */,
			);
			runOnlyForDeploymentPostprocessing = 0;
		};
		OBJ_30 /* Sources */ = {
			isa = PBXSourcesBuildPhase;
			buildActionMask = 0;
			files = (
				00A1215D274FF3A000F8B6A0 /* Day1.swift in Sources */,
				00A12164274FFB2200F8B6A0 /* Day2.swift in Sources */,
				00A1210B274FEFA500F8B6A0 /* AOC2021.swift in Sources */,
				00A12108274FEF8A00F8B6A0 /* AOC2018.swift in Sources */,
				OBJ_31 /* AOC.swift in Sources */,
			);
			runOnlyForDeploymentPostprocessing = 0;
		};
		OBJ_42 /* Sources */ = {
			isa = PBXSourcesBuildPhase;
			buildActionMask = 0;
			files = (
				0011CB062575710000FF239C /* Day5.swift in Sources */,
				0011CAE7257570F200FF239C /* Day1.swift in Sources */,
				0011CAFE257570FD00FF239C /* Day2.swift in Sources */,
				0011CB332575710A00FF239C /* Day9.swift in Sources */,
				0011CB152575710400FF239C /* Amp.swift in Sources */,
				0011CBEF2575724100FF239C /* Intcode.swift in Sources */,
				0011CB422575710D00FF239C /* Day10.swift in Sources */,
				0011CB242575710700FF239C /* Day7.swift in Sources */,
				OBJ_43 /* AOC2019.swift in Sources */,
				0011CB602575711200FF239C /* Day13.swift in Sources */,
				0011CB512575710F00FF239C /* Day11.swift in Sources */,
				002ACF5F2588174E00DE6E1D /* Day12.swift in Sources */,
			);
			runOnlyForDeploymentPostprocessing = 0;
		};
		OBJ_50 /* Sources */ = {
			isa = PBXSourcesBuildPhase;
			buildActionMask = 0;
			files = (
				0011CAD1257570D300FF239C /* Input.swift in Sources */,
				OBJ_51 /* AOCShared.swift in Sources */,
				0011CBA3257571F700FF239C /* Numbers.swift in Sources */,
				0011CBB2257571FA00FF239C /* Array.swift in Sources */,
				002ACF4D2587F5CF00DE6E1D /* String.swift in Sources */,
				0011CB7E257571EC00FF239C /* Day.swift in Sources */,
				002ACF162586F25300DE6E1D /* Math.swift in Sources */,
			);
			runOnlyForDeploymentPostprocessing = 0;
		};
		OBJ_57 /* Sources */ = {
			isa = PBXSourcesBuildPhase;
			buildActionMask = 0;
			files = (
				OBJ_58 /* AdventOfCodeTests.swift in Sources */,
				OBJ_59 /* XCTestManifests.swift in Sources */,
			);
			runOnlyForDeploymentPostprocessing = 0;
		};
		OBJ_71 /* Sources */ = {
			isa = PBXSourcesBuildPhase;
			buildActionMask = 0;
			files = (
				OBJ_72 /* Package.swift in Sources */,
			);
			runOnlyForDeploymentPostprocessing = 0;
		};
		OBJ_82 /* Sources */ = {
			isa = PBXSourcesBuildPhase;
			buildActionMask = 0;
			files = (
				OBJ_83 /* main.swift in Sources */,
			);
			runOnlyForDeploymentPostprocessing = 0;
		};
/* End PBXSourcesBuildPhase section */

/* Begin PBXTargetDependency section */
		0011CCB22575757700FF239C /* PBXTargetDependency */ = {
			isa = PBXTargetDependency;
			target = "Advent of Code::AOCShared" /* AOCShared */;
			targetProxy = 0011CCB32575757700FF239C /* PBXContainerItemProxy */;
		};
		0011CD48257575D100FF239C /* PBXTargetDependency */ = {
			isa = PBXTargetDependency;
			target = "Advent of Code::AOC2019" /* AOC2019 */;
			targetProxy = 0011CD47257575D100FF239C /* PBXContainerItemProxy */;
		};
		0011CDB0257576E800FF239C /* PBXTargetDependency */ = {
			isa = PBXTargetDependency;
			target = 0011CCB12575757700FF239C /* AOC2020 */;
			targetProxy = 0011CDAF257576E800FF239C /* PBXContainerItemProxy */;
		};
		00A1210F274FF05100F8B6A0 /* PBXTargetDependency */ = {
			isa = PBXTargetDependency;
			target = "Advent of Code::AOCShared" /* AOCShared */;
			targetProxy = 00A12110274FF05100F8B6A0 /* PBXContainerItemProxy */;
		};
		00A12132274FF09F00F8B6A0 /* PBXTargetDependency */ = {
			isa = PBXTargetDependency;
			target = "Advent of Code::AOCShared" /* AOCShared */;
			targetProxy = 00A12133274FF09F00F8B6A0 /* PBXContainerItemProxy */;
		};
		00A12156274FF0DF00F8B6A0 /* PBXTargetDependency */ = {
			isa = PBXTargetDependency;
			target = 00A12131274FF09F00F8B6A0 /* AOC2018 */;
			targetProxy = 00A12155274FF0DF00F8B6A0 /* PBXContainerItemProxy */;
		};
		00A1215B274FF0E300F8B6A0 /* PBXTargetDependency */ = {
			isa = PBXTargetDependency;
			target = 00A1210E274FF05100F8B6A0 /* AOC2021 */;
			targetProxy = 00A1215A274FF0E300F8B6A0 /* PBXContainerItemProxy */;
		};
		OBJ_35 /* PBXTargetDependency */ = {
			isa = PBXTargetDependency;
			target = "Advent of Code::AOC2019" /* AOC2019 */;
			targetProxy = 003593A5239F0E5400255594 /* PBXContainerItemProxy */;
		};
		OBJ_37 /* PBXTargetDependency */ = {
			isa = PBXTargetDependency;
			target = "Advent of Code::AOCShared" /* AOCShared */;
			targetProxy = 003593A7239F0E5400255594 /* PBXContainerItemProxy */;
		};
		OBJ_46 /* PBXTargetDependency */ = {
			isa = PBXTargetDependency;
			target = "Advent of Code::AOCShared" /* AOCShared */;
			targetProxy = 003593A6239F0E5400255594 /* PBXContainerItemProxy */;
		};
		OBJ_64 /* PBXTargetDependency */ = {
			isa = PBXTargetDependency;
			target = "Advent of Code::AOC" /* AOC */;
			targetProxy = 003593AA239F0E5400255594 /* PBXContainerItemProxy */;
		};
		OBJ_65 /* PBXTargetDependency */ = {
			isa = PBXTargetDependency;
			target = "Advent of Code::AOC2019" /* AOC2019 */;
			targetProxy = 003593AB239F0E5400255594 /* PBXContainerItemProxy */;
		};
		OBJ_66 /* PBXTargetDependency */ = {
			isa = PBXTargetDependency;
			target = "Advent of Code::AOCShared" /* AOCShared */;
			targetProxy = 003593AC239F0E5400255594 /* PBXContainerItemProxy */;
		};
		OBJ_77 /* PBXTargetDependency */ = {
			isa = PBXTargetDependency;
			target = "Advent of Code::AOCTests" /* AOCTests */;
			targetProxy = 003593AD239F0E5500255594 /* PBXContainerItemProxy */;
		};
		OBJ_88 /* PBXTargetDependency */ = {
			isa = PBXTargetDependency;
			target = "Advent of Code::AOC" /* AOC */;
			targetProxy = 003593A4239F0E5400255594 /* PBXContainerItemProxy */;
		};
		OBJ_89 /* PBXTargetDependency */ = {
			isa = PBXTargetDependency;
			target = "Advent of Code::AOC2019" /* AOC2019 */;
			targetProxy = 003593A8239F0E5400255594 /* PBXContainerItemProxy */;
		};
		OBJ_90 /* PBXTargetDependency */ = {
			isa = PBXTargetDependency;
			target = "Advent of Code::AOCShared" /* AOCShared */;
			targetProxy = 003593A9239F0E5400255594 /* PBXContainerItemProxy */;
		};
/* End PBXTargetDependency section */

/* Begin XCBuildConfiguration section */
		0011CCC42575757700FF239C /* Debug */ = {
			isa = XCBuildConfiguration;
			buildSettings = {
				ENABLE_TESTABILITY = YES;
				FRAMEWORK_SEARCH_PATHS = (
					"$(inherited)",
					"$(PLATFORM_DIR)/Developer/Library/Frameworks",
				);
				HEADER_SEARCH_PATHS = "$(inherited)";
				INFOPLIST_FILE = "Advent of Code.xcodeproj/AOC2020_Info.plist";
				IPHONEOS_DEPLOYMENT_TARGET = 8.0;
				LD_RUNPATH_SEARCH_PATHS = "$(inherited) $(TOOLCHAIN_DIR)/usr/lib/swift/macosx";
				MACOSX_DEPLOYMENT_TARGET = 10.14;
				OTHER_CFLAGS = "$(inherited)";
				OTHER_LDFLAGS = "$(inherited)";
				OTHER_SWIFT_FLAGS = "$(inherited)";
				PRODUCT_BUNDLE_IDENTIFIER = AOC2020;
				PRODUCT_MODULE_NAME = "$(TARGET_NAME:c99extidentifier)";
				PRODUCT_NAME = "$(TARGET_NAME)";
				SKIP_INSTALL = YES;
				SWIFT_ACTIVE_COMPILATION_CONDITIONS = "$(inherited)";
				SWIFT_ENFORCE_EXCLUSIVE_ACCESS = off;
				SWIFT_VERSION = 5.0;
				TARGET_NAME = AOC2020;
				TVOS_DEPLOYMENT_TARGET = 9.0;
				WATCHOS_DEPLOYMENT_TARGET = 2.0;
			};
			name = Debug;
		};
		0011CCC52575757700FF239C /* Release */ = {
			isa = XCBuildConfiguration;
			buildSettings = {
				ENABLE_TESTABILITY = YES;
				FRAMEWORK_SEARCH_PATHS = (
					"$(inherited)",
					"$(PLATFORM_DIR)/Developer/Library/Frameworks",
				);
				HEADER_SEARCH_PATHS = "$(inherited)";
				INFOPLIST_FILE = "Advent of Code.xcodeproj/AOC2020_Info.plist";
				IPHONEOS_DEPLOYMENT_TARGET = 8.0;
				LD_RUNPATH_SEARCH_PATHS = "$(inherited) $(TOOLCHAIN_DIR)/usr/lib/swift/macosx";
				MACOSX_DEPLOYMENT_TARGET = 10.14;
				OTHER_CFLAGS = "$(inherited)";
				OTHER_LDFLAGS = "$(inherited)";
				OTHER_SWIFT_FLAGS = "$(inherited)";
				PRODUCT_BUNDLE_IDENTIFIER = AOC2020;
				PRODUCT_MODULE_NAME = "$(TARGET_NAME:c99extidentifier)";
				PRODUCT_NAME = "$(TARGET_NAME)";
				SKIP_INSTALL = YES;
				SWIFT_ACTIVE_COMPILATION_CONDITIONS = "$(inherited)";
				SWIFT_ENFORCE_EXCLUSIVE_ACCESS = off;
				SWIFT_VERSION = 5.0;
				TARGET_NAME = AOC2020;
				TVOS_DEPLOYMENT_TARGET = 9.0;
				WATCHOS_DEPLOYMENT_TARGET = 2.0;
			};
			name = Release;
		};
		00A1212D274FF05100F8B6A0 /* Debug */ = {
			isa = XCBuildConfiguration;
			buildSettings = {
				ENABLE_TESTABILITY = YES;
				FRAMEWORK_SEARCH_PATHS = (
					"$(inherited)",
					"$(PLATFORM_DIR)/Developer/Library/Frameworks",
				);
				HEADER_SEARCH_PATHS = "$(inherited)";
				INFOPLIST_FILE = "Advent of Code.xcodeproj/AOC2021_Info.plist";
				IPHONEOS_DEPLOYMENT_TARGET = 8.0;
				LD_RUNPATH_SEARCH_PATHS = "$(inherited) $(TOOLCHAIN_DIR)/usr/lib/swift/macosx";
				MACOSX_DEPLOYMENT_TARGET = 10.14;
				OTHER_CFLAGS = "$(inherited)";
				OTHER_LDFLAGS = "$(inherited)";
				OTHER_SWIFT_FLAGS = "$(inherited)";
				PRODUCT_BUNDLE_IDENTIFIER = AOC2021;
				PRODUCT_MODULE_NAME = "$(TARGET_NAME:c99extidentifier)";
				PRODUCT_NAME = "$(TARGET_NAME)";
				SKIP_INSTALL = YES;
				SWIFT_ACTIVE_COMPILATION_CONDITIONS = "$(inherited)";
				SWIFT_ENFORCE_EXCLUSIVE_ACCESS = off;
				SWIFT_VERSION = 5.0;
				TARGET_NAME = AOC2021;
				TVOS_DEPLOYMENT_TARGET = 9.0;
				WATCHOS_DEPLOYMENT_TARGET = 2.0;
			};
			name = Debug;
		};
		00A1212E274FF05100F8B6A0 /* Release */ = {
			isa = XCBuildConfiguration;
			buildSettings = {
				ENABLE_TESTABILITY = YES;
				FRAMEWORK_SEARCH_PATHS = (
					"$(inherited)",
					"$(PLATFORM_DIR)/Developer/Library/Frameworks",
				);
				HEADER_SEARCH_PATHS = "$(inherited)";
				INFOPLIST_FILE = "Advent of Code.xcodeproj/AOC2021_Info.plist";
				IPHONEOS_DEPLOYMENT_TARGET = 8.0;
				LD_RUNPATH_SEARCH_PATHS = "$(inherited) $(TOOLCHAIN_DIR)/usr/lib/swift/macosx";
				MACOSX_DEPLOYMENT_TARGET = 10.14;
				OTHER_CFLAGS = "$(inherited)";
				OTHER_LDFLAGS = "$(inherited)";
				OTHER_SWIFT_FLAGS = "$(inherited)";
				PRODUCT_BUNDLE_IDENTIFIER = AOC2021;
				PRODUCT_MODULE_NAME = "$(TARGET_NAME:c99extidentifier)";
				PRODUCT_NAME = "$(TARGET_NAME)";
				SKIP_INSTALL = YES;
				SWIFT_ACTIVE_COMPILATION_CONDITIONS = "$(inherited)";
				SWIFT_ENFORCE_EXCLUSIVE_ACCESS = off;
				SWIFT_VERSION = 5.0;
				TARGET_NAME = AOC2021;
				TVOS_DEPLOYMENT_TARGET = 9.0;
				WATCHOS_DEPLOYMENT_TARGET = 2.0;
			};
			name = Release;
		};
		00A12150274FF09F00F8B6A0 /* Debug */ = {
			isa = XCBuildConfiguration;
			buildSettings = {
				ENABLE_TESTABILITY = YES;
				FRAMEWORK_SEARCH_PATHS = (
					"$(inherited)",
					"$(PLATFORM_DIR)/Developer/Library/Frameworks",
				);
				HEADER_SEARCH_PATHS = "$(inherited)";
				INFOPLIST_FILE = "Advent of Code.xcodeproj/AOC2018_Info.plist";
				IPHONEOS_DEPLOYMENT_TARGET = 8.0;
				LD_RUNPATH_SEARCH_PATHS = "$(inherited) $(TOOLCHAIN_DIR)/usr/lib/swift/macosx";
				MACOSX_DEPLOYMENT_TARGET = 10.14;
				OTHER_CFLAGS = "$(inherited)";
				OTHER_LDFLAGS = "$(inherited)";
				OTHER_SWIFT_FLAGS = "$(inherited)";
				PRODUCT_BUNDLE_IDENTIFIER = AOC2018;
				PRODUCT_MODULE_NAME = "$(TARGET_NAME:c99extidentifier)";
				PRODUCT_NAME = "$(TARGET_NAME)";
				SKIP_INSTALL = YES;
				SWIFT_ACTIVE_COMPILATION_CONDITIONS = "$(inherited)";
				SWIFT_ENFORCE_EXCLUSIVE_ACCESS = off;
				SWIFT_VERSION = 5.0;
				TARGET_NAME = AOC2018;
				TVOS_DEPLOYMENT_TARGET = 9.0;
				WATCHOS_DEPLOYMENT_TARGET = 2.0;
			};
			name = Debug;
		};
		00A12151274FF09F00F8B6A0 /* Release */ = {
			isa = XCBuildConfiguration;
			buildSettings = {
				ENABLE_TESTABILITY = YES;
				FRAMEWORK_SEARCH_PATHS = (
					"$(inherited)",
					"$(PLATFORM_DIR)/Developer/Library/Frameworks",
				);
				HEADER_SEARCH_PATHS = "$(inherited)";
				INFOPLIST_FILE = "Advent of Code.xcodeproj/AOC2018_Info.plist";
				IPHONEOS_DEPLOYMENT_TARGET = 8.0;
				LD_RUNPATH_SEARCH_PATHS = "$(inherited) $(TOOLCHAIN_DIR)/usr/lib/swift/macosx";
				MACOSX_DEPLOYMENT_TARGET = 10.14;
				OTHER_CFLAGS = "$(inherited)";
				OTHER_LDFLAGS = "$(inherited)";
				OTHER_SWIFT_FLAGS = "$(inherited)";
				PRODUCT_BUNDLE_IDENTIFIER = AOC2018;
				PRODUCT_MODULE_NAME = "$(TARGET_NAME:c99extidentifier)";
				PRODUCT_NAME = "$(TARGET_NAME)";
				SKIP_INSTALL = YES;
				SWIFT_ACTIVE_COMPILATION_CONDITIONS = "$(inherited)";
				SWIFT_ENFORCE_EXCLUSIVE_ACCESS = off;
				SWIFT_VERSION = 5.0;
				TARGET_NAME = AOC2018;
				TVOS_DEPLOYMENT_TARGET = 9.0;
				WATCHOS_DEPLOYMENT_TARGET = 2.0;
			};
			name = Release;
		};
		OBJ_28 /* Debug */ = {
			isa = XCBuildConfiguration;
			buildSettings = {
				ENABLE_TESTABILITY = YES;
				FRAMEWORK_SEARCH_PATHS = (
					"$(inherited)",
					"$(PLATFORM_DIR)/Developer/Library/Frameworks",
				);
				HEADER_SEARCH_PATHS = "$(inherited)";
				INFOPLIST_FILE = "Advent of Code.xcodeproj/AOC_Info.plist";
				IPHONEOS_DEPLOYMENT_TARGET = 8.0;
				LD_RUNPATH_SEARCH_PATHS = "$(inherited) $(TOOLCHAIN_DIR)/usr/lib/swift/macosx";
				MACOSX_DEPLOYMENT_TARGET = 10.14;
				OTHER_CFLAGS = "$(inherited)";
				OTHER_LDFLAGS = "$(inherited)";
				OTHER_SWIFT_FLAGS = "$(inherited)";
				PRODUCT_BUNDLE_IDENTIFIER = AOC;
				PRODUCT_MODULE_NAME = "$(TARGET_NAME:c99extidentifier)";
				PRODUCT_NAME = "$(TARGET_NAME:c99extidentifier)";
				SKIP_INSTALL = YES;
				SWIFT_ACTIVE_COMPILATION_CONDITIONS = "$(inherited)";
				SWIFT_ENFORCE_EXCLUSIVE_ACCESS = off;
				SWIFT_VERSION = 5.0;
				TARGET_NAME = AOC;
				TVOS_DEPLOYMENT_TARGET = 9.0;
				WATCHOS_DEPLOYMENT_TARGET = 2.0;
			};
			name = Debug;
		};
		OBJ_29 /* Release */ = {
			isa = XCBuildConfiguration;
			buildSettings = {
				ENABLE_TESTABILITY = YES;
				FRAMEWORK_SEARCH_PATHS = (
					"$(inherited)",
					"$(PLATFORM_DIR)/Developer/Library/Frameworks",
				);
				HEADER_SEARCH_PATHS = "$(inherited)";
				INFOPLIST_FILE = "Advent of Code.xcodeproj/AOC_Info.plist";
				IPHONEOS_DEPLOYMENT_TARGET = 8.0;
				LD_RUNPATH_SEARCH_PATHS = "$(inherited) $(TOOLCHAIN_DIR)/usr/lib/swift/macosx";
				MACOSX_DEPLOYMENT_TARGET = 10.14;
				OTHER_CFLAGS = "$(inherited)";
				OTHER_LDFLAGS = "$(inherited)";
				OTHER_SWIFT_FLAGS = "$(inherited)";
				PRODUCT_BUNDLE_IDENTIFIER = AOC;
				PRODUCT_MODULE_NAME = "$(TARGET_NAME:c99extidentifier)";
				PRODUCT_NAME = "$(TARGET_NAME:c99extidentifier)";
				SKIP_INSTALL = YES;
				SWIFT_ACTIVE_COMPILATION_CONDITIONS = "$(inherited)";
				SWIFT_ENFORCE_EXCLUSIVE_ACCESS = off;
				SWIFT_VERSION = 5.0;
				TARGET_NAME = AOC;
				TVOS_DEPLOYMENT_TARGET = 9.0;
				WATCHOS_DEPLOYMENT_TARGET = 2.0;
			};
			name = Release;
		};
		OBJ_3 /* Debug */ = {
			isa = XCBuildConfiguration;
			buildSettings = {
				CLANG_ENABLE_OBJC_ARC = YES;
				COMBINE_HIDPI_IMAGES = YES;
				COPY_PHASE_STRIP = NO;
				DEBUG_INFORMATION_FORMAT = dwarf;
				DYLIB_INSTALL_NAME_BASE = "@rpath";
				ENABLE_NS_ASSERTIONS = YES;
				GCC_OPTIMIZATION_LEVEL = 0;
				GCC_PREPROCESSOR_DEFINITIONS = (
					"$(inherited)",
					"SWIFT_PACKAGE=1",
					"DEBUG=1",
				);
				MACOSX_DEPLOYMENT_TARGET = 10.10;
				ONLY_ACTIVE_ARCH = YES;
				OTHER_SWIFT_FLAGS = "$(inherited) -DXcode";
				PRODUCT_NAME = "$(TARGET_NAME)";
				SDKROOT = macosx;
				SUPPORTED_PLATFORMS = "macosx iphoneos iphonesimulator appletvos appletvsimulator watchos watchsimulator";
				SWIFT_ACTIVE_COMPILATION_CONDITIONS = "$(inherited) SWIFT_PACKAGE DEBUG";
				SWIFT_OPTIMIZATION_LEVEL = "-Onone";
				USE_HEADERMAP = NO;
			};
			name = Debug;
		};
		OBJ_4 /* Release */ = {
			isa = XCBuildConfiguration;
			buildSettings = {
				CLANG_ENABLE_OBJC_ARC = YES;
				COMBINE_HIDPI_IMAGES = YES;
				COPY_PHASE_STRIP = YES;
				DEBUG_INFORMATION_FORMAT = "dwarf-with-dsym";
				DYLIB_INSTALL_NAME_BASE = "@rpath";
				GCC_OPTIMIZATION_LEVEL = s;
				GCC_PREPROCESSOR_DEFINITIONS = (
					"$(inherited)",
					"SWIFT_PACKAGE=1",
				);
				MACOSX_DEPLOYMENT_TARGET = 10.10;
				OTHER_SWIFT_FLAGS = "$(inherited) -DXcode";
				PRODUCT_NAME = "$(TARGET_NAME)";
				SDKROOT = macosx;
				SUPPORTED_PLATFORMS = "macosx iphoneos iphonesimulator appletvos appletvsimulator watchos watchsimulator";
				SWIFT_ACTIVE_COMPILATION_CONDITIONS = "$(inherited) SWIFT_PACKAGE";
				SWIFT_OPTIMIZATION_LEVEL = "-Owholemodule";
				USE_HEADERMAP = NO;
			};
			name = Release;
		};
		OBJ_40 /* Debug */ = {
			isa = XCBuildConfiguration;
			buildSettings = {
				ENABLE_TESTABILITY = YES;
				FRAMEWORK_SEARCH_PATHS = (
					"$(inherited)",
					"$(PLATFORM_DIR)/Developer/Library/Frameworks",
				);
				HEADER_SEARCH_PATHS = "$(inherited)";
				INFOPLIST_FILE = "Advent of Code.xcodeproj/AOC2019_Info.plist";
				IPHONEOS_DEPLOYMENT_TARGET = 8.0;
				LD_RUNPATH_SEARCH_PATHS = "$(inherited) $(TOOLCHAIN_DIR)/usr/lib/swift/macosx";
				MACOSX_DEPLOYMENT_TARGET = 10.14;
				OTHER_CFLAGS = "$(inherited)";
				OTHER_LDFLAGS = "$(inherited)";
				OTHER_SWIFT_FLAGS = "$(inherited)";
				PRODUCT_BUNDLE_IDENTIFIER = AOC2019;
				PRODUCT_MODULE_NAME = "$(TARGET_NAME:c99extidentifier)";
				PRODUCT_NAME = "$(TARGET_NAME:c99extidentifier)";
				SKIP_INSTALL = YES;
				SWIFT_ACTIVE_COMPILATION_CONDITIONS = "$(inherited)";
				SWIFT_ENFORCE_EXCLUSIVE_ACCESS = off;
				SWIFT_VERSION = 5.0;
				TARGET_NAME = AOC2019;
				TVOS_DEPLOYMENT_TARGET = 9.0;
				WATCHOS_DEPLOYMENT_TARGET = 2.0;
			};
			name = Debug;
		};
		OBJ_41 /* Release */ = {
			isa = XCBuildConfiguration;
			buildSettings = {
				ENABLE_TESTABILITY = YES;
				FRAMEWORK_SEARCH_PATHS = (
					"$(inherited)",
					"$(PLATFORM_DIR)/Developer/Library/Frameworks",
				);
				HEADER_SEARCH_PATHS = "$(inherited)";
				INFOPLIST_FILE = "Advent of Code.xcodeproj/AOC2019_Info.plist";
				IPHONEOS_DEPLOYMENT_TARGET = 8.0;
				LD_RUNPATH_SEARCH_PATHS = "$(inherited) $(TOOLCHAIN_DIR)/usr/lib/swift/macosx";
				MACOSX_DEPLOYMENT_TARGET = 10.14;
				OTHER_CFLAGS = "$(inherited)";
				OTHER_LDFLAGS = "$(inherited)";
				OTHER_SWIFT_FLAGS = "$(inherited)";
				PRODUCT_BUNDLE_IDENTIFIER = AOC2019;
				PRODUCT_MODULE_NAME = "$(TARGET_NAME:c99extidentifier)";
				PRODUCT_NAME = "$(TARGET_NAME:c99extidentifier)";
				SKIP_INSTALL = YES;
				SWIFT_ACTIVE_COMPILATION_CONDITIONS = "$(inherited)";
				SWIFT_ENFORCE_EXCLUSIVE_ACCESS = off;
				SWIFT_VERSION = 5.0;
				TARGET_NAME = AOC2019;
				TVOS_DEPLOYMENT_TARGET = 9.0;
				WATCHOS_DEPLOYMENT_TARGET = 2.0;
			};
			name = Release;
		};
		OBJ_48 /* Debug */ = {
			isa = XCBuildConfiguration;
			buildSettings = {
				ENABLE_TESTABILITY = YES;
				FRAMEWORK_SEARCH_PATHS = (
					"$(inherited)",
					"$(PLATFORM_DIR)/Developer/Library/Frameworks",
				);
				HEADER_SEARCH_PATHS = "$(inherited)";
				INFOPLIST_FILE = "Advent of Code.xcodeproj/AOCShared_Info.plist";
				IPHONEOS_DEPLOYMENT_TARGET = 8.0;
				LD_RUNPATH_SEARCH_PATHS = "$(inherited) $(TOOLCHAIN_DIR)/usr/lib/swift/macosx";
				MACOSX_DEPLOYMENT_TARGET = 10.14;
				OTHER_CFLAGS = "$(inherited)";
				OTHER_LDFLAGS = "$(inherited)";
				OTHER_SWIFT_FLAGS = "$(inherited)";
				PRODUCT_BUNDLE_IDENTIFIER = AOCShared;
				PRODUCT_MODULE_NAME = "$(TARGET_NAME:c99extidentifier)";
				PRODUCT_NAME = "$(TARGET_NAME:c99extidentifier)";
				SKIP_INSTALL = YES;
				SWIFT_ACTIVE_COMPILATION_CONDITIONS = "$(inherited)";
				SWIFT_ENFORCE_EXCLUSIVE_ACCESS = off;
				SWIFT_VERSION = 5.0;
				TARGET_NAME = AOCShared;
				TVOS_DEPLOYMENT_TARGET = 9.0;
				WATCHOS_DEPLOYMENT_TARGET = 2.0;
			};
			name = Debug;
		};
		OBJ_49 /* Release */ = {
			isa = XCBuildConfiguration;
			buildSettings = {
				ENABLE_TESTABILITY = YES;
				FRAMEWORK_SEARCH_PATHS = (
					"$(inherited)",
					"$(PLATFORM_DIR)/Developer/Library/Frameworks",
				);
				HEADER_SEARCH_PATHS = "$(inherited)";
				INFOPLIST_FILE = "Advent of Code.xcodeproj/AOCShared_Info.plist";
				IPHONEOS_DEPLOYMENT_TARGET = 8.0;
				LD_RUNPATH_SEARCH_PATHS = "$(inherited) $(TOOLCHAIN_DIR)/usr/lib/swift/macosx";
				MACOSX_DEPLOYMENT_TARGET = 10.14;
				OTHER_CFLAGS = "$(inherited)";
				OTHER_LDFLAGS = "$(inherited)";
				OTHER_SWIFT_FLAGS = "$(inherited)";
				PRODUCT_BUNDLE_IDENTIFIER = AOCShared;
				PRODUCT_MODULE_NAME = "$(TARGET_NAME:c99extidentifier)";
				PRODUCT_NAME = "$(TARGET_NAME:c99extidentifier)";
				SKIP_INSTALL = YES;
				SWIFT_ACTIVE_COMPILATION_CONDITIONS = "$(inherited)";
				SWIFT_ENFORCE_EXCLUSIVE_ACCESS = off;
				SWIFT_VERSION = 5.0;
				TARGET_NAME = AOCShared;
				TVOS_DEPLOYMENT_TARGET = 9.0;
				WATCHOS_DEPLOYMENT_TARGET = 2.0;
			};
			name = Release;
		};
		OBJ_55 /* Debug */ = {
			isa = XCBuildConfiguration;
			buildSettings = {
				CLANG_ENABLE_MODULES = YES;
				EMBEDDED_CONTENT_CONTAINS_SWIFT = YES;
				FRAMEWORK_SEARCH_PATHS = (
					"$(inherited)",
					"$(PLATFORM_DIR)/Developer/Library/Frameworks",
				);
				HEADER_SEARCH_PATHS = "$(inherited)";
				INFOPLIST_FILE = "Advent of Code.xcodeproj/AOCTests_Info.plist";
				IPHONEOS_DEPLOYMENT_TARGET = 8.0;
				LD_RUNPATH_SEARCH_PATHS = "$(inherited) @loader_path/../Frameworks @loader_path/Frameworks";
				MACOSX_DEPLOYMENT_TARGET = 10.14;
				OTHER_CFLAGS = "$(inherited)";
				OTHER_LDFLAGS = "$(inherited)";
				OTHER_SWIFT_FLAGS = "$(inherited)";
				SWIFT_ACTIVE_COMPILATION_CONDITIONS = "$(inherited)";
				SWIFT_VERSION = 5.0;
				TARGET_NAME = AOCTests;
				TVOS_DEPLOYMENT_TARGET = 9.0;
				WATCHOS_DEPLOYMENT_TARGET = 2.0;
			};
			name = Debug;
		};
		OBJ_56 /* Release */ = {
			isa = XCBuildConfiguration;
			buildSettings = {
				CLANG_ENABLE_MODULES = YES;
				EMBEDDED_CONTENT_CONTAINS_SWIFT = YES;
				FRAMEWORK_SEARCH_PATHS = (
					"$(inherited)",
					"$(PLATFORM_DIR)/Developer/Library/Frameworks",
				);
				HEADER_SEARCH_PATHS = "$(inherited)";
				INFOPLIST_FILE = "Advent of Code.xcodeproj/AOCTests_Info.plist";
				IPHONEOS_DEPLOYMENT_TARGET = 8.0;
				LD_RUNPATH_SEARCH_PATHS = "$(inherited) @loader_path/../Frameworks @loader_path/Frameworks";
				MACOSX_DEPLOYMENT_TARGET = 10.14;
				OTHER_CFLAGS = "$(inherited)";
				OTHER_LDFLAGS = "$(inherited)";
				OTHER_SWIFT_FLAGS = "$(inherited)";
				SWIFT_ACTIVE_COMPILATION_CONDITIONS = "$(inherited)";
				SWIFT_VERSION = 5.0;
				TARGET_NAME = AOCTests;
				TVOS_DEPLOYMENT_TARGET = 9.0;
				WATCHOS_DEPLOYMENT_TARGET = 2.0;
			};
			name = Release;
		};
		OBJ_69 /* Debug */ = {
			isa = XCBuildConfiguration;
			buildSettings = {
				LD = /usr/bin/true;
				OTHER_SWIFT_FLAGS = "-swift-version 5 -I $(TOOLCHAIN_DIR)/usr/lib/swift/pm/4_2 -target x86_64-apple-macosx10.10 -sdk /Applications/Xcode.app/Contents/Developer/Platforms/MacOSX.platform/Developer/SDKs/MacOSX10.15.sdk -package-description-version 5.1";
				SWIFT_VERSION = 5.0;
			};
			name = Debug;
		};
		OBJ_70 /* Release */ = {
			isa = XCBuildConfiguration;
			buildSettings = {
				LD = /usr/bin/true;
				OTHER_SWIFT_FLAGS = "-swift-version 5 -I $(TOOLCHAIN_DIR)/usr/lib/swift/pm/4_2 -target x86_64-apple-macosx10.10 -sdk /Applications/Xcode.app/Contents/Developer/Platforms/MacOSX.platform/Developer/SDKs/MacOSX10.15.sdk -package-description-version 5.1";
				SWIFT_VERSION = 5.0;
			};
			name = Release;
		};
		OBJ_75 /* Debug */ = {
			isa = XCBuildConfiguration;
			buildSettings = {
			};
			name = Debug;
		};
		OBJ_76 /* Release */ = {
			isa = XCBuildConfiguration;
			buildSettings = {
			};
			name = Release;
		};
		OBJ_80 /* Debug */ = {
			isa = XCBuildConfiguration;
			buildSettings = {
				FRAMEWORK_SEARCH_PATHS = (
					"$(inherited)",
					"$(PLATFORM_DIR)/Developer/Library/Frameworks",
				);
				HEADER_SEARCH_PATHS = "$(inherited)";
				INFOPLIST_FILE = "Advent of Code.xcodeproj/trey_Info.plist";
				IPHONEOS_DEPLOYMENT_TARGET = 8.0;
				LD_RUNPATH_SEARCH_PATHS = "$(inherited) $(TOOLCHAIN_DIR)/usr/lib/swift/macosx @executable_path";
				MACOSX_DEPLOYMENT_TARGET = 10.14;
				OTHER_CFLAGS = "$(inherited)";
				OTHER_LDFLAGS = "$(inherited)";
				OTHER_SWIFT_FLAGS = "$(inherited)";
				SWIFT_ACTIVE_COMPILATION_CONDITIONS = "$(inherited)";
				SWIFT_FORCE_DYNAMIC_LINK_STDLIB = YES;
				SWIFT_FORCE_STATIC_LINK_STDLIB = NO;
				SWIFT_VERSION = 5.0;
				TARGET_NAME = trey;
				TVOS_DEPLOYMENT_TARGET = 9.0;
				WATCHOS_DEPLOYMENT_TARGET = 2.0;
			};
			name = Debug;
		};
		OBJ_81 /* Release */ = {
			isa = XCBuildConfiguration;
			buildSettings = {
				FRAMEWORK_SEARCH_PATHS = (
					"$(inherited)",
					"$(PLATFORM_DIR)/Developer/Library/Frameworks",
				);
				HEADER_SEARCH_PATHS = "$(inherited)";
				INFOPLIST_FILE = "Advent of Code.xcodeproj/trey_Info.plist";
				IPHONEOS_DEPLOYMENT_TARGET = 8.0;
				LD_RUNPATH_SEARCH_PATHS = "$(inherited) $(TOOLCHAIN_DIR)/usr/lib/swift/macosx @executable_path";
				MACOSX_DEPLOYMENT_TARGET = 10.14;
				OTHER_CFLAGS = "$(inherited)";
				OTHER_LDFLAGS = "$(inherited)";
				OTHER_SWIFT_FLAGS = "$(inherited)";
				SWIFT_ACTIVE_COMPILATION_CONDITIONS = "$(inherited)";
				SWIFT_FORCE_DYNAMIC_LINK_STDLIB = YES;
				SWIFT_FORCE_STATIC_LINK_STDLIB = NO;
				SWIFT_VERSION = 5.0;
				TARGET_NAME = trey;
				TVOS_DEPLOYMENT_TARGET = 9.0;
				WATCHOS_DEPLOYMENT_TARGET = 2.0;
			};
			name = Release;
		};
/* End XCBuildConfiguration section */

/* Begin XCConfigurationList section */
		0011CCC32575757700FF239C /* Build configuration list for PBXNativeTarget "AOC2020" */ = {
			isa = XCConfigurationList;
			buildConfigurations = (
				0011CCC42575757700FF239C /* Debug */,
				0011CCC52575757700FF239C /* Release */,
			);
			defaultConfigurationIsVisible = 0;
			defaultConfigurationName = Release;
		};
		00A1212C274FF05100F8B6A0 /* Build configuration list for PBXNativeTarget "AOC2021" */ = {
			isa = XCConfigurationList;
			buildConfigurations = (
				00A1212D274FF05100F8B6A0 /* Debug */,
				00A1212E274FF05100F8B6A0 /* Release */,
			);
			defaultConfigurationIsVisible = 0;
			defaultConfigurationName = Release;
		};
		00A1214F274FF09F00F8B6A0 /* Build configuration list for PBXNativeTarget "AOC2018" */ = {
			isa = XCConfigurationList;
			buildConfigurations = (
				00A12150274FF09F00F8B6A0 /* Debug */,
				00A12151274FF09F00F8B6A0 /* Release */,
			);
			defaultConfigurationIsVisible = 0;
			defaultConfigurationName = Release;
		};
		OBJ_2 /* Build configuration list for PBXProject "Advent of Code" */ = {
			isa = XCConfigurationList;
			buildConfigurations = (
				OBJ_3 /* Debug */,
				OBJ_4 /* Release */,
			);
			defaultConfigurationIsVisible = 0;
			defaultConfigurationName = Release;
		};
		OBJ_27 /* Build configuration list for PBXNativeTarget "AOC" */ = {
			isa = XCConfigurationList;
			buildConfigurations = (
				OBJ_28 /* Debug */,
				OBJ_29 /* Release */,
			);
			defaultConfigurationIsVisible = 0;
			defaultConfigurationName = Release;
		};
		OBJ_39 /* Build configuration list for PBXNativeTarget "AOC2019" */ = {
			isa = XCConfigurationList;
			buildConfigurations = (
				OBJ_40 /* Debug */,
				OBJ_41 /* Release */,
			);
			defaultConfigurationIsVisible = 0;
			defaultConfigurationName = Release;
		};
		OBJ_47 /* Build configuration list for PBXNativeTarget "AOCShared" */ = {
			isa = XCConfigurationList;
			buildConfigurations = (
				OBJ_48 /* Debug */,
				OBJ_49 /* Release */,
			);
			defaultConfigurationIsVisible = 0;
			defaultConfigurationName = Release;
		};
		OBJ_54 /* Build configuration list for PBXNativeTarget "AOCTests" */ = {
			isa = XCConfigurationList;
			buildConfigurations = (
				OBJ_55 /* Debug */,
				OBJ_56 /* Release */,
			);
			defaultConfigurationIsVisible = 0;
			defaultConfigurationName = Release;
		};
		OBJ_68 /* Build configuration list for PBXNativeTarget "Advent of CodePackageDescription" */ = {
			isa = XCConfigurationList;
			buildConfigurations = (
				OBJ_69 /* Debug */,
				OBJ_70 /* Release */,
			);
			defaultConfigurationIsVisible = 0;
			defaultConfigurationName = Release;
		};
		OBJ_74 /* Build configuration list for PBXAggregateTarget "Advent of CodePackageTests" */ = {
			isa = XCConfigurationList;
			buildConfigurations = (
				OBJ_75 /* Debug */,
				OBJ_76 /* Release */,
			);
			defaultConfigurationIsVisible = 0;
			defaultConfigurationName = Release;
		};
		OBJ_79 /* Build configuration list for PBXNativeTarget "trey" */ = {
			isa = XCConfigurationList;
			buildConfigurations = (
				OBJ_80 /* Debug */,
				OBJ_81 /* Release */,
			);
			defaultConfigurationIsVisible = 0;
			defaultConfigurationName = Release;
		};
/* End XCConfigurationList section */
	};
	rootObject = OBJ_1 /* Project object */;
}
